// !$*UTF8*$!
{
	archiveVersion = 1;
	classes = {
	};
	objectVersion = 46;
	objects = {
/* Begin PBXBuildFile section */
		0207DA581B56EA530066E2B4 /* Images.xcassets in Resources */ = {isa = PBXBuildFile; fileRef = 0207DA571B56EA530066E2B4 /* Images.xcassets */; };
		1D3623260D0F684500981E51 /* AppDelegate.m in Sources */ = {isa = PBXBuildFile; fileRef = 1D3623250D0F684500981E51 /* AppDelegate.m */; };
		1D60589B0D05DD56006BFB54 /* main.m in Sources */ = {isa = PBXBuildFile; fileRef = 29B97316FDCFA39411CA2CEA /* main.m */; };
		301BF552109A68D80062928A /* libCordova.a in Frameworks */ = {isa = PBXBuildFile; fileRef = 301BF535109A57CC0062928A /* libCordova.a */; };
		302D95F114D2391D003F00A1 /* MainViewController.m in Sources */ = {isa = PBXBuildFile; fileRef = 302D95EF14D2391D003F00A1 /* MainViewController.m */; };
		302D95F214D2391D003F00A1 /* MainViewController.xib in Resources */ = {isa = PBXBuildFile; fileRef = 302D95F014D2391D003F00A1 /* MainViewController.xib */; };
		3047A5121AB8059700498E2A /* build-debug.xcconfig in Resources */ = {isa = PBXBuildFile; fileRef = 3047A50F1AB8059700498E2A /* build-debug.xcconfig */; };
		3047A5131AB8059700498E2A /* build-release.xcconfig in Resources */ = {isa = PBXBuildFile; fileRef = 3047A5101AB8059700498E2A /* build-release.xcconfig */; };
		3047A5141AB8059700498E2A /* build.xcconfig in Resources */ = {isa = PBXBuildFile; fileRef = 3047A5111AB8059700498E2A /* build.xcconfig */; };
		6AFF5BF91D6E424B00AB3073 /* CDVLaunchScreen.storyboard in Resources */ = {isa = PBXBuildFile; fileRef = 6AFF5BF81D6E424B00AB3073 /* CDVLaunchScreen.storyboard */; };
		8495737535534A43B6D0DFCA /* CDVDevice.m in Sources */ = {isa = PBXBuildFile; fileRef = D050C35F92604B80BD3D97D8 /* CDVDevice.m */; };
		4F93B3169F4C42E7B4867B7A /* CDVFile.m in Sources */ = {isa = PBXBuildFile; fileRef = 408D70A003E64029948410D2 /* CDVFile.m */; };
		9CBEBE3270C1405F87C4F6B1 /* CDVLocalFilesystem.m in Sources */ = {isa = PBXBuildFile; fileRef = BD712F67B1034247BB8BFDAE /* CDVLocalFilesystem.m */; };
		1FED9BDB2EC7487EBDFC79BB /* CDVAssetLibraryFilesystem.m in Sources */ = {isa = PBXBuildFile; fileRef = D55075CC86FA4D7F8CC45B56 /* CDVAssetLibraryFilesystem.m */; };
		ABAD864A6F664383941B7B6A /* AppDelegate+FirebasePlugin.m in Sources */ = {isa = PBXBuildFile; fileRef = 304912A967704317AF4778A7 /* AppDelegate+FirebasePlugin.m */; };
		EB3B6D6CBDD944C1BF78F3D4 /* FirebasePlugin.m in Sources */ = {isa = PBXBuildFile; fileRef = 62EDAF85CF964D7DA98545A4 /* FirebasePlugin.m */; };
		25298259918E41B1AC03E98E /* GoogleService-Info.plist in Resources */ = {isa = PBXBuildFile; fileRef = 60DBC5285A7C446DBEE76275 /* GoogleService-Info.plist */; };
		1DFFAEFD54D44440956B851C /* Crashlytics.framework in Frameworks */ = {isa = PBXBuildFile; fileRef = 195A4ABFCEAB4A5493D60F45 /* Crashlytics.framework */; };
		C63F791ECFFA43C3954F740E /* Fabric.framework in Frameworks */ = {isa = PBXBuildFile; fileRef = 3246683FCCBD48F08D47F0D9 /* Fabric.framework */; };
		C1D60412871F456095363254 /* GoogleAppMeasurement.framework in Frameworks */ = {isa = PBXBuildFile; fileRef = CCD95E9440F94D778BD73F9F /* GoogleAppMeasurement.framework */; };
		BFF9BC6A03AB475C9218BCBE /* MeasurementNanoPB.framework in Frameworks */ = {isa = PBXBuildFile; fileRef = EAD0A0AB31FC47B0B1DECB81 /* MeasurementNanoPB.framework */; };
		B4451FC640B5481DA0D1BBC6 /* FirebaseCore.framework in Frameworks */ = {isa = PBXBuildFile; fileRef = 296141DC73574FC4A2099F81 /* FirebaseCore.framework */; };
		E3A0572AF3EE41749FB654F1 /* FirebaseAnalytics.framework in Frameworks */ = {isa = PBXBuildFile; fileRef = BE5A7332298C402F99277364 /* FirebaseAnalytics.framework */; };
		426322FEC9BB4C91B89B0680 /* nanopb.framework in Frameworks */ = {isa = PBXBuildFile; fileRef = 5319A3F13DD4446B86221AB1 /* nanopb.framework */; };
		B87BBF9F49BD440EAE3CABE8 /* FirebaseInstanceID.framework in Frameworks */ = {isa = PBXBuildFile; fileRef = A9CC7BE6D35546E0A8FF9491 /* FirebaseInstanceID.framework */; };
		67FF528B59CB48F3A9ADA5A9 /* FirebaseCoreDiagnostics.framework in Frameworks */ = {isa = PBXBuildFile; fileRef = B1B512BEE2F94DDEB001A64B /* FirebaseCoreDiagnostics.framework */; };
		F76F0AD3E60F4700B2EA7343 /* GTMSessionFetcher.framework in Frameworks */ = {isa = PBXBuildFile; fileRef = 3524406FA24147CFB9CF5FE9 /* GTMSessionFetcher.framework */; };
		3D2FF0452A49462DBCCC60EE /* FirebaseAuth.framework in Frameworks */ = {isa = PBXBuildFile; fileRef = 8863D641C75D4FCCA89BFA90 /* FirebaseAuth.framework */; };
		ACFC2705EF0B4A97A835E651 /* FirebaseMessaging.framework in Frameworks */ = {isa = PBXBuildFile; fileRef = 38609BF7D6A8417BB339C37E /* FirebaseMessaging.framework */; };
		C17227D7FFF54914A1142457 /* GoogleToolboxForMac.framework in Frameworks */ = {isa = PBXBuildFile; fileRef = 943B8622B1574510B575A1FF /* GoogleToolboxForMac.framework */; };
		CAFC6429D6CA420081DBA114 /* FirebasePerformance.framework in Frameworks */ = {isa = PBXBuildFile; fileRef = A440C1A832FF4DF8A530BF29 /* FirebasePerformance.framework */; };
		07797A9CB7D7431E905D0E48 /* Protobuf.framework in Frameworks */ = {isa = PBXBuildFile; fileRef = 036129147499433C9C3D7796 /* Protobuf.framework */; };
		9F6ECA23695F48E1AD456D17 /* FirebaseRemoteConfig.framework in Frameworks */ = {isa = PBXBuildFile; fileRef = 1BAE4AF7C85C449B8075655C /* FirebaseRemoteConfig.framework */; };
		E24BADD7414340ED959D5837 /* FirebaseABTesting.framework in Frameworks */ = {isa = PBXBuildFile; fileRef = 83732E9873FD4E32B2E99964 /* FirebaseABTesting.framework */; };
		5F77D6EDD1444F8FB3382FC2 /* SystemConfiguration.framework in Frameworks */ = {isa = PBXBuildFile; fileRef = 964C7B6B6DB94C4A9284C1D0 /* SystemConfiguration.framework */; settings = {ATTRIBUTES = (Weak, ); }; };
		CAC79230EBC940A89225338C /* CDVInAppBrowser.m in Sources */ = {isa = PBXBuildFile; fileRef = 1D7F4A88392A4D618CDE5D73 /* CDVInAppBrowser.m */; };
		01E6A622A18D4117AE762CC0 /* Insomnia.m in Sources */ = {isa = PBXBuildFile; fileRef = 3D2CAF2857B7411E80C85792 /* Insomnia.m */; };
		D66EC7421BCB417595D4791F /* CDVIonicKeyboard.m in Sources */ = {isa = PBXBuildFile; fileRef = 7795EE833FA84031A34B2C29 /* CDVIonicKeyboard.m */; };
		8FBD9010625D488F86614313 /* CDVWKWebViewEngine.m in Sources */ = {isa = PBXBuildFile; fileRef = 22B3C596800A4706A8D9FB68 /* CDVWKWebViewEngine.m */; };
		1E08030A75E2461D8D5FD69A /* CDVWKWebViewUIDelegate.m in Sources */ = {isa = PBXBuildFile; fileRef = 6C0B14BF87F14966BD18F553 /* CDVWKWebViewUIDelegate.m */; };
		A90DFD23FD9940ED9F755D77 /* CDVWKProcessPoolFactory.m in Sources */ = {isa = PBXBuildFile; fileRef = 0C33FCE8799A4165A00E3E63 /* CDVWKProcessPoolFactory.m */; };
		3B7F679F1349458088A20EE9 /* IONAssetHandler.m in Sources */ = {isa = PBXBuildFile; fileRef = 3492A55B1222438FA1C9F02E /* IONAssetHandler.m */; };
		D4923DBBA177424EA3BD768F /* WebKit.framework in Frameworks */ = {isa = PBXBuildFile; fileRef = 85781AF98D32449F83FC9C0E /* WebKit.framework */; settings = {ATTRIBUTES = (Weak, ); }; };
		980E54C095354381BA03E35F /* CDVConnection.m in Sources */ = {isa = PBXBuildFile; fileRef = E4E809109E504B4F9BC9BC25 /* CDVConnection.m */; };
		AA86325373CD4F9DB17CC4DB /* CDVReachability.m in Sources */ = {isa = PBXBuildFile; fileRef = 8B411B2A269D4507AD84D2C3 /* CDVReachability.m */; };
		ACF3011B8BF54D4ABB8CC53F /* CoreTelephony.framework in Frameworks */ = {isa = PBXBuildFile; fileRef = A043D6AD37F446EF82886F8F /* CoreTelephony.framework */; };
		6EC7154E9EB948388C6962E8 /* CDVSplashScreen.m in Sources */ = {isa = PBXBuildFile; fileRef = ACEEF426F07645A391464AD7 /* CDVSplashScreen.m */; };
		7DC467342E2C4BB6A97FC943 /* CDVViewController+SplashScreen.m in Sources */ = {isa = PBXBuildFile; fileRef = 0C70B429E35048E29C1D22A3 /* CDVViewController+SplashScreen.m */; };
		ABA197DC64DB43E0BD1EFA67 /* CDVStatusBar.m in Sources */ = {isa = PBXBuildFile; fileRef = 4A22FD14ED1A42E881AE9F1C /* CDVStatusBar.m */; };
		67568E2364A2465A9C17B78C /* CDVTTS.m in Sources */ = {isa = PBXBuildFile; fileRef = F0464A3F9EFE4461897E82FA /* CDVTTS.m */; };
		3175F9761A624984B7745A80 /* NSString+SSURLEncoding.m in Sources */ = {isa = PBXBuildFile; fileRef = 4CC594313F7B46C494DDEA0D /* NSString+SSURLEncoding.m */; };
		4BA3147C5AB04A10931C9DDD /* SocialSharing.m in Sources */ = {isa = PBXBuildFile; fileRef = BBB2441728BD40E5ACBE49D2 /* SocialSharing.m */; };
		678DDE6BAE3E4FEDB67D7D76 /* Social.framework in Frameworks */ = {isa = PBXBuildFile; fileRef = AA71B2359D7E415AB7B0CE6D /* Social.framework */; settings = {ATTRIBUTES = (Weak, ); }; };
		ED90D41E0DDD4845A4443EFF /* MessageUI.framework in Frameworks */ = {isa = PBXBuildFile; fileRef = 89BA25122AFC425CA54BCA1F /* MessageUI.framework */; settings = {ATTRIBUTES = (Weak, ); }; };
		0DC9FD1FBD3C4A8EBAE71CB0 /* UIImage+CropScaleOrientation.m in Sources */ = {isa = PBXBuildFile; fileRef = 86B64F8ABF89420BBAED5E49 /* UIImage+CropScaleOrientation.m */; };
		74E15D3689674B01ABFB0B69 /* CDVCamera.m in Sources */ = {isa = PBXBuildFile; fileRef = F0E069A42F5B41469E149673 /* CDVCamera.m */; };
		E950255E55AD4D3892D84CA4 /* CDVJpegHeaderWriter.m in Sources */ = {isa = PBXBuildFile; fileRef = 151CAABC1A5046B78B75519E /* CDVJpegHeaderWriter.m */; };
		490B442ECBBE400485CB969A /* ImageIO.framework in Frameworks */ = {isa = PBXBuildFile; fileRef = 19CB56814B87461F95453780 /* ImageIO.framework */; settings = {ATTRIBUTES = (Weak, ); }; };
		76A990E0175941508D75045C /* CoreLocation.framework in Frameworks */ = {isa = PBXBuildFile; fileRef = 35705B42844F417791BE8594 /* CoreLocation.framework */; };
		C080144999134EE8BA0C8A6A /* AVFoundation.framework in Frameworks */ = {isa = PBXBuildFile; fileRef = ACC00F1A6E1F4BEDAE83E122 /* AVFoundation.framework */; };
		A774CE9E27414B5FB048930C /* CTCrop.m in Sources */ = {isa = PBXBuildFile; fileRef = CF8A69D348134007A4644360 /* CTCrop.m */; };
		782266C23BFD4D8A820FC07B /* PECropRectView.m in Sources */ = {isa = PBXBuildFile; fileRef = DD57FF0AF98C4BF6B90321BC /* PECropRectView.m */; };
		EA29058285324E7CAB03F878 /* PECropView.m in Sources */ = {isa = PBXBuildFile; fileRef = E2E81068B1E346398CF6EAC5 /* PECropView.m */; };
		4A0B7102E9A2445A9FEC31B3 /* PECropViewController.m in Sources */ = {isa = PBXBuildFile; fileRef = 0441706F265843BBAF85A2F5 /* PECropViewController.m */; };
		2818EBA0E508496CAAD831CD /* PEResizeControl.m in Sources */ = {isa = PBXBuildFile; fileRef = B297BB9919FB42BB995C85E2 /* PEResizeControl.m */; };
		8C5F39786E4C4049AE837789 /* UIImage+PECrop.m in Sources */ = {isa = PBXBuildFile; fileRef = 38118D4ADE194A7E947432A0 /* UIImage+PECrop.m */; };
		4341CD0A71194EF6BA00A908 /* PEPhotoCropEditor.bundle in Resources */ = {isa = PBXBuildFile; fileRef = E911B88216214989ACFEFA37 /* PEPhotoCropEditor.bundle */; };
		1F47D7B5D5E9452686F11DFE /* QuartzCore.framework in Frameworks */ = {isa = PBXBuildFile; fileRef = F972E234E71D45AC99B2A95B /* QuartzCore.framework */; };
		2A6B6D743F754876B95C1442 /* CDVFileTransfer.m in Sources */ = {isa = PBXBuildFile; fileRef = 49E1F8EC603B49EBB18D578F /* CDVFileTransfer.m */; };
		D47FCB2DF49646DF9C591167 /* CDVOrientation.m in Sources */ = {isa = PBXBuildFile; fileRef = C9BFE4E956064935BBC73A61 /* CDVOrientation.m */; };
		4CACC06755C74955B72B149C /* APPBackgroundMode.m in Sources */ = {isa = PBXBuildFile; fileRef = 3FC5E85EF77840B0B6FBDFAF /* APPBackgroundMode.m */; };
		E06F89E317F04028B5E01340 /* APPMethodMagic.m in Sources */ = {isa = PBXBuildFile; fileRef = 26A53786C77D47D8A02BDB1F /* APPMethodMagic.m */; };
		8808A218BAAE4204B5CEC90E /* appbeep.wav in Resources */ = {isa = PBXBuildFile; fileRef = 0023883684774BD79E85B0E7 /* appbeep.wav */; };
		11AF8A77660848BAB080ABAF /* SOSPicker.m in Sources */ = {isa = PBXBuildFile; fileRef = BEAB3A6A3642426CB7297F96 /* SOSPicker.m */; };
		FCFC6A8B8C8145298A026043 /* UIImage+fixOrientation.m in Sources */ = {isa = PBXBuildFile; fileRef = 2B5A6ABFD29840A19D2E0F51 /* UIImage+fixOrientation.m */; };
		352E022681704446AD7E3CBB /* GMAlbumsViewCell.m in Sources */ = {isa = PBXBuildFile; fileRef = B4CC03879F5E4973A5320DBF /* GMAlbumsViewCell.m */; };
		41BBBDFB83AD4C428702AA6A /* GMAlbumsViewController.m in Sources */ = {isa = PBXBuildFile; fileRef = 7309656E7A3149B2A521BBB1 /* GMAlbumsViewController.m */; };
		D640268A4D36453C8550FDB2 /* GMFetchItem.m in Sources */ = {isa = PBXBuildFile; fileRef = F4B9B03DC1514684AD283DEE /* GMFetchItem.m */; };
		9D925B9423A946689F9ECFDA /* GMGridViewCell.m in Sources */ = {isa = PBXBuildFile; fileRef = 84579E3773694A758CBEBCEB /* GMGridViewCell.m */; };
		256B0AFF5A7B49DDB3749BDB /* GMGridViewController.m in Sources */ = {isa = PBXBuildFile; fileRef = 39EF49BCF8494AA5AF2D5E66 /* GMGridViewController.m */; };
		8D8914ED31C84050A915F26D /* GMImagePickerController.m in Sources */ = {isa = PBXBuildFile; fileRef = 4ECA8201026B49DCB9A8C2FE /* GMImagePickerController.m */; };
		4DB18470566E4C618D2A73AC /* PSYBlockTimer.m in Sources */ = {isa = PBXBuildFile; fileRef = 2EE17055FFFF40ABB6A67151 /* PSYBlockTimer.m */; };
		DB11B43B2CC84F719ADB643C /* GMPHAsset.m in Sources */ = {isa = PBXBuildFile; fileRef = 31AA086FB85D4C4286EE6422 /* GMPHAsset.m */; };
		040A35744A6B4A46855312ED /* GMEmptyFolder@1x.png in Resources */ = {isa = PBXBuildFile; fileRef = 213E9D1AFD184CF5927B36CB /* GMEmptyFolder@1x.png */; };
		E867D018F1AD4EBA8A8E8AB8 /* GMEmptyFolder@2x.png in Resources */ = {isa = PBXBuildFile; fileRef = 702269A7B5144D3FA614FC51 /* GMEmptyFolder@2x.png */; };
		DD0A03F59C374CD0BBF2AB8E /* GMSelected.png in Resources */ = {isa = PBXBuildFile; fileRef = 75B43A1CF8EB4EAA92303D1A /* GMSelected.png */; };
		B94459AEA54045BAA7E8D34A /* GMSelected@2x.png in Resources */ = {isa = PBXBuildFile; fileRef = EB3B0F919D2E4AB9AD5BB1B0 /* GMSelected@2x.png */; };
		5A82CD98C294485E90221916 /* GMVideoIcon.png in Resources */ = {isa = PBXBuildFile; fileRef = 13CE3CCB92DC45E4876815F6 /* GMVideoIcon.png */; };
		4D6114E90CA2424BBF69A347 /* GMVideoIcon@2x.png in Resources */ = {isa = PBXBuildFile; fileRef = 26BB6C03FC9C4A92BA6FC9C8 /* GMVideoIcon@2x.png */; };
		1B4284281E7E4F2C934045B9 /* ca.lproj in Resources */ = {isa = PBXBuildFile; fileRef = 3CEEF4223AD8486AAC62EA36 /* ca.lproj */; };
		8D8F45374DC547169987655E /* de.lproj in Resources */ = {isa = PBXBuildFile; fileRef = D3FABD59A6F44FC1B226015E /* de.lproj */; };
		113E02A0AB6A4C4FABE03746 /* en.lproj in Resources */ = {isa = PBXBuildFile; fileRef = A5DA6E5076CE4FCC8A3D8A8C /* en.lproj */; };
		BF7BADD7A4024FB8AC596761 /* es.lproj in Resources */ = {isa = PBXBuildFile; fileRef = C7729220AD5B487EAB3946C6 /* es.lproj */; };
		861B11EC18B441D7979AA1F4 /* fr.lproj in Resources */ = {isa = PBXBuildFile; fileRef = 1EA5C4705DDA42E8B6C64DFE /* fr.lproj */; };
		605CAADF893741C38870A900 /* it.lproj in Resources */ = {isa = PBXBuildFile; fileRef = 12A8643B97304B149A718778 /* it.lproj */; };
		A378CE5B055B4D7390BD12EA /* pt.lproj in Resources */ = {isa = PBXBuildFile; fileRef = 2461164D2C804F0D8EED26A5 /* pt.lproj */; };
		B79DB63DF1314857AF9B37B4 /* pl.lproj in Resources */ = {isa = PBXBuildFile; fileRef = 92DC019A67ED4CDA8130F300 /* pl.lproj */; };
		D36D3FBDD34644C48733607B /* zh-Hans.lproj in Resources */ = {isa = PBXBuildFile; fileRef = FF975C77E11F458AAD3B007B /* zh-Hans.lproj */; };
		951D850099D340D2B98D0968 /* Accelerate.framework in Frameworks */ = {isa = PBXBuildFile; fileRef = 69826D62EABF409D8778C2B0 /* Accelerate.framework */; };
		9081896844994405A90D2684 /* Security.framework in Frameworks */ = {isa = PBXBuildFile; fileRef = EB59B167DBC04CBCA85557FF /* Security.framework */; };
		26E7D1BD1E874D60B601509F /* Photos.framework in Frameworks */ = {isa = PBXBuildFile; fileRef = 6C2B02FBC25145AC86F30AEC /* Photos.framework */; };
/* End PBXBuildFile section */

/* Begin PBXContainerItemProxy section */
		301BF534109A57CC0062928A /* PBXContainerItemProxy */ = {
			isa = PBXContainerItemProxy;
			containerPortal = 301BF52D109A57CC0062928A /* CordovaLib.xcodeproj */;
			proxyType = 2;
			remoteGlobalIDString = D2AAC07E0554694100DB518D;
			remoteInfo = CordovaLib;
		};
		301BF550109A68C00062928A /* PBXContainerItemProxy */ = {
			isa = PBXContainerItemProxy;
			containerPortal = 301BF52D109A57CC0062928A /* CordovaLib.xcodeproj */;
			proxyType = 1;
			remoteGlobalIDString = D2AAC07D0554694100DB518D;
			remoteInfo = CordovaLib;
		};
/* End PBXContainerItemProxy section */

/* Begin PBXFileReference section */
		0207DA571B56EA530066E2B4 /* Images.xcassets */ = {isa = PBXFileReference; lastKnownFileType = folder.assetcatalog; name = Images.xcassets; path = "Fit Kannadiga/Images.xcassets"; sourceTree = SOURCE_ROOT; };
		1D3623240D0F684500981E51 /* AppDelegate.h */ = {isa = PBXFileReference; fileEncoding = 4; lastKnownFileType = sourcecode.c.h; path = AppDelegate.h; sourceTree = "<group>"; };
		1D3623250D0F684500981E51 /* AppDelegate.m */ = {isa = PBXFileReference; fileEncoding = 4; lastKnownFileType = sourcecode.c.objc; path = AppDelegate.m; sourceTree = "<group>"; };
		1D6058910D05DD3D006BFB54 /* Fit Kannadiga.app */ = {isa = PBXFileReference; explicitFileType = wrapper.application; includeInIndex = 0; path = "Fit Kannadiga.app"; sourceTree = BUILT_PRODUCTS_DIR; };
		29B97316FDCFA39411CA2CEA /* main.m */ = {isa = PBXFileReference; fileEncoding = 4; lastKnownFileType = sourcecode.c.objc; path = main.m; sourceTree = "<group>"; };
		301BF52D109A57CC0062928A /* CordovaLib.xcodeproj */ = {isa = PBXFileReference; lastKnownFileType = "wrapper.pb-project"; path = CordovaLib/CordovaLib.xcodeproj; sourceTree = "<group>"; };
		301BF56E109A69640062928A /* www */ = {isa = PBXFileReference; lastKnownFileType = folder; path = www; sourceTree = SOURCE_ROOT; };
		302D95EE14D2391D003F00A1 /* MainViewController.h */ = {isa = PBXFileReference; fileEncoding = 4; lastKnownFileType = sourcecode.c.h; path = MainViewController.h; sourceTree = "<group>"; };
		302D95EF14D2391D003F00A1 /* MainViewController.m */ = {isa = PBXFileReference; fileEncoding = 4; lastKnownFileType = sourcecode.c.objc; path = MainViewController.m; sourceTree = "<group>"; };
		302D95F014D2391D003F00A1 /* MainViewController.xib */ = {isa = PBXFileReference; fileEncoding = 4; lastKnownFileType = file.xib; path = MainViewController.xib; sourceTree = "<group>"; };
		3047A50F1AB8059700498E2A /* build-debug.xcconfig */ = {isa = PBXFileReference; fileEncoding = 4; lastKnownFileType = text.xcconfig; name = "build-debug.xcconfig"; path = cordova/build-debug.xcconfig; sourceTree = SOURCE_ROOT; };
		3047A5101AB8059700498E2A /* build-release.xcconfig */ = {isa = PBXFileReference; fileEncoding = 4; lastKnownFileType = text.xcconfig; name = "build-release.xcconfig"; path = cordova/build-release.xcconfig; sourceTree = SOURCE_ROOT; };
		3047A5111AB8059700498E2A /* build.xcconfig */ = {isa = PBXFileReference; fileEncoding = 4; lastKnownFileType = text.xcconfig; name = build.xcconfig; path = cordova/build.xcconfig; sourceTree = SOURCE_ROOT; };
		32CA4F630368D1EE00C91783 /* Fit Kannadiga-Prefix.pch */ = {isa = PBXFileReference; fileEncoding = 4; lastKnownFileType = sourcecode.c.h; path = "Fit Kannadiga-Prefix.pch"; sourceTree = "<group>"; };
		6AFF5BF81D6E424B00AB3073 /* CDVLaunchScreen.storyboard */ = {isa = PBXFileReference; fileEncoding = 4; lastKnownFileType = file.storyboard; name = CDVLaunchScreen.storyboard; path = "Fit Kannadiga/CDVLaunchScreen.storyboard"; sourceTree = SOURCE_ROOT; };
		8D1107310486CEB800E47090 /* Fit Kannadiga-Info.plist */ = {isa = PBXFileReference; fileEncoding = 4; lastKnownFileType = text.plist.xml; name = "Fit Kannadiga-Info.plist"; path = "Fit Kannadiga/Fit Kannadiga-Info.plist"; plistStructureDefinitionIdentifier = "com.apple.xcode.plist.structure-definition.iphone.info-plist"; sourceTree = SOURCE_ROOT; };
		EB87FDF31871DA8E0020F90C /* www */ = {isa = PBXFileReference; lastKnownFileType = folder; name = www; path = ../../www; sourceTree = "<group>"; };
		EB87FDF41871DAF40020F90C /* config.xml */ = {isa = PBXFileReference; lastKnownFileType = text.xml; name = config.xml; path = ../../config.xml; sourceTree = "<group>"; };
		F840E1F0165FE0F500CFE078 /* config.xml */ = {isa = PBXFileReference; lastKnownFileType = text.xml; name = config.xml; path = "Fit Kannadiga/config.xml"; sourceTree = "<group>"; };
		ED33DF2A687741AEAF9F8254 /* Bridging-Header.h */ = {isa = PBXFileReference; fileEncoding = 4; lastKnownFileType = sourcecode.c.h; name = "Bridging-Header.h"; path = "Bridging-Header.h"; sourceTree = "<group>"; };
		D050C35F92604B80BD3D97D8 /* CDVDevice.m */ = {isa = PBXFileReference; name = "CDVDevice.m"; path = "cordova-plugin-device/CDVDevice.m"; sourceTree = "<group>"; fileEncoding = 4; lastKnownFileType = sourcecode.c.objc; explicitFileType = undefined; includeInIndex = 0; };
		078940E4A1B94AFD9AC95BD9 /* CDVDevice.h */ = {isa = PBXFileReference; name = "CDVDevice.h"; path = "cordova-plugin-device/CDVDevice.h"; sourceTree = "<group>"; fileEncoding = 4; lastKnownFileType = sourcecode.c.h; explicitFileType = undefined; includeInIndex = 0; };
		408D70A003E64029948410D2 /* CDVFile.m */ = {isa = PBXFileReference; name = "CDVFile.m"; path = "cordova-plugin-file/CDVFile.m"; sourceTree = "<group>"; fileEncoding = 4; lastKnownFileType = sourcecode.c.objc; explicitFileType = undefined; includeInIndex = 0; };
		BD712F67B1034247BB8BFDAE /* CDVLocalFilesystem.m */ = {isa = PBXFileReference; name = "CDVLocalFilesystem.m"; path = "cordova-plugin-file/CDVLocalFilesystem.m"; sourceTree = "<group>"; fileEncoding = 4; lastKnownFileType = sourcecode.c.objc; explicitFileType = undefined; includeInIndex = 0; };
		D55075CC86FA4D7F8CC45B56 /* CDVAssetLibraryFilesystem.m */ = {isa = PBXFileReference; name = "CDVAssetLibraryFilesystem.m"; path = "cordova-plugin-file/CDVAssetLibraryFilesystem.m"; sourceTree = "<group>"; fileEncoding = 4; lastKnownFileType = sourcecode.c.objc; explicitFileType = undefined; includeInIndex = 0; };
		96688DD79AE44376A88F81D5 /* CDVFile.h */ = {isa = PBXFileReference; name = "CDVFile.h"; path = "cordova-plugin-file/CDVFile.h"; sourceTree = "<group>"; fileEncoding = 4; lastKnownFileType = sourcecode.c.h; explicitFileType = undefined; includeInIndex = 0; };
		5CF8DD78E85848DDBCBF0628 /* CDVLocalFilesystem.h */ = {isa = PBXFileReference; name = "CDVLocalFilesystem.h"; path = "cordova-plugin-file/CDVLocalFilesystem.h"; sourceTree = "<group>"; fileEncoding = 4; lastKnownFileType = sourcecode.c.h; explicitFileType = undefined; includeInIndex = 0; };
		E8DF7EA1FE174E6185EFE69D /* CDVAssetLibraryFilesystem.h */ = {isa = PBXFileReference; name = "CDVAssetLibraryFilesystem.h"; path = "cordova-plugin-file/CDVAssetLibraryFilesystem.h"; sourceTree = "<group>"; fileEncoding = 4; lastKnownFileType = sourcecode.c.h; explicitFileType = undefined; includeInIndex = 0; };
		304912A967704317AF4778A7 /* AppDelegate+FirebasePlugin.m */ = {isa = PBXFileReference; name = "AppDelegate+FirebasePlugin.m"; path = "cordova-plugin-firebase/AppDelegate+FirebasePlugin.m"; sourceTree = "<group>"; fileEncoding = 4; lastKnownFileType = sourcecode.c.objc; explicitFileType = undefined; includeInIndex = 0; };
		62EDAF85CF964D7DA98545A4 /* FirebasePlugin.m */ = {isa = PBXFileReference; name = "FirebasePlugin.m"; path = "cordova-plugin-firebase/FirebasePlugin.m"; sourceTree = "<group>"; fileEncoding = 4; lastKnownFileType = sourcecode.c.objc; explicitFileType = undefined; includeInIndex = 0; };
		5E66E85CA79647F480249A42 /* AppDelegate+FirebasePlugin.h */ = {isa = PBXFileReference; name = "AppDelegate+FirebasePlugin.h"; path = "cordova-plugin-firebase/AppDelegate+FirebasePlugin.h"; sourceTree = "<group>"; fileEncoding = 4; lastKnownFileType = sourcecode.c.h; explicitFileType = undefined; includeInIndex = 0; };
		A985E0238ECD44BEB2BE40D2 /* FirebasePlugin.h */ = {isa = PBXFileReference; name = "FirebasePlugin.h"; path = "cordova-plugin-firebase/FirebasePlugin.h"; sourceTree = "<group>"; fileEncoding = 4; lastKnownFileType = sourcecode.c.h; explicitFileType = undefined; includeInIndex = 0; };
		D15EC51F25394C8F89FFFECB /* Firebase.h */ = {isa = PBXFileReference; name = "Firebase.h"; path = "cordova-plugin-firebase/Firebase.h"; sourceTree = "<group>"; fileEncoding = 4; lastKnownFileType = sourcecode.c.h; explicitFileType = undefined; includeInIndex = 0; };
		60DBC5285A7C446DBEE76275 /* GoogleService-Info.plist */ = {isa = PBXFileReference; name = "GoogleService-Info.plist"; path = "GoogleService-Info.plist"; sourceTree = "<group>"; fileEncoding = 4; lastKnownFileType = text.plist.xml; explicitFileType = undefined; includeInIndex = 0; };
		195A4ABFCEAB4A5493D60F45 /* Crashlytics.framework */ = {isa = PBXFileReference; name = "Crashlytics.framework"; path = "Fit Kannadiga/Plugins/cordova-plugin-firebase/Crashlytics.framework"; sourceTree = "<group>"; fileEncoding = undefined; lastKnownFileType = wrapper.framework; explicitFileType = undefined; includeInIndex = 0; };
		3246683FCCBD48F08D47F0D9 /* Fabric.framework */ = {isa = PBXFileReference; name = "Fabric.framework"; path = "Fit Kannadiga/Plugins/cordova-plugin-firebase/Fabric.framework"; sourceTree = "<group>"; fileEncoding = undefined; lastKnownFileType = wrapper.framework; explicitFileType = undefined; includeInIndex = 0; };
		CCD95E9440F94D778BD73F9F /* GoogleAppMeasurement.framework */ = {isa = PBXFileReference; name = "GoogleAppMeasurement.framework"; path = "Fit Kannadiga/Plugins/cordova-plugin-firebase/GoogleAppMeasurement.framework"; sourceTree = "<group>"; fileEncoding = undefined; lastKnownFileType = wrapper.framework; explicitFileType = undefined; includeInIndex = 0; };
		EAD0A0AB31FC47B0B1DECB81 /* MeasurementNanoPB.framework */ = {isa = PBXFileReference; name = "MeasurementNanoPB.framework"; path = "Fit Kannadiga/Plugins/cordova-plugin-firebase/MeasurementNanoPB.framework"; sourceTree = "<group>"; fileEncoding = undefined; lastKnownFileType = wrapper.framework; explicitFileType = undefined; includeInIndex = 0; };
		296141DC73574FC4A2099F81 /* FirebaseCore.framework */ = {isa = PBXFileReference; name = "FirebaseCore.framework"; path = "Fit Kannadiga/Plugins/cordova-plugin-firebase/FirebaseCore.framework"; sourceTree = "<group>"; fileEncoding = undefined; lastKnownFileType = wrapper.framework; explicitFileType = undefined; includeInIndex = 0; };
		BE5A7332298C402F99277364 /* FirebaseAnalytics.framework */ = {isa = PBXFileReference; name = "FirebaseAnalytics.framework"; path = "Fit Kannadiga/Plugins/cordova-plugin-firebase/FirebaseAnalytics.framework"; sourceTree = "<group>"; fileEncoding = undefined; lastKnownFileType = wrapper.framework; explicitFileType = undefined; includeInIndex = 0; };
		5319A3F13DD4446B86221AB1 /* nanopb.framework */ = {isa = PBXFileReference; name = "nanopb.framework"; path = "Fit Kannadiga/Plugins/cordova-plugin-firebase/nanopb.framework"; sourceTree = "<group>"; fileEncoding = undefined; lastKnownFileType = wrapper.framework; explicitFileType = undefined; includeInIndex = 0; };
		A9CC7BE6D35546E0A8FF9491 /* FirebaseInstanceID.framework */ = {isa = PBXFileReference; name = "FirebaseInstanceID.framework"; path = "Fit Kannadiga/Plugins/cordova-plugin-firebase/FirebaseInstanceID.framework"; sourceTree = "<group>"; fileEncoding = undefined; lastKnownFileType = wrapper.framework; explicitFileType = undefined; includeInIndex = 0; };
		B1B512BEE2F94DDEB001A64B /* FirebaseCoreDiagnostics.framework */ = {isa = PBXFileReference; name = "FirebaseCoreDiagnostics.framework"; path = "Fit Kannadiga/Plugins/cordova-plugin-firebase/FirebaseCoreDiagnostics.framework"; sourceTree = "<group>"; fileEncoding = undefined; lastKnownFileType = wrapper.framework; explicitFileType = undefined; includeInIndex = 0; };
		3524406FA24147CFB9CF5FE9 /* GTMSessionFetcher.framework */ = {isa = PBXFileReference; name = "GTMSessionFetcher.framework"; path = "Fit Kannadiga/Plugins/cordova-plugin-firebase/GTMSessionFetcher.framework"; sourceTree = "<group>"; fileEncoding = undefined; lastKnownFileType = wrapper.framework; explicitFileType = undefined; includeInIndex = 0; };
		8863D641C75D4FCCA89BFA90 /* FirebaseAuth.framework */ = {isa = PBXFileReference; name = "FirebaseAuth.framework"; path = "Fit Kannadiga/Plugins/cordova-plugin-firebase/FirebaseAuth.framework"; sourceTree = "<group>"; fileEncoding = undefined; lastKnownFileType = wrapper.framework; explicitFileType = undefined; includeInIndex = 0; };
		38609BF7D6A8417BB339C37E /* FirebaseMessaging.framework */ = {isa = PBXFileReference; name = "FirebaseMessaging.framework"; path = "Fit Kannadiga/Plugins/cordova-plugin-firebase/FirebaseMessaging.framework"; sourceTree = "<group>"; fileEncoding = undefined; lastKnownFileType = wrapper.framework; explicitFileType = undefined; includeInIndex = 0; };
		943B8622B1574510B575A1FF /* GoogleToolboxForMac.framework */ = {isa = PBXFileReference; name = "GoogleToolboxForMac.framework"; path = "Fit Kannadiga/Plugins/cordova-plugin-firebase/GoogleToolboxForMac.framework"; sourceTree = "<group>"; fileEncoding = undefined; lastKnownFileType = wrapper.framework; explicitFileType = undefined; includeInIndex = 0; };
		A440C1A832FF4DF8A530BF29 /* FirebasePerformance.framework */ = {isa = PBXFileReference; name = "FirebasePerformance.framework"; path = "Fit Kannadiga/Plugins/cordova-plugin-firebase/FirebasePerformance.framework"; sourceTree = "<group>"; fileEncoding = undefined; lastKnownFileType = wrapper.framework; explicitFileType = undefined; includeInIndex = 0; };
		036129147499433C9C3D7796 /* Protobuf.framework */ = {isa = PBXFileReference; name = "Protobuf.framework"; path = "Fit Kannadiga/Plugins/cordova-plugin-firebase/Protobuf.framework"; sourceTree = "<group>"; fileEncoding = undefined; lastKnownFileType = wrapper.framework; explicitFileType = undefined; includeInIndex = 0; };
		1BAE4AF7C85C449B8075655C /* FirebaseRemoteConfig.framework */ = {isa = PBXFileReference; name = "FirebaseRemoteConfig.framework"; path = "Fit Kannadiga/Plugins/cordova-plugin-firebase/FirebaseRemoteConfig.framework"; sourceTree = "<group>"; fileEncoding = undefined; lastKnownFileType = wrapper.framework; explicitFileType = undefined; includeInIndex = 0; };
		83732E9873FD4E32B2E99964 /* FirebaseABTesting.framework */ = {isa = PBXFileReference; name = "FirebaseABTesting.framework"; path = "Fit Kannadiga/Plugins/cordova-plugin-firebase/FirebaseABTesting.framework"; sourceTree = "<group>"; fileEncoding = undefined; lastKnownFileType = wrapper.framework; explicitFileType = undefined; includeInIndex = 0; };
		84A584C6DA804476A690309C /* GoogleUtilities.framework */ = {isa = PBXFileReference; name = "GoogleUtilities.framework"; path = "Fit Kannadiga/Plugins/cordova-plugin-googleplus/GoogleUtilities.framework"; sourceTree = "<group>"; fileEncoding = undefined; lastKnownFileType = wrapper.framework; explicitFileType = undefined; includeInIndex = 0; };
		964C7B6B6DB94C4A9284C1D0 /* SystemConfiguration.framework */ = {isa = PBXFileReference; name = "SystemConfiguration.framework"; path = "System/Library/Frameworks/SystemConfiguration.framework"; sourceTree = SDKROOT; fileEncoding = undefined; lastKnownFileType = wrapper.framework; explicitFileType = undefined; includeInIndex = 0; };
		1D7F4A88392A4D618CDE5D73 /* CDVInAppBrowser.m */ = {isa = PBXFileReference; name = "CDVInAppBrowser.m"; path = "cordova-plugin-inappbrowser/CDVInAppBrowser.m"; sourceTree = "<group>"; fileEncoding = 4; lastKnownFileType = sourcecode.c.objc; explicitFileType = undefined; includeInIndex = 0; };
		538AFB63A9F14F149E0E2CF6 /* CDVInAppBrowser.h */ = {isa = PBXFileReference; name = "CDVInAppBrowser.h"; path = "cordova-plugin-inappbrowser/CDVInAppBrowser.h"; sourceTree = "<group>"; fileEncoding = 4; lastKnownFileType = sourcecode.c.h; explicitFileType = undefined; includeInIndex = 0; };
		3D2CAF2857B7411E80C85792 /* Insomnia.m */ = {isa = PBXFileReference; name = "Insomnia.m"; path = "cordova-plugin-insomnia/Insomnia.m"; sourceTree = "<group>"; fileEncoding = 4; lastKnownFileType = sourcecode.c.objc; explicitFileType = undefined; includeInIndex = 0; };
		7179557FBAD445ED957A5DC7 /* Insomnia.h */ = {isa = PBXFileReference; name = "Insomnia.h"; path = "cordova-plugin-insomnia/Insomnia.h"; sourceTree = "<group>"; fileEncoding = 4; lastKnownFileType = sourcecode.c.h; explicitFileType = undefined; includeInIndex = 0; };
		7795EE833FA84031A34B2C29 /* CDVIonicKeyboard.m */ = {isa = PBXFileReference; name = "CDVIonicKeyboard.m"; path = "cordova-plugin-ionic-keyboard/CDVIonicKeyboard.m"; sourceTree = "<group>"; fileEncoding = 4; lastKnownFileType = sourcecode.c.objc; explicitFileType = undefined; includeInIndex = 0; };
		8781FA2B62C74289AED4C6E4 /* CDVIonicKeyboard.h */ = {isa = PBXFileReference; name = "CDVIonicKeyboard.h"; path = "cordova-plugin-ionic-keyboard/CDVIonicKeyboard.h"; sourceTree = "<group>"; fileEncoding = 4; lastKnownFileType = sourcecode.c.h; explicitFileType = undefined; includeInIndex = 0; };
		22B3C596800A4706A8D9FB68 /* CDVWKWebViewEngine.m */ = {isa = PBXFileReference; name = "CDVWKWebViewEngine.m"; path = "cordova-plugin-ionic-webview/CDVWKWebViewEngine.m"; sourceTree = "<group>"; fileEncoding = 4; lastKnownFileType = sourcecode.c.objc; explicitFileType = undefined; includeInIndex = 0; };
		6C0B14BF87F14966BD18F553 /* CDVWKWebViewUIDelegate.m */ = {isa = PBXFileReference; name = "CDVWKWebViewUIDelegate.m"; path = "cordova-plugin-ionic-webview/CDVWKWebViewUIDelegate.m"; sourceTree = "<group>"; fileEncoding = 4; lastKnownFileType = sourcecode.c.objc; explicitFileType = undefined; includeInIndex = 0; };
		0C33FCE8799A4165A00E3E63 /* CDVWKProcessPoolFactory.m */ = {isa = PBXFileReference; name = "CDVWKProcessPoolFactory.m"; path = "cordova-plugin-ionic-webview/CDVWKProcessPoolFactory.m"; sourceTree = "<group>"; fileEncoding = 4; lastKnownFileType = sourcecode.c.objc; explicitFileType = undefined; includeInIndex = 0; };
		3492A55B1222438FA1C9F02E /* IONAssetHandler.m */ = {isa = PBXFileReference; name = "IONAssetHandler.m"; path = "cordova-plugin-ionic-webview/IONAssetHandler.m"; sourceTree = "<group>"; fileEncoding = 4; lastKnownFileType = sourcecode.c.objc; explicitFileType = undefined; includeInIndex = 0; };
		477611DCF34B415EBD370816 /* CDVWKWebViewEngine.h */ = {isa = PBXFileReference; name = "CDVWKWebViewEngine.h"; path = "cordova-plugin-ionic-webview/CDVWKWebViewEngine.h"; sourceTree = "<group>"; fileEncoding = 4; lastKnownFileType = sourcecode.c.h; explicitFileType = undefined; includeInIndex = 0; };
		1529CFEB774E455D829C89A2 /* CDVWKWebViewUIDelegate.h */ = {isa = PBXFileReference; name = "CDVWKWebViewUIDelegate.h"; path = "cordova-plugin-ionic-webview/CDVWKWebViewUIDelegate.h"; sourceTree = "<group>"; fileEncoding = 4; lastKnownFileType = sourcecode.c.h; explicitFileType = undefined; includeInIndex = 0; };
		D8CE9A57F11548C98DA78B86 /* CDVWKProcessPoolFactory.h */ = {isa = PBXFileReference; name = "CDVWKProcessPoolFactory.h"; path = "cordova-plugin-ionic-webview/CDVWKProcessPoolFactory.h"; sourceTree = "<group>"; fileEncoding = 4; lastKnownFileType = sourcecode.c.h; explicitFileType = undefined; includeInIndex = 0; };
		BBCBD679DD5340A9B62DF462 /* IONAssetHandler.h */ = {isa = PBXFileReference; name = "IONAssetHandler.h"; path = "cordova-plugin-ionic-webview/IONAssetHandler.h"; sourceTree = "<group>"; fileEncoding = 4; lastKnownFileType = sourcecode.c.h; explicitFileType = undefined; includeInIndex = 0; };
		85781AF98D32449F83FC9C0E /* WebKit.framework */ = {isa = PBXFileReference; name = "WebKit.framework"; path = "System/Library/Frameworks/WebKit.framework"; sourceTree = SDKROOT; fileEncoding = undefined; lastKnownFileType = wrapper.framework; explicitFileType = undefined; includeInIndex = 0; };
		E4E809109E504B4F9BC9BC25 /* CDVConnection.m */ = {isa = PBXFileReference; name = "CDVConnection.m"; path = "cordova-plugin-network-information/CDVConnection.m"; sourceTree = "<group>"; fileEncoding = 4; lastKnownFileType = sourcecode.c.objc; explicitFileType = undefined; includeInIndex = 0; };
		8B411B2A269D4507AD84D2C3 /* CDVReachability.m */ = {isa = PBXFileReference; name = "CDVReachability.m"; path = "cordova-plugin-network-information/CDVReachability.m"; sourceTree = "<group>"; fileEncoding = 4; lastKnownFileType = sourcecode.c.objc; explicitFileType = undefined; includeInIndex = 0; };
		09B7EB30C6BB45C78F4A0863 /* CDVConnection.h */ = {isa = PBXFileReference; name = "CDVConnection.h"; path = "cordova-plugin-network-information/CDVConnection.h"; sourceTree = "<group>"; fileEncoding = 4; lastKnownFileType = sourcecode.c.h; explicitFileType = undefined; includeInIndex = 0; };
		4F2A72535B0B4BCB82C055EA /* CDVReachability.h */ = {isa = PBXFileReference; name = "CDVReachability.h"; path = "cordova-plugin-network-information/CDVReachability.h"; sourceTree = "<group>"; fileEncoding = 4; lastKnownFileType = sourcecode.c.h; explicitFileType = undefined; includeInIndex = 0; };
		A043D6AD37F446EF82886F8F /* CoreTelephony.framework */ = {isa = PBXFileReference; name = "CoreTelephony.framework"; path = "System/Library/Frameworks/CoreTelephony.framework"; sourceTree = SDKROOT; fileEncoding = undefined; lastKnownFileType = wrapper.framework; explicitFileType = undefined; includeInIndex = 0; };
		ACEEF426F07645A391464AD7 /* CDVSplashScreen.m */ = {isa = PBXFileReference; name = "CDVSplashScreen.m"; path = "cordova-plugin-splashscreen/CDVSplashScreen.m"; sourceTree = "<group>"; fileEncoding = 4; lastKnownFileType = sourcecode.c.objc; explicitFileType = undefined; includeInIndex = 0; };
		0C70B429E35048E29C1D22A3 /* CDVViewController+SplashScreen.m */ = {isa = PBXFileReference; name = "CDVViewController+SplashScreen.m"; path = "cordova-plugin-splashscreen/CDVViewController+SplashScreen.m"; sourceTree = "<group>"; fileEncoding = 4; lastKnownFileType = sourcecode.c.objc; explicitFileType = undefined; includeInIndex = 0; };
		312AAA78F4A84A69AEF09C1F /* CDVSplashScreen.h */ = {isa = PBXFileReference; name = "CDVSplashScreen.h"; path = "cordova-plugin-splashscreen/CDVSplashScreen.h"; sourceTree = "<group>"; fileEncoding = 4; lastKnownFileType = sourcecode.c.h; explicitFileType = undefined; includeInIndex = 0; };
		DD1A3C99FE4C4478B3AAD00E /* CDVViewController+SplashScreen.h */ = {isa = PBXFileReference; name = "CDVViewController+SplashScreen.h"; path = "cordova-plugin-splashscreen/CDVViewController+SplashScreen.h"; sourceTree = "<group>"; fileEncoding = 4; lastKnownFileType = sourcecode.c.h; explicitFileType = undefined; includeInIndex = 0; };
		4A22FD14ED1A42E881AE9F1C /* CDVStatusBar.m */ = {isa = PBXFileReference; name = "CDVStatusBar.m"; path = "cordova-plugin-statusbar/CDVStatusBar.m"; sourceTree = "<group>"; fileEncoding = 4; lastKnownFileType = sourcecode.c.objc; explicitFileType = undefined; includeInIndex = 0; };
		B08B47932E1042E8B3216EF0 /* CDVStatusBar.h */ = {isa = PBXFileReference; name = "CDVStatusBar.h"; path = "cordova-plugin-statusbar/CDVStatusBar.h"; sourceTree = "<group>"; fileEncoding = 4; lastKnownFileType = sourcecode.c.h; explicitFileType = undefined; includeInIndex = 0; };
		F0464A3F9EFE4461897E82FA /* CDVTTS.m */ = {isa = PBXFileReference; name = "CDVTTS.m"; path = "cordova-plugin-tts/CDVTTS.m"; sourceTree = "<group>"; fileEncoding = 4; lastKnownFileType = sourcecode.c.objc; explicitFileType = undefined; includeInIndex = 0; };
		A8D6CF66CE594DA9BF34DE04 /* CDVTTS.h */ = {isa = PBXFileReference; name = "CDVTTS.h"; path = "cordova-plugin-tts/CDVTTS.h"; sourceTree = "<group>"; fileEncoding = 4; lastKnownFileType = sourcecode.c.h; explicitFileType = undefined; includeInIndex = 0; };
		4CC594313F7B46C494DDEA0D /* NSString+SSURLEncoding.m */ = {isa = PBXFileReference; name = "NSString+SSURLEncoding.m"; path = "cordova-plugin-x-socialsharing/NSString+SSURLEncoding.m"; sourceTree = "<group>"; fileEncoding = 4; lastKnownFileType = sourcecode.c.objc; explicitFileType = undefined; includeInIndex = 0; };
		BBB2441728BD40E5ACBE49D2 /* SocialSharing.m */ = {isa = PBXFileReference; name = "SocialSharing.m"; path = "cordova-plugin-x-socialsharing/SocialSharing.m"; sourceTree = "<group>"; fileEncoding = 4; lastKnownFileType = sourcecode.c.objc; explicitFileType = undefined; includeInIndex = 0; };
		7110CC09FE1F4A0A96D58A89 /* NSString+SSURLEncoding.h */ = {isa = PBXFileReference; name = "NSString+SSURLEncoding.h"; path = "cordova-plugin-x-socialsharing/NSString+SSURLEncoding.h"; sourceTree = "<group>"; fileEncoding = 4; lastKnownFileType = sourcecode.c.h; explicitFileType = undefined; includeInIndex = 0; };
		D94EA21F208A42F097C55283 /* SocialSharing.h */ = {isa = PBXFileReference; name = "SocialSharing.h"; path = "cordova-plugin-x-socialsharing/SocialSharing.h"; sourceTree = "<group>"; fileEncoding = 4; lastKnownFileType = sourcecode.c.h; explicitFileType = undefined; includeInIndex = 0; };
		AA71B2359D7E415AB7B0CE6D /* Social.framework */ = {isa = PBXFileReference; name = "Social.framework"; path = "System/Library/Frameworks/Social.framework"; sourceTree = SDKROOT; fileEncoding = undefined; lastKnownFileType = wrapper.framework; explicitFileType = undefined; includeInIndex = 0; };
		89BA25122AFC425CA54BCA1F /* MessageUI.framework */ = {isa = PBXFileReference; name = "MessageUI.framework"; path = "System/Library/Frameworks/MessageUI.framework"; sourceTree = SDKROOT; fileEncoding = undefined; lastKnownFileType = wrapper.framework; explicitFileType = undefined; includeInIndex = 0; };
		86B64F8ABF89420BBAED5E49 /* UIImage+CropScaleOrientation.m */ = {isa = PBXFileReference; name = "UIImage+CropScaleOrientation.m"; path = "cordova-plugin-camera/UIImage+CropScaleOrientation.m"; sourceTree = "<group>"; fileEncoding = 4; lastKnownFileType = sourcecode.c.objc; explicitFileType = undefined; includeInIndex = 0; };
		F0E069A42F5B41469E149673 /* CDVCamera.m */ = {isa = PBXFileReference; name = "CDVCamera.m"; path = "cordova-plugin-camera/CDVCamera.m"; sourceTree = "<group>"; fileEncoding = 4; lastKnownFileType = sourcecode.c.objc; explicitFileType = undefined; includeInIndex = 0; };
		151CAABC1A5046B78B75519E /* CDVJpegHeaderWriter.m */ = {isa = PBXFileReference; name = "CDVJpegHeaderWriter.m"; path = "cordova-plugin-camera/CDVJpegHeaderWriter.m"; sourceTree = "<group>"; fileEncoding = 4; lastKnownFileType = sourcecode.c.objc; explicitFileType = undefined; includeInIndex = 0; };
		078E9864F19C4410854BCCEE /* UIImage+CropScaleOrientation.h */ = {isa = PBXFileReference; name = "UIImage+CropScaleOrientation.h"; path = "cordova-plugin-camera/UIImage+CropScaleOrientation.h"; sourceTree = "<group>"; fileEncoding = 4; lastKnownFileType = sourcecode.c.h; explicitFileType = undefined; includeInIndex = 0; };
		91982E61D3E84B3E86EB89E4 /* CDVCamera.h */ = {isa = PBXFileReference; name = "CDVCamera.h"; path = "cordova-plugin-camera/CDVCamera.h"; sourceTree = "<group>"; fileEncoding = 4; lastKnownFileType = sourcecode.c.h; explicitFileType = undefined; includeInIndex = 0; };
		C563461A9CFA4F87B703D6C1 /* CDVJpegHeaderWriter.h */ = {isa = PBXFileReference; name = "CDVJpegHeaderWriter.h"; path = "cordova-plugin-camera/CDVJpegHeaderWriter.h"; sourceTree = "<group>"; fileEncoding = 4; lastKnownFileType = sourcecode.c.h; explicitFileType = undefined; includeInIndex = 0; };
		F35E8DFFB48745F9A41767EA /* CDVExif.h */ = {isa = PBXFileReference; name = "CDVExif.h"; path = "cordova-plugin-camera/CDVExif.h"; sourceTree = "<group>"; fileEncoding = 4; lastKnownFileType = sourcecode.c.h; explicitFileType = undefined; includeInIndex = 0; };
		19CB56814B87461F95453780 /* ImageIO.framework */ = {isa = PBXFileReference; name = "ImageIO.framework"; path = "System/Library/Frameworks/ImageIO.framework"; sourceTree = SDKROOT; fileEncoding = undefined; lastKnownFileType = wrapper.framework; explicitFileType = undefined; includeInIndex = 0; };
		35705B42844F417791BE8594 /* CoreLocation.framework */ = {isa = PBXFileReference; name = "CoreLocation.framework"; path = "System/Library/Frameworks/CoreLocation.framework"; sourceTree = SDKROOT; fileEncoding = undefined; lastKnownFileType = wrapper.framework; explicitFileType = undefined; includeInIndex = 0; };
		ACC00F1A6E1F4BEDAE83E122 /* AVFoundation.framework */ = {isa = PBXFileReference; name = "AVFoundation.framework"; path = "System/Library/Frameworks/AVFoundation.framework"; sourceTree = SDKROOT; fileEncoding = undefined; lastKnownFileType = wrapper.framework; explicitFileType = undefined; includeInIndex = 0; };
		CF8A69D348134007A4644360 /* CTCrop.m */ = {isa = PBXFileReference; name = "CTCrop.m"; path = "cordova-plugin-crop/CTCrop.m"; sourceTree = "<group>"; fileEncoding = 4; lastKnownFileType = sourcecode.c.objc; explicitFileType = undefined; includeInIndex = 0; };
		DD57FF0AF98C4BF6B90321BC /* PECropRectView.m */ = {isa = PBXFileReference; name = "PECropRectView.m"; path = "cordova-plugin-crop/PECropRectView.m"; sourceTree = "<group>"; fileEncoding = 4; lastKnownFileType = sourcecode.c.objc; explicitFileType = undefined; includeInIndex = 0; };
		E2E81068B1E346398CF6EAC5 /* PECropView.m */ = {isa = PBXFileReference; name = "PECropView.m"; path = "cordova-plugin-crop/PECropView.m"; sourceTree = "<group>"; fileEncoding = 4; lastKnownFileType = sourcecode.c.objc; explicitFileType = undefined; includeInIndex = 0; };
		0441706F265843BBAF85A2F5 /* PECropViewController.m */ = {isa = PBXFileReference; name = "PECropViewController.m"; path = "cordova-plugin-crop/PECropViewController.m"; sourceTree = "<group>"; fileEncoding = 4; lastKnownFileType = sourcecode.c.objc; explicitFileType = undefined; includeInIndex = 0; };
		B297BB9919FB42BB995C85E2 /* PEResizeControl.m */ = {isa = PBXFileReference; name = "PEResizeControl.m"; path = "cordova-plugin-crop/PEResizeControl.m"; sourceTree = "<group>"; fileEncoding = 4; lastKnownFileType = sourcecode.c.objc; explicitFileType = undefined; includeInIndex = 0; };
		38118D4ADE194A7E947432A0 /* UIImage+PECrop.m */ = {isa = PBXFileReference; name = "UIImage+PECrop.m"; path = "cordova-plugin-crop/UIImage+PECrop.m"; sourceTree = "<group>"; fileEncoding = 4; lastKnownFileType = sourcecode.c.objc; explicitFileType = undefined; includeInIndex = 0; };
		AD72E2E256414AAA894498FE /* CTCrop.h */ = {isa = PBXFileReference; name = "CTCrop.h"; path = "cordova-plugin-crop/CTCrop.h"; sourceTree = "<group>"; fileEncoding = 4; lastKnownFileType = sourcecode.c.h; explicitFileType = undefined; includeInIndex = 0; };
		3D9295D96587469EB963FA52 /* PECropRectView.h */ = {isa = PBXFileReference; name = "PECropRectView.h"; path = "cordova-plugin-crop/PECropRectView.h"; sourceTree = "<group>"; fileEncoding = 4; lastKnownFileType = sourcecode.c.h; explicitFileType = undefined; includeInIndex = 0; };
		010498008A844ED383A9DDDB /* PECropView.h */ = {isa = PBXFileReference; name = "PECropView.h"; path = "cordova-plugin-crop/PECropView.h"; sourceTree = "<group>"; fileEncoding = 4; lastKnownFileType = sourcecode.c.h; explicitFileType = undefined; includeInIndex = 0; };
		8880FBF1824E47D38C3F58C3 /* PECropViewController.h */ = {isa = PBXFileReference; name = "PECropViewController.h"; path = "cordova-plugin-crop/PECropViewController.h"; sourceTree = "<group>"; fileEncoding = 4; lastKnownFileType = sourcecode.c.h; explicitFileType = undefined; includeInIndex = 0; };
		17D04D8ADDC148578459D2D5 /* PEResizeControl.h */ = {isa = PBXFileReference; name = "PEResizeControl.h"; path = "cordova-plugin-crop/PEResizeControl.h"; sourceTree = "<group>"; fileEncoding = 4; lastKnownFileType = sourcecode.c.h; explicitFileType = undefined; includeInIndex = 0; };
		49AD240653AB4FA69CFA73C6 /* UIImage+PECrop.h */ = {isa = PBXFileReference; name = "UIImage+PECrop.h"; path = "cordova-plugin-crop/UIImage+PECrop.h"; sourceTree = "<group>"; fileEncoding = 4; lastKnownFileType = sourcecode.c.h; explicitFileType = undefined; includeInIndex = 0; };
		E911B88216214989ACFEFA37 /* PEPhotoCropEditor.bundle */ = {isa = PBXFileReference; name = "PEPhotoCropEditor.bundle"; path = "PEPhotoCropEditor.bundle"; sourceTree = "<group>"; fileEncoding = undefined; lastKnownFileType = wrapper.plug-in; explicitFileType = undefined; includeInIndex = 0; };
		F972E234E71D45AC99B2A95B /* QuartzCore.framework */ = {isa = PBXFileReference; name = "QuartzCore.framework"; path = "System/Library/Frameworks/QuartzCore.framework"; sourceTree = SDKROOT; fileEncoding = undefined; lastKnownFileType = wrapper.framework; explicitFileType = undefined; includeInIndex = 0; };
		49E1F8EC603B49EBB18D578F /* CDVFileTransfer.m */ = {isa = PBXFileReference; name = "CDVFileTransfer.m"; path = "cordova-plugin-file-transfer/CDVFileTransfer.m"; sourceTree = "<group>"; fileEncoding = 4; lastKnownFileType = sourcecode.c.objc; explicitFileType = undefined; includeInIndex = 0; };
		8F528EF72D404C7E92A4094B /* CDVFileTransfer.h */ = {isa = PBXFileReference; name = "CDVFileTransfer.h"; path = "cordova-plugin-file-transfer/CDVFileTransfer.h"; sourceTree = "<group>"; fileEncoding = 4; lastKnownFileType = sourcecode.c.h; explicitFileType = undefined; includeInIndex = 0; };
		C9BFE4E956064935BBC73A61 /* CDVOrientation.m */ = {isa = PBXFileReference; name = "CDVOrientation.m"; path = "cordova-plugin-screen-orientation/CDVOrientation.m"; sourceTree = "<group>"; fileEncoding = 4; lastKnownFileType = sourcecode.c.objc; explicitFileType = undefined; includeInIndex = 0; };
		4BF1FE69BD0D4221BD53E882 /* CDVOrientation.h */ = {isa = PBXFileReference; name = "CDVOrientation.h"; path = "cordova-plugin-screen-orientation/CDVOrientation.h"; sourceTree = "<group>"; fileEncoding = 4; lastKnownFileType = sourcecode.c.h; explicitFileType = undefined; includeInIndex = 0; };
		3FC5E85EF77840B0B6FBDFAF /* APPBackgroundMode.m */ = {isa = PBXFileReference; name = "APPBackgroundMode.m"; path = "cordova-plugin-background-mode/APPBackgroundMode.m"; sourceTree = "<group>"; fileEncoding = 4; lastKnownFileType = sourcecode.c.objc; explicitFileType = undefined; includeInIndex = 0; };
		26A53786C77D47D8A02BDB1F /* APPMethodMagic.m */ = {isa = PBXFileReference; name = "APPMethodMagic.m"; path = "cordova-plugin-background-mode/APPMethodMagic.m"; sourceTree = "<group>"; fileEncoding = 4; lastKnownFileType = sourcecode.c.objc; explicitFileType = undefined; includeInIndex = 0; };
		A885B971C15D4F37849F250D /* APPBackgroundMode.h */ = {isa = PBXFileReference; name = "APPBackgroundMode.h"; path = "cordova-plugin-background-mode/APPBackgroundMode.h"; sourceTree = "<group>"; fileEncoding = 4; lastKnownFileType = sourcecode.c.h; explicitFileType = undefined; includeInIndex = 0; };
		C0DC5FF3DF344017A0A93770 /* APPMethodMagic.h */ = {isa = PBXFileReference; name = "APPMethodMagic.h"; path = "cordova-plugin-background-mode/APPMethodMagic.h"; sourceTree = "<group>"; fileEncoding = 4; lastKnownFileType = sourcecode.c.h; explicitFileType = undefined; includeInIndex = 0; };
		0023883684774BD79E85B0E7 /* appbeep.wav */ = {isa = PBXFileReference; name = "appbeep.wav"; path = "appbeep.wav"; sourceTree = "<group>"; fileEncoding = undefined; lastKnownFileType = unknown; explicitFileType = undefined; includeInIndex = 0; };
		BEAB3A6A3642426CB7297F96 /* SOSPicker.m */ = {isa = PBXFileReference; name = "SOSPicker.m"; path = "cordova-plugin-telerik-imagepicker/SOSPicker.m"; sourceTree = "<group>"; fileEncoding = 4; lastKnownFileType = sourcecode.c.objc; explicitFileType = undefined; includeInIndex = 0; };
		2B5A6ABFD29840A19D2E0F51 /* UIImage+fixOrientation.m */ = {isa = PBXFileReference; name = "UIImage+fixOrientation.m"; path = "cordova-plugin-telerik-imagepicker/UIImage+fixOrientation.m"; sourceTree = "<group>"; fileEncoding = 4; lastKnownFileType = sourcecode.c.objc; explicitFileType = undefined; includeInIndex = 0; };
		B4CC03879F5E4973A5320DBF /* GMAlbumsViewCell.m */ = {isa = PBXFileReference; name = "GMAlbumsViewCell.m"; path = "cordova-plugin-telerik-imagepicker/GMAlbumsViewCell.m"; sourceTree = "<group>"; fileEncoding = 4; lastKnownFileType = sourcecode.c.objc; explicitFileType = undefined; includeInIndex = 0; };
		7309656E7A3149B2A521BBB1 /* GMAlbumsViewController.m */ = {isa = PBXFileReference; name = "GMAlbumsViewController.m"; path = "cordova-plugin-telerik-imagepicker/GMAlbumsViewController.m"; sourceTree = "<group>"; fileEncoding = 4; lastKnownFileType = sourcecode.c.objc; explicitFileType = undefined; includeInIndex = 0; };
		F4B9B03DC1514684AD283DEE /* GMFetchItem.m */ = {isa = PBXFileReference; name = "GMFetchItem.m"; path = "cordova-plugin-telerik-imagepicker/GMFetchItem.m"; sourceTree = "<group>"; fileEncoding = 4; lastKnownFileType = sourcecode.c.objc; explicitFileType = undefined; includeInIndex = 0; };
		84579E3773694A758CBEBCEB /* GMGridViewCell.m */ = {isa = PBXFileReference; name = "GMGridViewCell.m"; path = "cordova-plugin-telerik-imagepicker/GMGridViewCell.m"; sourceTree = "<group>"; fileEncoding = 4; lastKnownFileType = sourcecode.c.objc; explicitFileType = undefined; includeInIndex = 0; };
		39EF49BCF8494AA5AF2D5E66 /* GMGridViewController.m */ = {isa = PBXFileReference; name = "GMGridViewController.m"; path = "cordova-plugin-telerik-imagepicker/GMGridViewController.m"; sourceTree = "<group>"; fileEncoding = 4; lastKnownFileType = sourcecode.c.objc; explicitFileType = undefined; includeInIndex = 0; };
		4ECA8201026B49DCB9A8C2FE /* GMImagePickerController.m */ = {isa = PBXFileReference; name = "GMImagePickerController.m"; path = "cordova-plugin-telerik-imagepicker/GMImagePickerController.m"; sourceTree = "<group>"; fileEncoding = 4; lastKnownFileType = sourcecode.c.objc; explicitFileType = undefined; includeInIndex = 0; };
		2EE17055FFFF40ABB6A67151 /* PSYBlockTimer.m */ = {isa = PBXFileReference; name = "PSYBlockTimer.m"; path = "cordova-plugin-telerik-imagepicker/PSYBlockTimer.m"; sourceTree = "<group>"; fileEncoding = 4; lastKnownFileType = sourcecode.c.objc; explicitFileType = undefined; includeInIndex = 0; };
		31AA086FB85D4C4286EE6422 /* GMPHAsset.m */ = {isa = PBXFileReference; name = "GMPHAsset.m"; path = "cordova-plugin-telerik-imagepicker/GMPHAsset.m"; sourceTree = "<group>"; fileEncoding = 4; lastKnownFileType = sourcecode.c.objc; explicitFileType = undefined; includeInIndex = 0; };
		598C0A134DBC4DC38050B8C8 /* SOSPicker.h */ = {isa = PBXFileReference; name = "SOSPicker.h"; path = "cordova-plugin-telerik-imagepicker/SOSPicker.h"; sourceTree = "<group>"; fileEncoding = 4; lastKnownFileType = sourcecode.c.h; explicitFileType = undefined; includeInIndex = 0; };
		BEAFBE15A88B4965919F3E7B /* UIImage+fixOrientation.h */ = {isa = PBXFileReference; name = "UIImage+fixOrientation.h"; path = "cordova-plugin-telerik-imagepicker/UIImage+fixOrientation.h"; sourceTree = "<group>"; fileEncoding = 4; lastKnownFileType = sourcecode.c.h; explicitFileType = undefined; includeInIndex = 0; };
		31655724086741FB860205FF /* GMAlbumsViewCell.h */ = {isa = PBXFileReference; name = "GMAlbumsViewCell.h"; path = "cordova-plugin-telerik-imagepicker/GMAlbumsViewCell.h"; sourceTree = "<group>"; fileEncoding = 4; lastKnownFileType = sourcecode.c.h; explicitFileType = undefined; includeInIndex = 0; };
		B6E30A913E164D0CB187BABF /* GMAlbumsViewController.h */ = {isa = PBXFileReference; name = "GMAlbumsViewController.h"; path = "cordova-plugin-telerik-imagepicker/GMAlbumsViewController.h"; sourceTree = "<group>"; fileEncoding = 4; lastKnownFileType = sourcecode.c.h; explicitFileType = undefined; includeInIndex = 0; };
		318FD5A35BD3433DAC5ABDF1 /* GMFetchItem.h */ = {isa = PBXFileReference; name = "GMFetchItem.h"; path = "cordova-plugin-telerik-imagepicker/GMFetchItem.h"; sourceTree = "<group>"; fileEncoding = 4; lastKnownFileType = sourcecode.c.h; explicitFileType = undefined; includeInIndex = 0; };
		7CF407FF95344D8BBD31323E /* GMGridViewCell.h */ = {isa = PBXFileReference; name = "GMGridViewCell.h"; path = "cordova-plugin-telerik-imagepicker/GMGridViewCell.h"; sourceTree = "<group>"; fileEncoding = 4; lastKnownFileType = sourcecode.c.h; explicitFileType = undefined; includeInIndex = 0; };
		96F5DDE398F94C4E92864209 /* GMGridViewController.h */ = {isa = PBXFileReference; name = "GMGridViewController.h"; path = "cordova-plugin-telerik-imagepicker/GMGridViewController.h"; sourceTree = "<group>"; fileEncoding = 4; lastKnownFileType = sourcecode.c.h; explicitFileType = undefined; includeInIndex = 0; };
		9B658E51CB4E4D6D8B12C96A /* GMImagePickerController.h */ = {isa = PBXFileReference; name = "GMImagePickerController.h"; path = "cordova-plugin-telerik-imagepicker/GMImagePickerController.h"; sourceTree = "<group>"; fileEncoding = 4; lastKnownFileType = sourcecode.c.h; explicitFileType = undefined; includeInIndex = 0; };
		7DC7CC0AB66E47FEA821ED99 /* PSYBlockTimer.h */ = {isa = PBXFileReference; name = "PSYBlockTimer.h"; path = "cordova-plugin-telerik-imagepicker/PSYBlockTimer.h"; sourceTree = "<group>"; fileEncoding = 4; lastKnownFileType = sourcecode.c.h; explicitFileType = undefined; includeInIndex = 0; };
		6D1B10C1EBF84B339790B7CB /* GMPHAsset.h */ = {isa = PBXFileReference; name = "GMPHAsset.h"; path = "cordova-plugin-telerik-imagepicker/GMPHAsset.h"; sourceTree = "<group>"; fileEncoding = 4; lastKnownFileType = sourcecode.c.h; explicitFileType = undefined; includeInIndex = 0; };
		213E9D1AFD184CF5927B36CB /* GMEmptyFolder@1x.png */ = {isa = PBXFileReference; name = "GMEmptyFolder@1x.png"; path = "GMEmptyFolder@1x.png"; sourceTree = "<group>"; fileEncoding = undefined; lastKnownFileType = unknown; explicitFileType = undefined; includeInIndex = 0; };
		702269A7B5144D3FA614FC51 /* GMEmptyFolder@2x.png */ = {isa = PBXFileReference; name = "GMEmptyFolder@2x.png"; path = "GMEmptyFolder@2x.png"; sourceTree = "<group>"; fileEncoding = undefined; lastKnownFileType = unknown; explicitFileType = undefined; includeInIndex = 0; };
		75B43A1CF8EB4EAA92303D1A /* GMSelected.png */ = {isa = PBXFileReference; name = "GMSelected.png"; path = "GMSelected.png"; sourceTree = "<group>"; fileEncoding = undefined; lastKnownFileType = unknown; explicitFileType = undefined; includeInIndex = 0; };
		EB3B0F919D2E4AB9AD5BB1B0 /* GMSelected@2x.png */ = {isa = PBXFileReference; name = "GMSelected@2x.png"; path = "GMSelected@2x.png"; sourceTree = "<group>"; fileEncoding = undefined; lastKnownFileType = unknown; explicitFileType = undefined; includeInIndex = 0; };
		13CE3CCB92DC45E4876815F6 /* GMVideoIcon.png */ = {isa = PBXFileReference; name = "GMVideoIcon.png"; path = "GMVideoIcon.png"; sourceTree = "<group>"; fileEncoding = undefined; lastKnownFileType = unknown; explicitFileType = undefined; includeInIndex = 0; };
		26BB6C03FC9C4A92BA6FC9C8 /* GMVideoIcon@2x.png */ = {isa = PBXFileReference; name = "GMVideoIcon@2x.png"; path = "GMVideoIcon@2x.png"; sourceTree = "<group>"; fileEncoding = undefined; lastKnownFileType = unknown; explicitFileType = undefined; includeInIndex = 0; };
		3CEEF4223AD8486AAC62EA36 /* ca.lproj */ = {isa = PBXFileReference; name = "ca.lproj"; path = "ca.lproj"; sourceTree = "<group>"; fileEncoding = undefined; lastKnownFileType = unknown; explicitFileType = undefined; includeInIndex = 0; };
		D3FABD59A6F44FC1B226015E /* de.lproj */ = {isa = PBXFileReference; name = "de.lproj"; path = "de.lproj"; sourceTree = "<group>"; fileEncoding = undefined; lastKnownFileType = unknown; explicitFileType = undefined; includeInIndex = 0; };
		A5DA6E5076CE4FCC8A3D8A8C /* en.lproj */ = {isa = PBXFileReference; name = "en.lproj"; path = "en.lproj"; sourceTree = "<group>"; fileEncoding = undefined; lastKnownFileType = unknown; explicitFileType = undefined; includeInIndex = 0; };
		C7729220AD5B487EAB3946C6 /* es.lproj */ = {isa = PBXFileReference; name = "es.lproj"; path = "es.lproj"; sourceTree = "<group>"; fileEncoding = undefined; lastKnownFileType = unknown; explicitFileType = undefined; includeInIndex = 0; };
		1EA5C4705DDA42E8B6C64DFE /* fr.lproj */ = {isa = PBXFileReference; name = "fr.lproj"; path = "fr.lproj"; sourceTree = "<group>"; fileEncoding = undefined; lastKnownFileType = unknown; explicitFileType = undefined; includeInIndex = 0; };
		12A8643B97304B149A718778 /* it.lproj */ = {isa = PBXFileReference; name = "it.lproj"; path = "it.lproj"; sourceTree = "<group>"; fileEncoding = undefined; lastKnownFileType = unknown; explicitFileType = undefined; includeInIndex = 0; };
		2461164D2C804F0D8EED26A5 /* pt.lproj */ = {isa = PBXFileReference; name = "pt.lproj"; path = "pt.lproj"; sourceTree = "<group>"; fileEncoding = undefined; lastKnownFileType = unknown; explicitFileType = undefined; includeInIndex = 0; };
		92DC019A67ED4CDA8130F300 /* pl.lproj */ = {isa = PBXFileReference; name = "pl.lproj"; path = "pl.lproj"; sourceTree = "<group>"; fileEncoding = undefined; lastKnownFileType = unknown; explicitFileType = undefined; includeInIndex = 0; };
		FF975C77E11F458AAD3B007B /* zh-Hans.lproj */ = {isa = PBXFileReference; name = "zh-Hans.lproj"; path = "zh-Hans.lproj"; sourceTree = "<group>"; fileEncoding = undefined; lastKnownFileType = unknown; explicitFileType = undefined; includeInIndex = 0; };
		69826D62EABF409D8778C2B0 /* Accelerate.framework */ = {isa = PBXFileReference; name = "Accelerate.framework"; path = "System/Library/Frameworks/Accelerate.framework"; sourceTree = SDKROOT; fileEncoding = undefined; lastKnownFileType = wrapper.framework; explicitFileType = undefined; includeInIndex = 0; };
		EB59B167DBC04CBCA85557FF /* Security.framework */ = {isa = PBXFileReference; name = "Security.framework"; path = "System/Library/Frameworks/Security.framework"; sourceTree = SDKROOT; fileEncoding = undefined; lastKnownFileType = wrapper.framework; explicitFileType = undefined; includeInIndex = 0; };
		6C2B02FBC25145AC86F30AEC /* Photos.framework */ = {isa = PBXFileReference; name = "Photos.framework"; path = "System/Library/Frameworks/Photos.framework"; sourceTree = SDKROOT; fileEncoding = undefined; lastKnownFileType = wrapper.framework; explicitFileType = undefined; includeInIndex = 0; };
/* End PBXFileReference section */

/* Begin PBXFrameworksBuildPhase section */
		1D60588F0D05DD3D006BFB54 /* Frameworks */ = {
			isa = PBXFrameworksBuildPhase;
			buildActionMask = 2147483647;
			files = (
				301BF552109A68D80062928A /* libCordova.a in Frameworks */,
				1DFFAEFD54D44440956B851C /* Crashlytics.framework in Frameworks */,
				C63F791ECFFA43C3954F740E /* Fabric.framework in Frameworks */,
				C1D60412871F456095363254 /* GoogleAppMeasurement.framework in Frameworks */,
				BFF9BC6A03AB475C9218BCBE /* MeasurementNanoPB.framework in Frameworks */,
				B4451FC640B5481DA0D1BBC6 /* FirebaseCore.framework in Frameworks */,
				E3A0572AF3EE41749FB654F1 /* FirebaseAnalytics.framework in Frameworks */,
				426322FEC9BB4C91B89B0680 /* nanopb.framework in Frameworks */,
				B87BBF9F49BD440EAE3CABE8 /* FirebaseInstanceID.framework in Frameworks */,
				67FF528B59CB48F3A9ADA5A9 /* FirebaseCoreDiagnostics.framework in Frameworks */,
				F76F0AD3E60F4700B2EA7343 /* GTMSessionFetcher.framework in Frameworks */,
				3D2FF0452A49462DBCCC60EE /* FirebaseAuth.framework in Frameworks */,
				ACFC2705EF0B4A97A835E651 /* FirebaseMessaging.framework in Frameworks */,
				C17227D7FFF54914A1142457 /* GoogleToolboxForMac.framework in Frameworks */,
				CAFC6429D6CA420081DBA114 /* FirebasePerformance.framework in Frameworks */,
				07797A9CB7D7431E905D0E48 /* Protobuf.framework in Frameworks */,
				9F6ECA23695F48E1AD456D17 /* FirebaseRemoteConfig.framework in Frameworks */,
				E24BADD7414340ED959D5837 /* FirebaseABTesting.framework in Frameworks */,
				D90EAA4B48164F82A3A745DF /* GoogleUtilities.framework in Frameworks */,
				5F77D6EDD1444F8FB3382FC2 /* SystemConfiguration.framework in Frameworks */,
				D4923DBBA177424EA3BD768F /* WebKit.framework in Frameworks */,
				ACF3011B8BF54D4ABB8CC53F /* CoreTelephony.framework in Frameworks */,
				678DDE6BAE3E4FEDB67D7D76 /* Social.framework in Frameworks */,
				ED90D41E0DDD4845A4443EFF /* MessageUI.framework in Frameworks */,
				490B442ECBBE400485CB969A /* ImageIO.framework in Frameworks */,
				76A990E0175941508D75045C /* CoreLocation.framework in Frameworks */,
				C080144999134EE8BA0C8A6A /* AVFoundation.framework in Frameworks */,
				1F47D7B5D5E9452686F11DFE /* QuartzCore.framework in Frameworks */,
				951D850099D340D2B98D0968 /* Accelerate.framework in Frameworks */,
				9081896844994405A90D2684 /* Security.framework in Frameworks */,
				26E7D1BD1E874D60B601509F /* Photos.framework in Frameworks */,
			);
			runOnlyForDeploymentPostprocessing = 0;
		};
/* End PBXFrameworksBuildPhase section */

/* Begin PBXGroup section */
		080E96DDFE201D6D7F000001 /* Classes */ = {
			isa = PBXGroup;
			children = (
				302D95EE14D2391D003F00A1 /* MainViewController.h */,
				302D95EF14D2391D003F00A1 /* MainViewController.m */,
				302D95F014D2391D003F00A1 /* MainViewController.xib */,
				1D3623240D0F684500981E51 /* AppDelegate.h */,
				1D3623250D0F684500981E51 /* AppDelegate.m */,
			);
			name = Classes;
			path = "Fit Kannadiga/Classes";
			sourceTree = SOURCE_ROOT;
		};
		19C28FACFE9D520D11CA2CBB /* Products */ = {
			isa = PBXGroup;
			children = (
				1D6058910D05DD3D006BFB54 /* Fit Kannadiga.app */,
			);
			name = Products;
			sourceTree = "<group>";
		};
		29B97314FDCFA39411CA2CEA /* CustomTemplate */ = {
			isa = PBXGroup;
			children = (
				EB87FDF41871DAF40020F90C /* config.xml */,
				EB87FDF31871DA8E0020F90C /* www */,
				EB87FDF11871DA420020F90C /* Staging */,
				301BF52D109A57CC0062928A /* CordovaLib.xcodeproj */,
				080E96DDFE201D6D7F000001 /* Classes */,
				307C750510C5A3420062BCA9 /* Plugins */,
				29B97315FDCFA39411CA2CEA /* Other Sources */,
				29B97317FDCFA39411CA2CEA /* Resources */,
				29B97323FDCFA39411CA2CEA /* Frameworks */,
				19C28FACFE9D520D11CA2CBB /* Products */,
			);
			name = CustomTemplate;
			sourceTree = "<group>";
		};
		29B97315FDCFA39411CA2CEA /* Other Sources */ = {
			isa = PBXGroup;
			children = (
				32CA4F630368D1EE00C91783 /* Fit Kannadiga-Prefix.pch */,
				29B97316FDCFA39411CA2CEA /* main.m */,
				ED33DF2A687741AEAF9F8254 /* Bridging-Header.h */,
			);
			name = "Other Sources";
			path = "Fit Kannadiga";
			sourceTree = "<group>";
		};
		29B97317FDCFA39411CA2CEA /* Resources */ = {
			isa = PBXGroup;
			children = (
				0207DA571B56EA530066E2B4 /* Images.xcassets */,
				3047A50E1AB8057F00498E2A /* config */,
				8D1107310486CEB800E47090 /* Fit Kannadiga-Info.plist */,
				6AFF5BF81D6E424B00AB3073 /* CDVLaunchScreen.storyboard */,
				60DBC5285A7C446DBEE76275 /* GoogleService-Info.plist */,
				E911B88216214989ACFEFA37 /* PEPhotoCropEditor.bundle */,
				0023883684774BD79E85B0E7 /* appbeep.wav */,
				213E9D1AFD184CF5927B36CB /* GMEmptyFolder@1x.png */,
				702269A7B5144D3FA614FC51 /* GMEmptyFolder@2x.png */,
				75B43A1CF8EB4EAA92303D1A /* GMSelected.png */,
				EB3B0F919D2E4AB9AD5BB1B0 /* GMSelected@2x.png */,
				13CE3CCB92DC45E4876815F6 /* GMVideoIcon.png */,
				26BB6C03FC9C4A92BA6FC9C8 /* GMVideoIcon@2x.png */,
				3CEEF4223AD8486AAC62EA36 /* ca.lproj */,
				D3FABD59A6F44FC1B226015E /* de.lproj */,
				A5DA6E5076CE4FCC8A3D8A8C /* en.lproj */,
				C7729220AD5B487EAB3946C6 /* es.lproj */,
				1EA5C4705DDA42E8B6C64DFE /* fr.lproj */,
				12A8643B97304B149A718778 /* it.lproj */,
				2461164D2C804F0D8EED26A5 /* pt.lproj */,
				92DC019A67ED4CDA8130F300 /* pl.lproj */,
				FF975C77E11F458AAD3B007B /* zh-Hans.lproj */,
			);
			name = Resources;
			path = "Fit Kannadiga/Resources";
			sourceTree = "<group>";
		};
		29B97323FDCFA39411CA2CEA /* Frameworks */ = {
			isa = PBXGroup;
			children = (
				195A4ABFCEAB4A5493D60F45 /* Crashlytics.framework */,
				3246683FCCBD48F08D47F0D9 /* Fabric.framework */,
				CCD95E9440F94D778BD73F9F /* GoogleAppMeasurement.framework */,
				EAD0A0AB31FC47B0B1DECB81 /* MeasurementNanoPB.framework */,
				296141DC73574FC4A2099F81 /* FirebaseCore.framework */,
				BE5A7332298C402F99277364 /* FirebaseAnalytics.framework */,
				5319A3F13DD4446B86221AB1 /* nanopb.framework */,
				A9CC7BE6D35546E0A8FF9491 /* FirebaseInstanceID.framework */,
				B1B512BEE2F94DDEB001A64B /* FirebaseCoreDiagnostics.framework */,
				3524406FA24147CFB9CF5FE9 /* GTMSessionFetcher.framework */,
				8863D641C75D4FCCA89BFA90 /* FirebaseAuth.framework */,
				38609BF7D6A8417BB339C37E /* FirebaseMessaging.framework */,
				943B8622B1574510B575A1FF /* GoogleToolboxForMac.framework */,
				A440C1A832FF4DF8A530BF29 /* FirebasePerformance.framework */,
				036129147499433C9C3D7796 /* Protobuf.framework */,
				1BAE4AF7C85C449B8075655C /* FirebaseRemoteConfig.framework */,
				83732E9873FD4E32B2E99964 /* FirebaseABTesting.framework */,
				84A584C6DA804476A690309C /* GoogleUtilities.framework */,
				964C7B6B6DB94C4A9284C1D0 /* SystemConfiguration.framework */,
				85781AF98D32449F83FC9C0E /* WebKit.framework */,
				A043D6AD37F446EF82886F8F /* CoreTelephony.framework */,
				AA71B2359D7E415AB7B0CE6D /* Social.framework */,
				89BA25122AFC425CA54BCA1F /* MessageUI.framework */,
				19CB56814B87461F95453780 /* ImageIO.framework */,
				35705B42844F417791BE8594 /* CoreLocation.framework */,
				ACC00F1A6E1F4BEDAE83E122 /* AVFoundation.framework */,
				F972E234E71D45AC99B2A95B /* QuartzCore.framework */,
				69826D62EABF409D8778C2B0 /* Accelerate.framework */,
				EB59B167DBC04CBCA85557FF /* Security.framework */,
				6C2B02FBC25145AC86F30AEC /* Photos.framework */,
			);
			name = Frameworks;
			sourceTree = "<group>";
		};
		301BF52E109A57CC0062928A /* Products */ = {
			isa = PBXGroup;
			children = (
				301BF535109A57CC0062928A /* libCordova.a */,
			);
			name = Products;
			sourceTree = "<group>";
		};
		3047A50E1AB8057F00498E2A /* config */ = {
			isa = PBXGroup;
			children = (
				3047A50F1AB8059700498E2A /* build-debug.xcconfig */,
				3047A5101AB8059700498E2A /* build-release.xcconfig */,
				3047A5111AB8059700498E2A /* build.xcconfig */,
			);
			name = config;
			sourceTree = "<group>";
		};
		307C750510C5A3420062BCA9 /* Plugins */ = {
			isa = PBXGroup;
			children = (
				D050C35F92604B80BD3D97D8 /* CDVDevice.m */,
				078940E4A1B94AFD9AC95BD9 /* CDVDevice.h */,
				408D70A003E64029948410D2 /* CDVFile.m */,
				BD712F67B1034247BB8BFDAE /* CDVLocalFilesystem.m */,
				D55075CC86FA4D7F8CC45B56 /* CDVAssetLibraryFilesystem.m */,
				96688DD79AE44376A88F81D5 /* CDVFile.h */,
				5CF8DD78E85848DDBCBF0628 /* CDVLocalFilesystem.h */,
				E8DF7EA1FE174E6185EFE69D /* CDVAssetLibraryFilesystem.h */,
				304912A967704317AF4778A7 /* AppDelegate+FirebasePlugin.m */,
				62EDAF85CF964D7DA98545A4 /* FirebasePlugin.m */,
				5E66E85CA79647F480249A42 /* AppDelegate+FirebasePlugin.h */,
				A985E0238ECD44BEB2BE40D2 /* FirebasePlugin.h */,
				D15EC51F25394C8F89FFFECB /* Firebase.h */,
				1D7F4A88392A4D618CDE5D73 /* CDVInAppBrowser.m */,
				538AFB63A9F14F149E0E2CF6 /* CDVInAppBrowser.h */,
				3D2CAF2857B7411E80C85792 /* Insomnia.m */,
				7179557FBAD445ED957A5DC7 /* Insomnia.h */,
				7795EE833FA84031A34B2C29 /* CDVIonicKeyboard.m */,
				8781FA2B62C74289AED4C6E4 /* CDVIonicKeyboard.h */,
				22B3C596800A4706A8D9FB68 /* CDVWKWebViewEngine.m */,
				6C0B14BF87F14966BD18F553 /* CDVWKWebViewUIDelegate.m */,
				0C33FCE8799A4165A00E3E63 /* CDVWKProcessPoolFactory.m */,
				3492A55B1222438FA1C9F02E /* IONAssetHandler.m */,
				477611DCF34B415EBD370816 /* CDVWKWebViewEngine.h */,
				1529CFEB774E455D829C89A2 /* CDVWKWebViewUIDelegate.h */,
				D8CE9A57F11548C98DA78B86 /* CDVWKProcessPoolFactory.h */,
				BBCBD679DD5340A9B62DF462 /* IONAssetHandler.h */,
				E4E809109E504B4F9BC9BC25 /* CDVConnection.m */,
				8B411B2A269D4507AD84D2C3 /* CDVReachability.m */,
				09B7EB30C6BB45C78F4A0863 /* CDVConnection.h */,
				4F2A72535B0B4BCB82C055EA /* CDVReachability.h */,
				ACEEF426F07645A391464AD7 /* CDVSplashScreen.m */,
				0C70B429E35048E29C1D22A3 /* CDVViewController+SplashScreen.m */,
				312AAA78F4A84A69AEF09C1F /* CDVSplashScreen.h */,
				DD1A3C99FE4C4478B3AAD00E /* CDVViewController+SplashScreen.h */,
				4A22FD14ED1A42E881AE9F1C /* CDVStatusBar.m */,
				B08B47932E1042E8B3216EF0 /* CDVStatusBar.h */,
				F0464A3F9EFE4461897E82FA /* CDVTTS.m */,
				A8D6CF66CE594DA9BF34DE04 /* CDVTTS.h */,
				4CC594313F7B46C494DDEA0D /* NSString+SSURLEncoding.m */,
				BBB2441728BD40E5ACBE49D2 /* SocialSharing.m */,
				7110CC09FE1F4A0A96D58A89 /* NSString+SSURLEncoding.h */,
				D94EA21F208A42F097C55283 /* SocialSharing.h */,
				86B64F8ABF89420BBAED5E49 /* UIImage+CropScaleOrientation.m */,
				F0E069A42F5B41469E149673 /* CDVCamera.m */,
				151CAABC1A5046B78B75519E /* CDVJpegHeaderWriter.m */,
				078E9864F19C4410854BCCEE /* UIImage+CropScaleOrientation.h */,
				91982E61D3E84B3E86EB89E4 /* CDVCamera.h */,
				C563461A9CFA4F87B703D6C1 /* CDVJpegHeaderWriter.h */,
				F35E8DFFB48745F9A41767EA /* CDVExif.h */,
				CF8A69D348134007A4644360 /* CTCrop.m */,
				DD57FF0AF98C4BF6B90321BC /* PECropRectView.m */,
				E2E81068B1E346398CF6EAC5 /* PECropView.m */,
				0441706F265843BBAF85A2F5 /* PECropViewController.m */,
				B297BB9919FB42BB995C85E2 /* PEResizeControl.m */,
				38118D4ADE194A7E947432A0 /* UIImage+PECrop.m */,
				AD72E2E256414AAA894498FE /* CTCrop.h */,
				3D9295D96587469EB963FA52 /* PECropRectView.h */,
				010498008A844ED383A9DDDB /* PECropView.h */,
				8880FBF1824E47D38C3F58C3 /* PECropViewController.h */,
				17D04D8ADDC148578459D2D5 /* PEResizeControl.h */,
				49AD240653AB4FA69CFA73C6 /* UIImage+PECrop.h */,
				49E1F8EC603B49EBB18D578F /* CDVFileTransfer.m */,
				8F528EF72D404C7E92A4094B /* CDVFileTransfer.h */,
				C9BFE4E956064935BBC73A61 /* CDVOrientation.m */,
				4BF1FE69BD0D4221BD53E882 /* CDVOrientation.h */,
				3FC5E85EF77840B0B6FBDFAF /* APPBackgroundMode.m */,
				26A53786C77D47D8A02BDB1F /* APPMethodMagic.m */,
				A885B971C15D4F37849F250D /* APPBackgroundMode.h */,
				C0DC5FF3DF344017A0A93770 /* APPMethodMagic.h */,
				BEAB3A6A3642426CB7297F96 /* SOSPicker.m */,
				2B5A6ABFD29840A19D2E0F51 /* UIImage+fixOrientation.m */,
				B4CC03879F5E4973A5320DBF /* GMAlbumsViewCell.m */,
				7309656E7A3149B2A521BBB1 /* GMAlbumsViewController.m */,
				F4B9B03DC1514684AD283DEE /* GMFetchItem.m */,
				84579E3773694A758CBEBCEB /* GMGridViewCell.m */,
				39EF49BCF8494AA5AF2D5E66 /* GMGridViewController.m */,
				4ECA8201026B49DCB9A8C2FE /* GMImagePickerController.m */,
				2EE17055FFFF40ABB6A67151 /* PSYBlockTimer.m */,
				31AA086FB85D4C4286EE6422 /* GMPHAsset.m */,
				598C0A134DBC4DC38050B8C8 /* SOSPicker.h */,
				BEAFBE15A88B4965919F3E7B /* UIImage+fixOrientation.h */,
				31655724086741FB860205FF /* GMAlbumsViewCell.h */,
				B6E30A913E164D0CB187BABF /* GMAlbumsViewController.h */,
				318FD5A35BD3433DAC5ABDF1 /* GMFetchItem.h */,
				7CF407FF95344D8BBD31323E /* GMGridViewCell.h */,
				96F5DDE398F94C4E92864209 /* GMGridViewController.h */,
				9B658E51CB4E4D6D8B12C96A /* GMImagePickerController.h */,
				7DC7CC0AB66E47FEA821ED99 /* PSYBlockTimer.h */,
				6D1B10C1EBF84B339790B7CB /* GMPHAsset.h */,
			);
			name = Plugins;
			path = "Fit Kannadiga/Plugins";
			sourceTree = SOURCE_ROOT;
		};
		EB87FDF11871DA420020F90C /* Staging */ = {
			isa = PBXGroup;
			children = (
				F840E1F0165FE0F500CFE078 /* config.xml */,
				301BF56E109A69640062928A /* www */,
			);
			name = Staging;
			sourceTree = "<group>";
		};
/* End PBXGroup section */

/* Begin PBXNativeTarget section */
		1D6058900D05DD3D006BFB54 /* Fit Kannadiga */ = {
			isa = PBXNativeTarget;
			buildConfigurationList = 1D6058960D05DD3E006BFB54 /* Build configuration list for PBXNativeTarget "Fit Kannadiga" */;
			buildPhases = (
				304B58A110DAC018002A0835 /* Copy www directory */,
				1D60588D0D05DD3D006BFB54 /* Resources */,
				1D60588E0D05DD3D006BFB54 /* Sources */,
				1D60588F0D05DD3D006BFB54 /* Frameworks */,
			);
			buildRules = (
			);
			dependencies = (
				301BF551109A68C00062928A /* PBXTargetDependency */,
			);
			name = "Fit Kannadiga";
			productName = "Fit Kannadiga";
			productReference = 1D6058910D05DD3D006BFB54 /* Fit Kannadiga.app */;
			productType = "com.apple.product-type.application";
		};
/* End PBXNativeTarget section */

/* Begin PBXProject section */
		29B97313FDCFA39411CA2CEA /* Project object */ = {
			isa = PBXProject;
			attributes = {
				LastUpgradeCheck = 510;
			};
			buildConfigurationList = C01FCF4E08A954540054247B /* Build configuration list for PBXProject "__NON-CLI__" */;
			compatibilityVersion = "Xcode 3.2";
			developmentRegion = English;
			hasScannedForEncodings = 1;
			mainGroup = 29B97314FDCFA39411CA2CEA /* CustomTemplate */;
			projectDirPath = "";
			projectReferences = (
				{
					ProductGroup = 301BF52E109A57CC0062928A /* Products */;
					ProjectRef = 301BF52D109A57CC0062928A /* CordovaLib.xcodeproj */;
				},
			);
			projectRoot = "";
			targets = (
				1D6058900D05DD3D006BFB54 /* Fit Kannadiga */,
			);
		};
/* End PBXProject section */

/* Begin PBXReferenceProxy section */
		301BF535109A57CC0062928A /* libCordova.a */ = {
			isa = PBXReferenceProxy;
			fileType = archive.ar;
			path = libCordova.a;
			remoteRef = 301BF534109A57CC0062928A /* PBXContainerItemProxy */;
			sourceTree = BUILT_PRODUCTS_DIR;
		};
/* End PBXReferenceProxy section */

/* Begin PBXResourcesBuildPhase section */
		1D60588D0D05DD3D006BFB54 /* Resources */ = {
			isa = PBXResourcesBuildPhase;
			buildActionMask = 2147483647;
			files = (
				302D95F214D2391D003F00A1 /* MainViewController.xib in Resources */,
				0207DA581B56EA530066E2B4 /* Images.xcassets in Resources */,
				6AFF5BF91D6E424B00AB3073 /* CDVLaunchScreen.storyboard in Resources */,
				25298259918E41B1AC03E98E /* GoogleService-Info.plist in Resources */,
				4341CD0A71194EF6BA00A908 /* PEPhotoCropEditor.bundle in Resources */,
				8808A218BAAE4204B5CEC90E /* appbeep.wav in Resources */,
				040A35744A6B4A46855312ED /* GMEmptyFolder@1x.png in Resources */,
				E867D018F1AD4EBA8A8E8AB8 /* GMEmptyFolder@2x.png in Resources */,
				DD0A03F59C374CD0BBF2AB8E /* GMSelected.png in Resources */,
				B94459AEA54045BAA7E8D34A /* GMSelected@2x.png in Resources */,
				5A82CD98C294485E90221916 /* GMVideoIcon.png in Resources */,
				4D6114E90CA2424BBF69A347 /* GMVideoIcon@2x.png in Resources */,
				1B4284281E7E4F2C934045B9 /* ca.lproj in Resources */,
				8D8F45374DC547169987655E /* de.lproj in Resources */,
				113E02A0AB6A4C4FABE03746 /* en.lproj in Resources */,
				BF7BADD7A4024FB8AC596761 /* es.lproj in Resources */,
				861B11EC18B441D7979AA1F4 /* fr.lproj in Resources */,
				605CAADF893741C38870A900 /* it.lproj in Resources */,
				A378CE5B055B4D7390BD12EA /* pt.lproj in Resources */,
				B79DB63DF1314857AF9B37B4 /* pl.lproj in Resources */,
				D36D3FBDD34644C48733607B /* zh-Hans.lproj in Resources */,
			);
			runOnlyForDeploymentPostprocessing = 0;
		};
/* End PBXResourcesBuildPhase section */

/* Begin PBXShellScriptBuildPhase section */
		304B58A110DAC018002A0835 /* Copy www directory */ = {
			isa = PBXShellScriptBuildPhase;
			buildActionMask = 2147483647;
			files = (
			);
			inputPaths = (
			);
			name = "Copy www directory";
			outputPaths = (
			);
			runOnlyForDeploymentPostprocessing = 0;
			shellPath = /bin/sh;
			shellScript = "NODEJS_PATH=/usr/local/bin; NVM_NODE_PATH=~/.nvm/versions/node/`nvm version 2>/dev/null`/bin; N_NODE_PATH=`find /usr/local/n/versions/node/* -maxdepth 0 -type d 2>/dev/null | tail -1`/bin; XCODE_NODE_PATH=`xcode-select --print-path`/usr/share/xcs/Node/bin; PATH=$NODEJS_PATH:$NVM_NODE_PATH:$N_NODE_PATH:$XCODE_NODE_PATH:$PATH && node cordova/lib/copy-www-build-step.js";
			showEnvVarsInLog = 0;
		};
/* End PBXShellScriptBuildPhase section */

/* Begin PBXSourcesBuildPhase section */
		1D60588E0D05DD3D006BFB54 /* Sources */ = {
			isa = PBXSourcesBuildPhase;
			buildActionMask = 2147483647;
			files = (
				1D60589B0D05DD56006BFB54 /* main.m in Sources */,
				1D3623260D0F684500981E51 /* AppDelegate.m in Sources */,
				302D95F114D2391D003F00A1 /* MainViewController.m in Sources */,
				8495737535534A43B6D0DFCA /* CDVDevice.m in Sources */,
				4F93B3169F4C42E7B4867B7A /* CDVFile.m in Sources */,
				9CBEBE3270C1405F87C4F6B1 /* CDVLocalFilesystem.m in Sources */,
				1FED9BDB2EC7487EBDFC79BB /* CDVAssetLibraryFilesystem.m in Sources */,
				ABAD864A6F664383941B7B6A /* AppDelegate+FirebasePlugin.m in Sources */,
				EB3B6D6CBDD944C1BF78F3D4 /* FirebasePlugin.m in Sources */,
				CAC79230EBC940A89225338C /* CDVInAppBrowser.m in Sources */,
				01E6A622A18D4117AE762CC0 /* Insomnia.m in Sources */,
				D66EC7421BCB417595D4791F /* CDVIonicKeyboard.m in Sources */,
				8FBD9010625D488F86614313 /* CDVWKWebViewEngine.m in Sources */,
				1E08030A75E2461D8D5FD69A /* CDVWKWebViewUIDelegate.m in Sources */,
				A90DFD23FD9940ED9F755D77 /* CDVWKProcessPoolFactory.m in Sources */,
				3B7F679F1349458088A20EE9 /* IONAssetHandler.m in Sources */,
				980E54C095354381BA03E35F /* CDVConnection.m in Sources */,
				AA86325373CD4F9DB17CC4DB /* CDVReachability.m in Sources */,
				6EC7154E9EB948388C6962E8 /* CDVSplashScreen.m in Sources */,
				7DC467342E2C4BB6A97FC943 /* CDVViewController+SplashScreen.m in Sources */,
				ABA197DC64DB43E0BD1EFA67 /* CDVStatusBar.m in Sources */,
				67568E2364A2465A9C17B78C /* CDVTTS.m in Sources */,
				3175F9761A624984B7745A80 /* NSString+SSURLEncoding.m in Sources */,
				4BA3147C5AB04A10931C9DDD /* SocialSharing.m in Sources */,
				0DC9FD1FBD3C4A8EBAE71CB0 /* UIImage+CropScaleOrientation.m in Sources */,
				74E15D3689674B01ABFB0B69 /* CDVCamera.m in Sources */,
				E950255E55AD4D3892D84CA4 /* CDVJpegHeaderWriter.m in Sources */,
				A774CE9E27414B5FB048930C /* CTCrop.m in Sources */,
				782266C23BFD4D8A820FC07B /* PECropRectView.m in Sources */,
				EA29058285324E7CAB03F878 /* PECropView.m in Sources */,
				4A0B7102E9A2445A9FEC31B3 /* PECropViewController.m in Sources */,
				2818EBA0E508496CAAD831CD /* PEResizeControl.m in Sources */,
				8C5F39786E4C4049AE837789 /* UIImage+PECrop.m in Sources */,
				2A6B6D743F754876B95C1442 /* CDVFileTransfer.m in Sources */,
				D47FCB2DF49646DF9C591167 /* CDVOrientation.m in Sources */,
				4CACC06755C74955B72B149C /* APPBackgroundMode.m in Sources */,
				E06F89E317F04028B5E01340 /* APPMethodMagic.m in Sources */,
				11AF8A77660848BAB080ABAF /* SOSPicker.m in Sources */,
				FCFC6A8B8C8145298A026043 /* UIImage+fixOrientation.m in Sources */,
				352E022681704446AD7E3CBB /* GMAlbumsViewCell.m in Sources */,
				41BBBDFB83AD4C428702AA6A /* GMAlbumsViewController.m in Sources */,
				D640268A4D36453C8550FDB2 /* GMFetchItem.m in Sources */,
				9D925B9423A946689F9ECFDA /* GMGridViewCell.m in Sources */,
				256B0AFF5A7B49DDB3749BDB /* GMGridViewController.m in Sources */,
				8D8914ED31C84050A915F26D /* GMImagePickerController.m in Sources */,
				4DB18470566E4C618D2A73AC /* PSYBlockTimer.m in Sources */,
				DB11B43B2CC84F719ADB643C /* GMPHAsset.m in Sources */,
			);
			runOnlyForDeploymentPostprocessing = 0;
		};
/* End PBXSourcesBuildPhase section */

/* Begin PBXTargetDependency section */
		301BF551109A68C00062928A /* PBXTargetDependency */ = {
			isa = PBXTargetDependency;
			name = CordovaLib;
			targetProxy = 301BF550109A68C00062928A /* PBXContainerItemProxy */;
		};
/* End PBXTargetDependency section */

/* Begin XCBuildConfiguration section */
		1D6058940D05DD3E006BFB54 /* Debug */ = {
			isa = XCBuildConfiguration;
			baseConfigurationReference = 3047A50F1AB8059700498E2A /* build-debug.xcconfig */;
			buildSettings = {
				ALWAYS_SEARCH_USER_PATHS = NO;
				ASSETCATALOG_COMPILER_APPICON_NAME = AppIcon;
				ASSETCATALOG_COMPILER_LAUNCHIMAGE_NAME = LaunchImage;
				CLANG_ENABLE_MODULES = YES;
				CLANG_ENABLE_OBJC_ARC = YES;
				COPY_PHASE_STRIP = NO;
				GCC_DYNAMIC_NO_PIC = NO;
				GCC_OPTIMIZATION_LEVEL = 0;
				GCC_PRECOMPILE_PREFIX_HEADER = YES;
				GCC_PREFIX_HEADER = "Fit Kannadiga/Fit Kannadiga-Prefix.pch";
				GCC_THUMB_SUPPORT = NO;
				GCC_VERSION = "";
				INFOPLIST_FILE = "Fit Kannadiga/Fit Kannadiga-Info.plist";
				IPHONEOS_DEPLOYMENT_TARGET = 11.0;
				LD_RUNPATH_SEARCH_PATHS = "@executable_path/Frameworks";
				TARGETED_DEVICE_FAMILY = "1,2";
				PRODUCT_NAME = "Fit Kannadiga";
				FRAMEWORK_SEARCH_PATHS = (
					"$(inherited)",
					"\"Fit Kannadiga/Plugins/cordova-plugin-firebase\"",
					"\"Fit Kannadiga/Plugins/cordova-plugin-firebase\"",
					"\"Fit Kannadiga/Plugins/cordova-plugin-firebase\"",
					"\"Fit Kannadiga/Plugins/cordova-plugin-firebase\"",
					"\"Fit Kannadiga/Plugins/cordova-plugin-firebase\"",
					"\"Fit Kannadiga/Plugins/cordova-plugin-firebase\"",
					"\"Fit Kannadiga/Plugins/cordova-plugin-firebase\"",
					"\"Fit Kannadiga/Plugins/cordova-plugin-firebase\"",
					"\"Fit Kannadiga/Plugins/cordova-plugin-firebase\"",
					"\"Fit Kannadiga/Plugins/cordova-plugin-firebase\"",
					"\"Fit Kannadiga/Plugins/cordova-plugin-firebase\"",
					"\"Fit Kannadiga/Plugins/cordova-plugin-firebase\"",
					"\"Fit Kannadiga/Plugins/cordova-plugin-firebase\"",
					"\"Fit Kannadiga/Plugins/cordova-plugin-firebase\"",
					"\"Fit Kannadiga/Plugins/cordova-plugin-firebase\"",
					"\"Fit Kannadiga/Plugins/cordova-plugin-firebase\"",
					"\"Fit Kannadiga/Plugins/cordova-plugin-firebase\"",
					"\"Fit Kannadiga/Plugins/cordova-plugin-firebase\"",
					"\"Fit Kannadiga/Plugins/cordova-plugin-googleplus\"",
					"\"Fit Kannadiga/Plugins/cordova-plugin-googleplus\"",
					"\"Fit Kannadiga/Plugins/cordova-plugin-googleplus\"",
					"\"Fit Kannadiga/Plugins/cordova-plugin-googleplus\"",
					"\"Fit Kannadiga/Plugins/cordova-plugin-googleplus\"",
					"\"Fit Kannadiga/Plugins/cordova-plugin-googleplus\"",
				);
			};
			name = Debug;
		};
		1D6058950D05DD3E006BFB54 /* Release */ = {
			isa = XCBuildConfiguration;
			baseConfigurationReference = 3047A5101AB8059700498E2A /* build-release.xcconfig */;
			buildSettings = {
				ALWAYS_SEARCH_USER_PATHS = NO;
				ASSETCATALOG_COMPILER_APPICON_NAME = AppIcon;
				ASSETCATALOG_COMPILER_LAUNCHIMAGE_NAME = LaunchImage;
				CLANG_ENABLE_MODULES = YES;
				CLANG_ENABLE_OBJC_ARC = YES;
				COPY_PHASE_STRIP = YES;
				GCC_PRECOMPILE_PREFIX_HEADER = YES;
				GCC_PREFIX_HEADER = "Fit Kannadiga/Fit Kannadiga-Prefix.pch";
				GCC_THUMB_SUPPORT = NO;
				GCC_VERSION = "";
				INFOPLIST_FILE = "Fit Kannadiga/Fit Kannadiga-Info.plist";
				IPHONEOS_DEPLOYMENT_TARGET = 11.0;
				LD_RUNPATH_SEARCH_PATHS = "@executable_path/Frameworks";
				TARGETED_DEVICE_FAMILY = "1,2";
				PRODUCT_NAME = "Fit Kannadiga";
				FRAMEWORK_SEARCH_PATHS = (
					"$(inherited)",
					"\"Fit Kannadiga/Plugins/cordova-plugin-firebase\"",
					"\"Fit Kannadiga/Plugins/cordova-plugin-firebase\"",
					"\"Fit Kannadiga/Plugins/cordova-plugin-firebase\"",
					"\"Fit Kannadiga/Plugins/cordova-plugin-firebase\"",
					"\"Fit Kannadiga/Plugins/cordova-plugin-firebase\"",
					"\"Fit Kannadiga/Plugins/cordova-plugin-firebase\"",
					"\"Fit Kannadiga/Plugins/cordova-plugin-firebase\"",
					"\"Fit Kannadiga/Plugins/cordova-plugin-firebase\"",
					"\"Fit Kannadiga/Plugins/cordova-plugin-firebase\"",
					"\"Fit Kannadiga/Plugins/cordova-plugin-firebase\"",
					"\"Fit Kannadiga/Plugins/cordova-plugin-firebase\"",
					"\"Fit Kannadiga/Plugins/cordova-plugin-firebase\"",
					"\"Fit Kannadiga/Plugins/cordova-plugin-firebase\"",
					"\"Fit Kannadiga/Plugins/cordova-plugin-firebase\"",
					"\"Fit Kannadiga/Plugins/cordova-plugin-firebase\"",
					"\"Fit Kannadiga/Plugins/cordova-plugin-firebase\"",
					"\"Fit Kannadiga/Plugins/cordova-plugin-firebase\"",
					"\"Fit Kannadiga/Plugins/cordova-plugin-firebase\"",
					"\"Fit Kannadiga/Plugins/cordova-plugin-googleplus\"",
					"\"Fit Kannadiga/Plugins/cordova-plugin-googleplus\"",
					"\"Fit Kannadiga/Plugins/cordova-plugin-googleplus\"",
					"\"Fit Kannadiga/Plugins/cordova-plugin-googleplus\"",
					"\"Fit Kannadiga/Plugins/cordova-plugin-googleplus\"",
					"\"Fit Kannadiga/Plugins/cordova-plugin-googleplus\"",
				);
			};
			name = Release;
		};
		C01FCF4F08A954540054247B /* Debug */ = {
			isa = XCBuildConfiguration;
			baseConfigurationReference = 3047A5111AB8059700498E2A /* build.xcconfig */;
			buildSettings = {
				CLANG_ENABLE_MODULES = YES;
				CLANG_ENABLE_OBJC_ARC = YES;
				CLANG_WARN_BOOL_CONVERSION = YES;
				CLANG_WARN_CONSTANT_CONVERSION = YES;
				CLANG_WARN_EMPTY_BODY = YES;
				CLANG_WARN_ENUM_CONVERSION = YES;
				CLANG_WARN_INT_CONVERSION = YES;
				CLANG_WARN__DUPLICATE_METHOD_MATCH = YES;
				GCC_C_LANGUAGE_STANDARD = c99;
				GCC_THUMB_SUPPORT = NO;
				GCC_VERSION = "";
				GCC_WARN_ABOUT_RETURN_TYPE = YES;
				GCC_WARN_UNDECLARED_SELECTOR = YES;
				GCC_WARN_UNINITIALIZED_AUTOS = YES;
				GCC_WARN_UNUSED_FUNCTION = YES;
				GCC_WARN_UNUSED_VARIABLE = YES;
				ONLY_ACTIVE_ARCH = YES;
				SDKROOT = iphoneos;
				SKIP_INSTALL = NO;
				IPHONEOS_DEPLOYMENT_TARGET = 11.0;
			};
			name = Debug;
		};
		C01FCF5008A954540054247B /* Release */ = {
			isa = XCBuildConfiguration;
			baseConfigurationReference = 3047A5111AB8059700498E2A /* build.xcconfig */;
			buildSettings = {
				CLANG_ENABLE_MODULES = YES;
				CLANG_ENABLE_OBJC_ARC = YES;
				CLANG_WARN_BOOL_CONVERSION = YES;
				CLANG_WARN_CONSTANT_CONVERSION = YES;
				CLANG_WARN_EMPTY_BODY = YES;
				CLANG_WARN_ENUM_CONVERSION = YES;
				CLANG_WARN_INT_CONVERSION = YES;
				CLANG_WARN__DUPLICATE_METHOD_MATCH = YES;
				GCC_C_LANGUAGE_STANDARD = c99;
				GCC_THUMB_SUPPORT = NO;
				GCC_VERSION = "";
				GCC_WARN_ABOUT_RETURN_TYPE = YES;
				GCC_WARN_UNDECLARED_SELECTOR = YES;
				GCC_WARN_UNINITIALIZED_AUTOS = YES;
				GCC_WARN_UNUSED_FUNCTION = YES;
				GCC_WARN_UNUSED_VARIABLE = YES;
				SDKROOT = iphoneos;
				SKIP_INSTALL = NO;
				IPHONEOS_DEPLOYMENT_TARGET = 11.0;
			};
			name = Release;
		};
/* End XCBuildConfiguration section */

/* Begin XCConfigurationList section */
		1D6058960D05DD3E006BFB54 /* Build configuration list for PBXNativeTarget "Fit Kannadiga" */ = {
			isa = XCConfigurationList;
			buildConfigurations = (
				1D6058940D05DD3E006BFB54 /* Debug */,
				1D6058950D05DD3E006BFB54 /* Release */,
			);
			defaultConfigurationIsVisible = 0;
			defaultConfigurationName = Release;
		};
		C01FCF4E08A954540054247B /* Build configuration list for PBXProject "__NON-CLI__" */ = {
			isa = XCConfigurationList;
			buildConfigurations = (
				C01FCF4F08A954540054247B /* Debug */,
				C01FCF5008A954540054247B /* Release */,
			);
			defaultConfigurationIsVisible = 0;
			defaultConfigurationName = Release;
		};
/* End XCConfigurationList section */
	};
	rootObject = 29B97313FDCFA39411CA2CEA /* Project object */;
}
