// !$*UTF8*$!
{
	archiveVersion = 1;
	classes = {
	};
	objectVersion = 46;
	objects = {
/* Begin PBXBuildFile section */
		0207DA581B56EA530066E2B4 /* Images.xcassets in Resources */ = {isa = PBXBuildFile; fileRef = 0207DA571B56EA530066E2B4 /* Images.xcassets */; };
		1D3623260D0F684500981E51 /* AppDelegate.m in Sources */ = {isa = PBXBuildFile; fileRef = 1D3623250D0F684500981E51 /* AppDelegate.m */; };
		1D60589B0D05DD56006BFB54 /* main.m in Sources */ = {isa = PBXBuildFile; fileRef = 29B97316FDCFA39411CA2CEA /* main.m */; };
		301BF552109A68D80062928A /* libCordova.a in Frameworks */ = {isa = PBXBuildFile; fileRef = 301BF535109A57CC0062928A /* libCordova.a */; };
		302D95F114D2391D003F00A1 /* MainViewController.m in Sources */ = {isa = PBXBuildFile; fileRef = 302D95EF14D2391D003F00A1 /* MainViewController.m */; };
		302D95F214D2391D003F00A1 /* MainViewController.xib in Resources */ = {isa = PBXBuildFile; fileRef = 302D95F014D2391D003F00A1 /* MainViewController.xib */; };
		3047A5121AB8059700498E2A /* build-debug.xcconfig in Resources */ = {isa = PBXBuildFile; fileRef = 3047A50F1AB8059700498E2A /* build-debug.xcconfig */; };
		3047A5131AB8059700498E2A /* build-release.xcconfig in Resources */ = {isa = PBXBuildFile; fileRef = 3047A5101AB8059700498E2A /* build-release.xcconfig */; };
		3047A5141AB8059700498E2A /* build.xcconfig in Resources */ = {isa = PBXBuildFile; fileRef = 3047A5111AB8059700498E2A /* build.xcconfig */; };
		6AFF5BF91D6E424B00AB3073 /* CDVLaunchScreen.storyboard in Resources */ = {isa = PBXBuildFile; fileRef = 6AFF5BF81D6E424B00AB3073 /* CDVLaunchScreen.storyboard */; };
		0C6CF31BC4E2457DBBCA6415 /* CDVDevice.m in Sources */ = {isa = PBXBuildFile; fileRef = B61FB5BFE09E487AAA1FB2B3 /* CDVDevice.m */; };
		859BD307993F4177B51F1E7A /* APPBackgroundMode.m in Sources */ = {isa = PBXBuildFile; fileRef = 36BC9F5B23A048A1BB40C4A3 /* APPBackgroundMode.m */; };
		C0ADA5FAF4904C9CAB910E85 /* APPMethodMagic.m in Sources */ = {isa = PBXBuildFile; fileRef = 3ABE8DD7AEE4467CB77492B3 /* APPMethodMagic.m */; };
		95D14BA8484B46C7BFB55351 /* appbeep.wav in Resources */ = {isa = PBXBuildFile; fileRef = CC57D0D0DD8141A681775782 /* appbeep.wav */; };
		5AC8C788FE9C4AAF92F73E60 /* UIImage+CropScaleOrientation.m in Sources */ = {isa = PBXBuildFile; fileRef = 0A9FC395DB324430AA51F347 /* UIImage+CropScaleOrientation.m */; };
		C18C12B277DC4C0887D2CFCA /* CDVCamera.m in Sources */ = {isa = PBXBuildFile; fileRef = DD65D46745F742A7BA19526F /* CDVCamera.m */; };
		1A83CB768EC8457E99296E3F /* CDVJpegHeaderWriter.m in Sources */ = {isa = PBXBuildFile; fileRef = C9F368CD109F4CB09E3CBF06 /* CDVJpegHeaderWriter.m */; };
		5E71DAB84D8844009E3E05AC /* ImageIO.framework in Frameworks */ = {isa = PBXBuildFile; fileRef = FBE7F3AD5A7340D7AACBA89B /* ImageIO.framework */; settings = {ATTRIBUTES = (Weak, ); }; };
		0603CE1FE1A54187AEF22365 /* CoreLocation.framework in Frameworks */ = {isa = PBXBuildFile; fileRef = B7BE6BF1CAF443DBB6D9E3AB /* CoreLocation.framework */; };
		875163293D2B4A47B94C03DE /* AVFoundation.framework in Frameworks */ = {isa = PBXBuildFile; fileRef = 4194E885997A4B8780458ED7 /* AVFoundation.framework */; };
		1FB28D1BEE684C6FB3D01022 /* CTCrop.m in Sources */ = {isa = PBXBuildFile; fileRef = 61D6EA7DF5CB40F69426CA18 /* CTCrop.m */; };
		898F08C5520947549DA98169 /* PECropRectView.m in Sources */ = {isa = PBXBuildFile; fileRef = 337356B4D81C4F81B0D15762 /* PECropRectView.m */; };
		F951754DEE724793B4165511 /* PECropView.m in Sources */ = {isa = PBXBuildFile; fileRef = C1AB632D1266414DA6850948 /* PECropView.m */; };
		F261673C50334707B0AD4F99 /* PECropViewController.m in Sources */ = {isa = PBXBuildFile; fileRef = C33B70F61E4C4CDEB6D39D39 /* PECropViewController.m */; };
		768824A293744EAAA916190F /* PEResizeControl.m in Sources */ = {isa = PBXBuildFile; fileRef = 90A58D4A35214ACABEAF04D3 /* PEResizeControl.m */; };
		8A7DF45F818D4619A223CE44 /* UIImage+PECrop.m in Sources */ = {isa = PBXBuildFile; fileRef = EA00B261EC784FC7A350F62F /* UIImage+PECrop.m */; };
		13933A7E071146C9A78A3046 /* PEPhotoCropEditor.bundle in Resources */ = {isa = PBXBuildFile; fileRef = D69011B9BE0B4DA9946BD25E /* PEPhotoCropEditor.bundle */; };
		C4411F034DA94EDFAA9CD76D /* QuartzCore.framework in Frameworks */ = {isa = PBXBuildFile; fileRef = D8A08F7F30A24D059FF52680 /* QuartzCore.framework */; };
		6B8D50C4004D4CC6AFF59D37 /* CDVFile.m in Sources */ = {isa = PBXBuildFile; fileRef = 0430A3511AE44F738E15D41F /* CDVFile.m */; };
		2A33CB9BF7144C2586074735 /* CDVLocalFilesystem.m in Sources */ = {isa = PBXBuildFile; fileRef = 4CB506FCC3464EC183E815BF /* CDVLocalFilesystem.m */; };
		21710CB6058B43A1B2FBE2F4 /* CDVAssetLibraryFilesystem.m in Sources */ = {isa = PBXBuildFile; fileRef = 47A0BDF1530F4A86BDBE89E5 /* CDVAssetLibraryFilesystem.m */; };
		79E28A3F56F540B1B2F65541 /* CDVFileTransfer.m in Sources */ = {isa = PBXBuildFile; fileRef = 6965C139AF3045ADBD5D665F /* CDVFileTransfer.m */; };
		D95D13A03A7A4AA59EC74DC1 /* AppDelegate+FirebasePlugin.m in Sources */ = {isa = PBXBuildFile; fileRef = A6A9B349FADE4BDC9A0BEBF4 /* AppDelegate+FirebasePlugin.m */; };
		05A66BACF5264A5EA6CF15E8 /* FirebasePlugin.m in Sources */ = {isa = PBXBuildFile; fileRef = 1179D4FAC599423A9BC0B909 /* FirebasePlugin.m */; };
		1266194A27BB44A5A0B19684 /* GoogleService-Info.plist in Resources */ = {isa = PBXBuildFile; fileRef = 3505EBE8C8C14B96BD4C52E5 /* GoogleService-Info.plist */; };
		8CFDE4018208451381A2DD66 /* Crashlytics.framework in Frameworks */ = {isa = PBXBuildFile; fileRef = 273964F2388541A69BC5424F /* Crashlytics.framework */; };
		7FCED85E62D44F53AC024494 /* Fabric.framework in Frameworks */ = {isa = PBXBuildFile; fileRef = C933600ACF6E481FA000892A /* Fabric.framework */; };
		D1DFC43F4F4A43F1BD6E5418 /* GoogleAppMeasurement.framework in Frameworks */ = {isa = PBXBuildFile; fileRef = E2DA0EDBEEEB4D79BD1B6130 /* GoogleAppMeasurement.framework */; };
		232C278C0698473FB1C66EAC /* MeasurementNanoPB.framework in Frameworks */ = {isa = PBXBuildFile; fileRef = BBC1FC169FE94C3DAF66C1C5 /* MeasurementNanoPB.framework */; };
		05DFD5370628444893F8D777 /* FirebaseCore.framework in Frameworks */ = {isa = PBXBuildFile; fileRef = 82F46A6FCDB54587AD031024 /* FirebaseCore.framework */; };
		D5B6A8112AF14B458DEDF559 /* FirebaseAnalytics.framework in Frameworks */ = {isa = PBXBuildFile; fileRef = 3743A182B95C404F91FFC6FD /* FirebaseAnalytics.framework */; };
		0399E160796644AC93381694 /* GoogleUtilities.framework in Frameworks */ = {isa = PBXBuildFile; fileRef = 52DF2620282A48EB96AEC6E4 /* GoogleUtilities.framework */; };
		2A31C3430C994475AFC304C3 /* nanopb.framework in Frameworks */ = {isa = PBXBuildFile; fileRef = 625F781AE4FF422FAEBE9DE6 /* nanopb.framework */; };
		CE9050F3B91847A4A1EB1474 /* FirebaseInstanceID.framework in Frameworks */ = {isa = PBXBuildFile; fileRef = EADF4674DA084E499A8ACD0A /* FirebaseInstanceID.framework */; };
		A7653E95AFFA425394FC5AE4 /* FirebaseCoreDiagnostics.framework in Frameworks */ = {isa = PBXBuildFile; fileRef = 40A979F7CEE049CBB6D7EE1D /* FirebaseCoreDiagnostics.framework */; };
		9382CDD05AB3487C960F0EA4 /* GTMSessionFetcher.framework in Frameworks */ = {isa = PBXBuildFile; fileRef = BEC9FB40F69349F2A7284A1E /* GTMSessionFetcher.framework */; };
		D4E8ACF3DEC14EFDA2002AF9 /* FirebaseAuth.framework in Frameworks */ = {isa = PBXBuildFile; fileRef = FB01006031164577B459934D /* FirebaseAuth.framework */; };
		D93930099CC347D583660373 /* FirebaseMessaging.framework in Frameworks */ = {isa = PBXBuildFile; fileRef = EC8D50DD31A64CC59BF0BD05 /* FirebaseMessaging.framework */; };
		0C7C42B3624F4E53BE5A3C17 /* GoogleToolboxForMac.framework in Frameworks */ = {isa = PBXBuildFile; fileRef = DC95A968625E408BBC2298D3 /* GoogleToolboxForMac.framework */; };
		3319E3AC8F2840B8AF2459E0 /* FirebasePerformance.framework in Frameworks */ = {isa = PBXBuildFile; fileRef = F6E6ABD0C84E4E6E9487F6D2 /* FirebasePerformance.framework */; };
		FD4F082C3B0D4B23B0A781A8 /* Protobuf.framework in Frameworks */ = {isa = PBXBuildFile; fileRef = 55CE9DB9480E4B4E91A5EDE2 /* Protobuf.framework */; };
		104F424B95F649A5AEDD24CF /* FirebaseRemoteConfig.framework in Frameworks */ = {isa = PBXBuildFile; fileRef = 0F8BECD903314E1FAF962A21 /* FirebaseRemoteConfig.framework */; };
		E13A622BB7454B4AB126B1E9 /* FirebaseABTesting.framework in Frameworks */ = {isa = PBXBuildFile; fileRef = C9A622E383F24A05A57C203A /* FirebaseABTesting.framework */; };
		AE715F8E6DF34921BD309191 /* CDVInAppBrowser.m in Sources */ = {isa = PBXBuildFile; fileRef = 393AA4F5F17445FDA1DB3077 /* CDVInAppBrowser.m */; };
		F235B2EA035A4BF29C952445 /* Insomnia.m in Sources */ = {isa = PBXBuildFile; fileRef = D6D685557A8B409F86B27F4C /* Insomnia.m */; };
		76F17AD8B46048378E342298 /* CDVIonicKeyboard.m in Sources */ = {isa = PBXBuildFile; fileRef = 6C244DB85D61423A88F70980 /* CDVIonicKeyboard.m */; };
		F91B6F984D094ED08DBA80EF /* CDVWKWebViewEngine.m in Sources */ = {isa = PBXBuildFile; fileRef = C4F17302508945AA9D8BF3C5 /* CDVWKWebViewEngine.m */; };
		D763D758B38B4DD7A44E05AC /* CDVWKWebViewUIDelegate.m in Sources */ = {isa = PBXBuildFile; fileRef = 3D74015CAA944642B443CB42 /* CDVWKWebViewUIDelegate.m */; };
		4D334D07960B493789486B8A /* CDVWKProcessPoolFactory.m in Sources */ = {isa = PBXBuildFile; fileRef = 8DE7ECF17A4547C9A818FF5E /* CDVWKProcessPoolFactory.m */; };
		C70ADAE738864F8B8191E12B /* IONAssetHandler.m in Sources */ = {isa = PBXBuildFile; fileRef = DD094C40C1254B53846FB6A5 /* IONAssetHandler.m */; };
		35226126F07E4C2CA7BF43B2 /* WebKit.framework in Frameworks */ = {isa = PBXBuildFile; fileRef = 9484696AADF44BC9BA85A49E /* WebKit.framework */; settings = {ATTRIBUTES = (Weak, ); }; };
		79E1A1C76E4F4416A22003A0 /* CDVConnection.m in Sources */ = {isa = PBXBuildFile; fileRef = 74CE258CD9024455B871B0C3 /* CDVConnection.m */; };
		C5BC231D886E469582E779BF /* CDVReachability.m in Sources */ = {isa = PBXBuildFile; fileRef = FFD019D1E72E4DB389D4FAFF /* CDVReachability.m */; };
		EFB569E282C1426994199B60 /* SystemConfiguration.framework in Frameworks */ = {isa = PBXBuildFile; fileRef = C5B1AA55B05B4D988278433B /* SystemConfiguration.framework */; settings = {ATTRIBUTES = (Weak, ); }; };
		C9BC54B2C98B421B87A80644 /* CoreTelephony.framework in Frameworks */ = {isa = PBXBuildFile; fileRef = 0CB4E6C7D0354BABBB93ECFB /* CoreTelephony.framework */; };
		083B7D61EF2F4FB0AB84BCF5 /* CDVOrientation.m in Sources */ = {isa = PBXBuildFile; fileRef = BC902AE975F44314918DD24F /* CDVOrientation.m */; };
		5D58349FD75F413CB4CDC66D /* CDVSplashScreen.m in Sources */ = {isa = PBXBuildFile; fileRef = 8FDFEAEE7DAA43F4879E48E9 /* CDVSplashScreen.m */; };
		F9B7DC0976884DA790E835B4 /* CDVViewController+SplashScreen.m in Sources */ = {isa = PBXBuildFile; fileRef = 92E0847AB5A44DB8A46EDAC7 /* CDVViewController+SplashScreen.m */; };
		819A322F4C7C420B968868F3 /* CDVStatusBar.m in Sources */ = {isa = PBXBuildFile; fileRef = 63D507218A24418F9079DED1 /* CDVStatusBar.m */; };
		BD4133A0F03D4B829AECBF15 /* SOSPicker.m in Sources */ = {isa = PBXBuildFile; fileRef = C3E0EFE2898E470BA14772EC /* SOSPicker.m */; };
		6365BB578F674277B3BFE8BB /* UIImage+fixOrientation.m in Sources */ = {isa = PBXBuildFile; fileRef = FBA5C6383AF24CB4861BF94E /* UIImage+fixOrientation.m */; };
		575B59F6EC4345F888C4CADD /* GMAlbumsViewCell.m in Sources */ = {isa = PBXBuildFile; fileRef = EFBEEBC915EF49ACB0E03D22 /* GMAlbumsViewCell.m */; };
		0179D06F20F141CBB1F090F0 /* GMAlbumsViewController.m in Sources */ = {isa = PBXBuildFile; fileRef = 2C5E178937F84B8BB60727F7 /* GMAlbumsViewController.m */; };
		0510601886EC417D87036E5E /* GMFetchItem.m in Sources */ = {isa = PBXBuildFile; fileRef = 66C94827AD48430893BEDF46 /* GMFetchItem.m */; };
		5321FAF726034E8E853B1C71 /* GMGridViewCell.m in Sources */ = {isa = PBXBuildFile; fileRef = 43DB4BFBE80E4408921903AF /* GMGridViewCell.m */; };
		F38A58F286E847E7823A3977 /* GMGridViewController.m in Sources */ = {isa = PBXBuildFile; fileRef = 93E405BE9C7C447AAAF14AF4 /* GMGridViewController.m */; };
		DA26CE6EFCB94EA0AD99AE63 /* GMImagePickerController.m in Sources */ = {isa = PBXBuildFile; fileRef = B11859F22AEF46DDB86498F9 /* GMImagePickerController.m */; };
		4FB5A1B066CD475EA11E778A /* PSYBlockTimer.m in Sources */ = {isa = PBXBuildFile; fileRef = 849CF10746A04361B10CB409 /* PSYBlockTimer.m */; };
		0D2E768FB73A4227B3322B15 /* GMPHAsset.m in Sources */ = {isa = PBXBuildFile; fileRef = D33171CD90644434BAA3B1CB /* GMPHAsset.m */; };
		23F037F192784FCC87013FEE /* GMEmptyFolder@1x.png in Resources */ = {isa = PBXBuildFile; fileRef = F59443086DCE40339C83C542 /* GMEmptyFolder@1x.png */; };
		350903E51A8A4EB59E094833 /* GMEmptyFolder@2x.png in Resources */ = {isa = PBXBuildFile; fileRef = 1DC232982FC94FAFB7CC91AD /* GMEmptyFolder@2x.png */; };
		6C451C8CC9044A698D67F0A3 /* GMSelected.png in Resources */ = {isa = PBXBuildFile; fileRef = 76D56F142B5D43A2A7DC07D6 /* GMSelected.png */; };
		932B3BA28F7A45FE803AE147 /* GMSelected@2x.png in Resources */ = {isa = PBXBuildFile; fileRef = 8462939122ED4A26922CF33F /* GMSelected@2x.png */; };
		4606C48C870640A0AB6EB9A3 /* GMVideoIcon.png in Resources */ = {isa = PBXBuildFile; fileRef = DCBDBB74E7BD4E55A19C8EF2 /* GMVideoIcon.png */; };
		7C947C42C3D347659863E1D5 /* GMVideoIcon@2x.png in Resources */ = {isa = PBXBuildFile; fileRef = E2091DFBC66848D0A0387AD4 /* GMVideoIcon@2x.png */; };
		CC4CE3628131446AB7112EEC /* ca.lproj in Resources */ = {isa = PBXBuildFile; fileRef = 28BEC80A1A4F48B0B3C6C7A2 /* ca.lproj */; };
		4A4D658688B041A99FCDA9B5 /* de.lproj in Resources */ = {isa = PBXBuildFile; fileRef = E87C470743F947A7A91401C9 /* de.lproj */; };
		EAC18A1CB058413B95710B7C /* en.lproj in Resources */ = {isa = PBXBuildFile; fileRef = 57ADA91CFE5D49B9933253DD /* en.lproj */; };
		1171DB6BCA68457BAA9BF687 /* es.lproj in Resources */ = {isa = PBXBuildFile; fileRef = EC5310D0F8E645F79B4A1A5C /* es.lproj */; };
		45A3BD49A6C84449BDBD0A7E /* fr.lproj in Resources */ = {isa = PBXBuildFile; fileRef = B5B1E2744F1C4F07A34E78B4 /* fr.lproj */; };
		765A7A6601E04D7CA5B9A0F2 /* it.lproj in Resources */ = {isa = PBXBuildFile; fileRef = 640770718C3544FD91310662 /* it.lproj */; };
		A8F3574314364D65AF0ED489 /* pt.lproj in Resources */ = {isa = PBXBuildFile; fileRef = 40612457593D42FFA3467D49 /* pt.lproj */; };
		CE1E248C3FD94517ABB2CBA9 /* pl.lproj in Resources */ = {isa = PBXBuildFile; fileRef = 9CED79A6AA1D4C06B9A4381B /* pl.lproj */; };
		7CA0D94E3F3C4C5EAECC63FD /* zh-Hans.lproj in Resources */ = {isa = PBXBuildFile; fileRef = FD5FE16A1CA24787BDEC8A4B /* zh-Hans.lproj */; };
		83ABBD3B135C4AFF8BB8B4E2 /* Accelerate.framework in Frameworks */ = {isa = PBXBuildFile; fileRef = 8FCF9BB3431C4FD3AF002FA6 /* Accelerate.framework */; };
		7D9B5338FD1E4462AF72823B /* Security.framework in Frameworks */ = {isa = PBXBuildFile; fileRef = 48BA2077F33841D894B29257 /* Security.framework */; };
		06277A7939D94FF29202AC10 /* Photos.framework in Frameworks */ = {isa = PBXBuildFile; fileRef = 02B620617E9D41588B2B2AEE /* Photos.framework */; };
		144A217C359643E6AE61816E /* CDVTTS.m in Sources */ = {isa = PBXBuildFile; fileRef = E4D5BC0B22594D4881987388 /* CDVTTS.m */; };
		4C44B56640ED47AC949EBF20 /* NSString+SSURLEncoding.m in Sources */ = {isa = PBXBuildFile; fileRef = C8516BE66BBD4C73A855E1D6 /* NSString+SSURLEncoding.m */; };
		EFB506A2BA5348E9907D0A51 /* SocialSharing.m in Sources */ = {isa = PBXBuildFile; fileRef = 58DF36D9FD5A4D2BBAA66F3A /* SocialSharing.m */; };
		4576691A541D415C97B08091 /* Social.framework in Frameworks */ = {isa = PBXBuildFile; fileRef = DF4FB3B38C7A46068CBF7BE8 /* Social.framework */; settings = {ATTRIBUTES = (Weak, ); }; };
		A55C9CBA602445A7B6C4960B /* MessageUI.framework in Frameworks */ = {isa = PBXBuildFile; fileRef = 9DA56D085D6F4C018F32DB0B /* MessageUI.framework */; settings = {ATTRIBUTES = (Weak, ); }; };
/* End PBXBuildFile section */

/* Begin PBXContainerItemProxy section */
		301BF534109A57CC0062928A /* PBXContainerItemProxy */ = {
			isa = PBXContainerItemProxy;
			containerPortal = 301BF52D109A57CC0062928A /* CordovaLib.xcodeproj */;
			proxyType = 2;
			remoteGlobalIDString = D2AAC07E0554694100DB518D;
			remoteInfo = CordovaLib;
		};
		301BF550109A68C00062928A /* PBXContainerItemProxy */ = {
			isa = PBXContainerItemProxy;
			containerPortal = 301BF52D109A57CC0062928A /* CordovaLib.xcodeproj */;
			proxyType = 1;
			remoteGlobalIDString = D2AAC07D0554694100DB518D;
			remoteInfo = CordovaLib;
		};
/* End PBXContainerItemProxy section */

/* Begin PBXFileReference section */
		0207DA571B56EA530066E2B4 /* Images.xcassets */ = {isa = PBXFileReference; lastKnownFileType = folder.assetcatalog; name = Images.xcassets; path = "Fit Kannadiga/Images.xcassets"; sourceTree = SOURCE_ROOT; };
		1D3623240D0F684500981E51 /* AppDelegate.h */ = {isa = PBXFileReference; fileEncoding = 4; lastKnownFileType = sourcecode.c.h; path = AppDelegate.h; sourceTree = "<group>"; };
		1D3623250D0F684500981E51 /* AppDelegate.m */ = {isa = PBXFileReference; fileEncoding = 4; lastKnownFileType = sourcecode.c.objc; path = AppDelegate.m; sourceTree = "<group>"; };
		1D6058910D05DD3D006BFB54 /* Fit Kannadiga.app */ = {isa = PBXFileReference; explicitFileType = wrapper.application; includeInIndex = 0; path = "Fit Kannadiga.app"; sourceTree = BUILT_PRODUCTS_DIR; };
		29B97316FDCFA39411CA2CEA /* main.m */ = {isa = PBXFileReference; fileEncoding = 4; lastKnownFileType = sourcecode.c.objc; path = main.m; sourceTree = "<group>"; };
		301BF52D109A57CC0062928A /* CordovaLib.xcodeproj */ = {isa = PBXFileReference; lastKnownFileType = "wrapper.pb-project"; path = CordovaLib/CordovaLib.xcodeproj; sourceTree = "<group>"; };
		301BF56E109A69640062928A /* www */ = {isa = PBXFileReference; lastKnownFileType = folder; path = www; sourceTree = SOURCE_ROOT; };
		302D95EE14D2391D003F00A1 /* MainViewController.h */ = {isa = PBXFileReference; fileEncoding = 4; lastKnownFileType = sourcecode.c.h; path = MainViewController.h; sourceTree = "<group>"; };
		302D95EF14D2391D003F00A1 /* MainViewController.m */ = {isa = PBXFileReference; fileEncoding = 4; lastKnownFileType = sourcecode.c.objc; path = MainViewController.m; sourceTree = "<group>"; };
		302D95F014D2391D003F00A1 /* MainViewController.xib */ = {isa = PBXFileReference; fileEncoding = 4; lastKnownFileType = file.xib; path = MainViewController.xib; sourceTree = "<group>"; };
		3047A50F1AB8059700498E2A /* build-debug.xcconfig */ = {isa = PBXFileReference; fileEncoding = 4; lastKnownFileType = text.xcconfig; name = "build-debug.xcconfig"; path = cordova/build-debug.xcconfig; sourceTree = SOURCE_ROOT; };
		3047A5101AB8059700498E2A /* build-release.xcconfig */ = {isa = PBXFileReference; fileEncoding = 4; lastKnownFileType = text.xcconfig; name = "build-release.xcconfig"; path = cordova/build-release.xcconfig; sourceTree = SOURCE_ROOT; };
		3047A5111AB8059700498E2A /* build.xcconfig */ = {isa = PBXFileReference; fileEncoding = 4; lastKnownFileType = text.xcconfig; name = build.xcconfig; path = cordova/build.xcconfig; sourceTree = SOURCE_ROOT; };
		32CA4F630368D1EE00C91783 /* Fit Kannadiga-Prefix.pch */ = {isa = PBXFileReference; fileEncoding = 4; lastKnownFileType = sourcecode.c.h; path = "Fit Kannadiga-Prefix.pch"; sourceTree = "<group>"; };
		6AFF5BF81D6E424B00AB3073 /* CDVLaunchScreen.storyboard */ = {isa = PBXFileReference; fileEncoding = 4; lastKnownFileType = file.storyboard; name = CDVLaunchScreen.storyboard; path = "Fit Kannadiga/CDVLaunchScreen.storyboard"; sourceTree = SOURCE_ROOT; };
		8D1107310486CEB800E47090 /* Fit Kannadiga-Info.plist */ = {isa = PBXFileReference; fileEncoding = 4; lastKnownFileType = text.plist.xml; name = "Fit Kannadiga-Info.plist"; path = "Fit Kannadiga/Fit Kannadiga-Info.plist"; plistStructureDefinitionIdentifier = "com.apple.xcode.plist.structure-definition.iphone.info-plist"; sourceTree = SOURCE_ROOT; };
		EB87FDF31871DA8E0020F90C /* www */ = {isa = PBXFileReference; lastKnownFileType = folder; name = www; path = ../../www; sourceTree = "<group>"; };
		EB87FDF41871DAF40020F90C /* config.xml */ = {isa = PBXFileReference; lastKnownFileType = text.xml; name = config.xml; path = ../../config.xml; sourceTree = "<group>"; };
		F840E1F0165FE0F500CFE078 /* config.xml */ = {isa = PBXFileReference; lastKnownFileType = text.xml; name = config.xml; path = "Fit Kannadiga/config.xml"; sourceTree = "<group>"; };
		ED33DF2A687741AEAF9F8254 /* Bridging-Header.h */ = {isa = PBXFileReference; fileEncoding = 4; lastKnownFileType = sourcecode.c.h; name = "Bridging-Header.h"; path = "Bridging-Header.h"; sourceTree = "<group>"; };
		B61FB5BFE09E487AAA1FB2B3 /* CDVDevice.m */ = {isa = PBXFileReference; name = "CDVDevice.m"; path = "cordova-plugin-device/CDVDevice.m"; sourceTree = "<group>"; fileEncoding = 4; lastKnownFileType = sourcecode.c.objc; explicitFileType = undefined; includeInIndex = 0; };
		40D3CCED093542399C2E5C3F /* CDVDevice.h */ = {isa = PBXFileReference; name = "CDVDevice.h"; path = "cordova-plugin-device/CDVDevice.h"; sourceTree = "<group>"; fileEncoding = 4; lastKnownFileType = sourcecode.c.h; explicitFileType = undefined; includeInIndex = 0; };
		36BC9F5B23A048A1BB40C4A3 /* APPBackgroundMode.m */ = {isa = PBXFileReference; name = "APPBackgroundMode.m"; path = "cordova-plugin-background-mode/APPBackgroundMode.m"; sourceTree = "<group>"; fileEncoding = 4; lastKnownFileType = sourcecode.c.objc; explicitFileType = undefined; includeInIndex = 0; };
		3ABE8DD7AEE4467CB77492B3 /* APPMethodMagic.m */ = {isa = PBXFileReference; name = "APPMethodMagic.m"; path = "cordova-plugin-background-mode/APPMethodMagic.m"; sourceTree = "<group>"; fileEncoding = 4; lastKnownFileType = sourcecode.c.objc; explicitFileType = undefined; includeInIndex = 0; };
		33FC5D8D139346308DB2F37E /* APPBackgroundMode.h */ = {isa = PBXFileReference; name = "APPBackgroundMode.h"; path = "cordova-plugin-background-mode/APPBackgroundMode.h"; sourceTree = "<group>"; fileEncoding = 4; lastKnownFileType = sourcecode.c.h; explicitFileType = undefined; includeInIndex = 0; };
		63130BF590334989931F7742 /* APPMethodMagic.h */ = {isa = PBXFileReference; name = "APPMethodMagic.h"; path = "cordova-plugin-background-mode/APPMethodMagic.h"; sourceTree = "<group>"; fileEncoding = 4; lastKnownFileType = sourcecode.c.h; explicitFileType = undefined; includeInIndex = 0; };
		CC57D0D0DD8141A681775782 /* appbeep.wav */ = {isa = PBXFileReference; name = "appbeep.wav"; path = "appbeep.wav"; sourceTree = "<group>"; fileEncoding = undefined; lastKnownFileType = unknown; explicitFileType = undefined; includeInIndex = 0; };
		0A9FC395DB324430AA51F347 /* UIImage+CropScaleOrientation.m */ = {isa = PBXFileReference; name = "UIImage+CropScaleOrientation.m"; path = "cordova-plugin-camera/UIImage+CropScaleOrientation.m"; sourceTree = "<group>"; fileEncoding = 4; lastKnownFileType = sourcecode.c.objc; explicitFileType = undefined; includeInIndex = 0; };
		DD65D46745F742A7BA19526F /* CDVCamera.m */ = {isa = PBXFileReference; name = "CDVCamera.m"; path = "cordova-plugin-camera/CDVCamera.m"; sourceTree = "<group>"; fileEncoding = 4; lastKnownFileType = sourcecode.c.objc; explicitFileType = undefined; includeInIndex = 0; };
		C9F368CD109F4CB09E3CBF06 /* CDVJpegHeaderWriter.m */ = {isa = PBXFileReference; name = "CDVJpegHeaderWriter.m"; path = "cordova-plugin-camera/CDVJpegHeaderWriter.m"; sourceTree = "<group>"; fileEncoding = 4; lastKnownFileType = sourcecode.c.objc; explicitFileType = undefined; includeInIndex = 0; };
		F6515BEB41F64CD7B1673D02 /* UIImage+CropScaleOrientation.h */ = {isa = PBXFileReference; name = "UIImage+CropScaleOrientation.h"; path = "cordova-plugin-camera/UIImage+CropScaleOrientation.h"; sourceTree = "<group>"; fileEncoding = 4; lastKnownFileType = sourcecode.c.h; explicitFileType = undefined; includeInIndex = 0; };
		7B82C2C7456D442DB331BC21 /* CDVCamera.h */ = {isa = PBXFileReference; name = "CDVCamera.h"; path = "cordova-plugin-camera/CDVCamera.h"; sourceTree = "<group>"; fileEncoding = 4; lastKnownFileType = sourcecode.c.h; explicitFileType = undefined; includeInIndex = 0; };
		AAAFD61F8D18497399A3B8EC /* CDVJpegHeaderWriter.h */ = {isa = PBXFileReference; name = "CDVJpegHeaderWriter.h"; path = "cordova-plugin-camera/CDVJpegHeaderWriter.h"; sourceTree = "<group>"; fileEncoding = 4; lastKnownFileType = sourcecode.c.h; explicitFileType = undefined; includeInIndex = 0; };
		3541292C16E64940B17A6643 /* CDVExif.h */ = {isa = PBXFileReference; name = "CDVExif.h"; path = "cordova-plugin-camera/CDVExif.h"; sourceTree = "<group>"; fileEncoding = 4; lastKnownFileType = sourcecode.c.h; explicitFileType = undefined; includeInIndex = 0; };
		FBE7F3AD5A7340D7AACBA89B /* ImageIO.framework */ = {isa = PBXFileReference; name = "ImageIO.framework"; path = "System/Library/Frameworks/ImageIO.framework"; sourceTree = SDKROOT; fileEncoding = undefined; lastKnownFileType = wrapper.framework; explicitFileType = undefined; includeInIndex = 0; };
		B7BE6BF1CAF443DBB6D9E3AB /* CoreLocation.framework */ = {isa = PBXFileReference; name = "CoreLocation.framework"; path = "System/Library/Frameworks/CoreLocation.framework"; sourceTree = SDKROOT; fileEncoding = undefined; lastKnownFileType = wrapper.framework; explicitFileType = undefined; includeInIndex = 0; };
		4194E885997A4B8780458ED7 /* AVFoundation.framework */ = {isa = PBXFileReference; name = "AVFoundation.framework"; path = "System/Library/Frameworks/AVFoundation.framework"; sourceTree = SDKROOT; fileEncoding = undefined; lastKnownFileType = wrapper.framework; explicitFileType = undefined; includeInIndex = 0; };
		61D6EA7DF5CB40F69426CA18 /* CTCrop.m */ = {isa = PBXFileReference; name = "CTCrop.m"; path = "cordova-plugin-crop/CTCrop.m"; sourceTree = "<group>"; fileEncoding = 4; lastKnownFileType = sourcecode.c.objc; explicitFileType = undefined; includeInIndex = 0; };
		337356B4D81C4F81B0D15762 /* PECropRectView.m */ = {isa = PBXFileReference; name = "PECropRectView.m"; path = "cordova-plugin-crop/PECropRectView.m"; sourceTree = "<group>"; fileEncoding = 4; lastKnownFileType = sourcecode.c.objc; explicitFileType = undefined; includeInIndex = 0; };
		C1AB632D1266414DA6850948 /* PECropView.m */ = {isa = PBXFileReference; name = "PECropView.m"; path = "cordova-plugin-crop/PECropView.m"; sourceTree = "<group>"; fileEncoding = 4; lastKnownFileType = sourcecode.c.objc; explicitFileType = undefined; includeInIndex = 0; };
		C33B70F61E4C4CDEB6D39D39 /* PECropViewController.m */ = {isa = PBXFileReference; name = "PECropViewController.m"; path = "cordova-plugin-crop/PECropViewController.m"; sourceTree = "<group>"; fileEncoding = 4; lastKnownFileType = sourcecode.c.objc; explicitFileType = undefined; includeInIndex = 0; };
		90A58D4A35214ACABEAF04D3 /* PEResizeControl.m */ = {isa = PBXFileReference; name = "PEResizeControl.m"; path = "cordova-plugin-crop/PEResizeControl.m"; sourceTree = "<group>"; fileEncoding = 4; lastKnownFileType = sourcecode.c.objc; explicitFileType = undefined; includeInIndex = 0; };
		EA00B261EC784FC7A350F62F /* UIImage+PECrop.m */ = {isa = PBXFileReference; name = "UIImage+PECrop.m"; path = "cordova-plugin-crop/UIImage+PECrop.m"; sourceTree = "<group>"; fileEncoding = 4; lastKnownFileType = sourcecode.c.objc; explicitFileType = undefined; includeInIndex = 0; };
		A7A9F8E11F9A4DFA92DE6536 /* CTCrop.h */ = {isa = PBXFileReference; name = "CTCrop.h"; path = "cordova-plugin-crop/CTCrop.h"; sourceTree = "<group>"; fileEncoding = 4; lastKnownFileType = sourcecode.c.h; explicitFileType = undefined; includeInIndex = 0; };
		BEE1FB72762644E49392723A /* PECropRectView.h */ = {isa = PBXFileReference; name = "PECropRectView.h"; path = "cordova-plugin-crop/PECropRectView.h"; sourceTree = "<group>"; fileEncoding = 4; lastKnownFileType = sourcecode.c.h; explicitFileType = undefined; includeInIndex = 0; };
		A2A76B8FDC0749E1B2C68D11 /* PECropView.h */ = {isa = PBXFileReference; name = "PECropView.h"; path = "cordova-plugin-crop/PECropView.h"; sourceTree = "<group>"; fileEncoding = 4; lastKnownFileType = sourcecode.c.h; explicitFileType = undefined; includeInIndex = 0; };
		64EA311DEACD4545936ADA75 /* PECropViewController.h */ = {isa = PBXFileReference; name = "PECropViewController.h"; path = "cordova-plugin-crop/PECropViewController.h"; sourceTree = "<group>"; fileEncoding = 4; lastKnownFileType = sourcecode.c.h; explicitFileType = undefined; includeInIndex = 0; };
		C254538DEE4F4FF3BABCDB2D /* PEResizeControl.h */ = {isa = PBXFileReference; name = "PEResizeControl.h"; path = "cordova-plugin-crop/PEResizeControl.h"; sourceTree = "<group>"; fileEncoding = 4; lastKnownFileType = sourcecode.c.h; explicitFileType = undefined; includeInIndex = 0; };
		160362CD74C745BF85F623D3 /* UIImage+PECrop.h */ = {isa = PBXFileReference; name = "UIImage+PECrop.h"; path = "cordova-plugin-crop/UIImage+PECrop.h"; sourceTree = "<group>"; fileEncoding = 4; lastKnownFileType = sourcecode.c.h; explicitFileType = undefined; includeInIndex = 0; };
		D69011B9BE0B4DA9946BD25E /* PEPhotoCropEditor.bundle */ = {isa = PBXFileReference; name = "PEPhotoCropEditor.bundle"; path = "PEPhotoCropEditor.bundle"; sourceTree = "<group>"; fileEncoding = undefined; lastKnownFileType = wrapper.plug-in; explicitFileType = undefined; includeInIndex = 0; };
		D8A08F7F30A24D059FF52680 /* QuartzCore.framework */ = {isa = PBXFileReference; name = "QuartzCore.framework"; path = "System/Library/Frameworks/QuartzCore.framework"; sourceTree = SDKROOT; fileEncoding = undefined; lastKnownFileType = wrapper.framework; explicitFileType = undefined; includeInIndex = 0; };
		0430A3511AE44F738E15D41F /* CDVFile.m */ = {isa = PBXFileReference; name = "CDVFile.m"; path = "cordova-plugin-file/CDVFile.m"; sourceTree = "<group>"; fileEncoding = 4; lastKnownFileType = sourcecode.c.objc; explicitFileType = undefined; includeInIndex = 0; };
		4CB506FCC3464EC183E815BF /* CDVLocalFilesystem.m */ = {isa = PBXFileReference; name = "CDVLocalFilesystem.m"; path = "cordova-plugin-file/CDVLocalFilesystem.m"; sourceTree = "<group>"; fileEncoding = 4; lastKnownFileType = sourcecode.c.objc; explicitFileType = undefined; includeInIndex = 0; };
		47A0BDF1530F4A86BDBE89E5 /* CDVAssetLibraryFilesystem.m */ = {isa = PBXFileReference; name = "CDVAssetLibraryFilesystem.m"; path = "cordova-plugin-file/CDVAssetLibraryFilesystem.m"; sourceTree = "<group>"; fileEncoding = 4; lastKnownFileType = sourcecode.c.objc; explicitFileType = undefined; includeInIndex = 0; };
		1DB8BAA5FD444E979E5F45EF /* CDVFile.h */ = {isa = PBXFileReference; name = "CDVFile.h"; path = "cordova-plugin-file/CDVFile.h"; sourceTree = "<group>"; fileEncoding = 4; lastKnownFileType = sourcecode.c.h; explicitFileType = undefined; includeInIndex = 0; };
		8CF0D9F8BB7D474590CA1186 /* CDVLocalFilesystem.h */ = {isa = PBXFileReference; name = "CDVLocalFilesystem.h"; path = "cordova-plugin-file/CDVLocalFilesystem.h"; sourceTree = "<group>"; fileEncoding = 4; lastKnownFileType = sourcecode.c.h; explicitFileType = undefined; includeInIndex = 0; };
		80AEA402DDB447EDA48503EF /* CDVAssetLibraryFilesystem.h */ = {isa = PBXFileReference; name = "CDVAssetLibraryFilesystem.h"; path = "cordova-plugin-file/CDVAssetLibraryFilesystem.h"; sourceTree = "<group>"; fileEncoding = 4; lastKnownFileType = sourcecode.c.h; explicitFileType = undefined; includeInIndex = 0; };
		6965C139AF3045ADBD5D665F /* CDVFileTransfer.m */ = {isa = PBXFileReference; name = "CDVFileTransfer.m"; path = "cordova-plugin-file-transfer/CDVFileTransfer.m"; sourceTree = "<group>"; fileEncoding = 4; lastKnownFileType = sourcecode.c.objc; explicitFileType = undefined; includeInIndex = 0; };
		BCECF0F3A76748D99DF6700A /* CDVFileTransfer.h */ = {isa = PBXFileReference; name = "CDVFileTransfer.h"; path = "cordova-plugin-file-transfer/CDVFileTransfer.h"; sourceTree = "<group>"; fileEncoding = 4; lastKnownFileType = sourcecode.c.h; explicitFileType = undefined; includeInIndex = 0; };
		A6A9B349FADE4BDC9A0BEBF4 /* AppDelegate+FirebasePlugin.m */ = {isa = PBXFileReference; name = "AppDelegate+FirebasePlugin.m"; path = "cordova-plugin-firebase/AppDelegate+FirebasePlugin.m"; sourceTree = "<group>"; fileEncoding = 4; lastKnownFileType = sourcecode.c.objc; explicitFileType = undefined; includeInIndex = 0; };
		1179D4FAC599423A9BC0B909 /* FirebasePlugin.m */ = {isa = PBXFileReference; name = "FirebasePlugin.m"; path = "cordova-plugin-firebase/FirebasePlugin.m"; sourceTree = "<group>"; fileEncoding = 4; lastKnownFileType = sourcecode.c.objc; explicitFileType = undefined; includeInIndex = 0; };
		5622D9B61E1B45D6B304E92C /* AppDelegate+FirebasePlugin.h */ = {isa = PBXFileReference; name = "AppDelegate+FirebasePlugin.h"; path = "cordova-plugin-firebase/AppDelegate+FirebasePlugin.h"; sourceTree = "<group>"; fileEncoding = 4; lastKnownFileType = sourcecode.c.h; explicitFileType = undefined; includeInIndex = 0; };
		8458541FAFE14F20881DAC8C /* FirebasePlugin.h */ = {isa = PBXFileReference; name = "FirebasePlugin.h"; path = "cordova-plugin-firebase/FirebasePlugin.h"; sourceTree = "<group>"; fileEncoding = 4; lastKnownFileType = sourcecode.c.h; explicitFileType = undefined; includeInIndex = 0; };
		FFB1AB26A4A447BCA0ACB1A3 /* Firebase.h */ = {isa = PBXFileReference; name = "Firebase.h"; path = "cordova-plugin-firebase/Firebase.h"; sourceTree = "<group>"; fileEncoding = 4; lastKnownFileType = sourcecode.c.h; explicitFileType = undefined; includeInIndex = 0; };
		3505EBE8C8C14B96BD4C52E5 /* GoogleService-Info.plist */ = {isa = PBXFileReference; name = "GoogleService-Info.plist"; path = "GoogleService-Info.plist"; sourceTree = "<group>"; fileEncoding = 4; lastKnownFileType = text.plist.xml; explicitFileType = undefined; includeInIndex = 0; };
		273964F2388541A69BC5424F /* Crashlytics.framework */ = {isa = PBXFileReference; name = "Crashlytics.framework"; path = "Fit Kannadiga/Plugins/cordova-plugin-firebase/Crashlytics.framework"; sourceTree = "<group>"; fileEncoding = undefined; lastKnownFileType = wrapper.framework; explicitFileType = undefined; includeInIndex = 0; };
		C933600ACF6E481FA000892A /* Fabric.framework */ = {isa = PBXFileReference; name = "Fabric.framework"; path = "Fit Kannadiga/Plugins/cordova-plugin-firebase/Fabric.framework"; sourceTree = "<group>"; fileEncoding = undefined; lastKnownFileType = wrapper.framework; explicitFileType = undefined; includeInIndex = 0; };
		E2DA0EDBEEEB4D79BD1B6130 /* GoogleAppMeasurement.framework */ = {isa = PBXFileReference; name = "GoogleAppMeasurement.framework"; path = "Fit Kannadiga/Plugins/cordova-plugin-firebase/GoogleAppMeasurement.framework"; sourceTree = "<group>"; fileEncoding = undefined; lastKnownFileType = wrapper.framework; explicitFileType = undefined; includeInIndex = 0; };
		BBC1FC169FE94C3DAF66C1C5 /* MeasurementNanoPB.framework */ = {isa = PBXFileReference; name = "MeasurementNanoPB.framework"; path = "Fit Kannadiga/Plugins/cordova-plugin-firebase/MeasurementNanoPB.framework"; sourceTree = "<group>"; fileEncoding = undefined; lastKnownFileType = wrapper.framework; explicitFileType = undefined; includeInIndex = 0; };
		82F46A6FCDB54587AD031024 /* FirebaseCore.framework */ = {isa = PBXFileReference; name = "FirebaseCore.framework"; path = "Fit Kannadiga/Plugins/cordova-plugin-firebase/FirebaseCore.framework"; sourceTree = "<group>"; fileEncoding = undefined; lastKnownFileType = wrapper.framework; explicitFileType = undefined; includeInIndex = 0; };
		3743A182B95C404F91FFC6FD /* FirebaseAnalytics.framework */ = {isa = PBXFileReference; name = "FirebaseAnalytics.framework"; path = "Fit Kannadiga/Plugins/cordova-plugin-firebase/FirebaseAnalytics.framework"; sourceTree = "<group>"; fileEncoding = undefined; lastKnownFileType = wrapper.framework; explicitFileType = undefined; includeInIndex = 0; };
		52DF2620282A48EB96AEC6E4 /* GoogleUtilities.framework */ = {isa = PBXFileReference; name = "GoogleUtilities.framework"; path = "Fit Kannadiga/Plugins/cordova-plugin-firebase/GoogleUtilities.framework"; sourceTree = "<group>"; fileEncoding = undefined; lastKnownFileType = wrapper.framework; explicitFileType = undefined; includeInIndex = 0; };
		625F781AE4FF422FAEBE9DE6 /* nanopb.framework */ = {isa = PBXFileReference; name = "nanopb.framework"; path = "Fit Kannadiga/Plugins/cordova-plugin-firebase/nanopb.framework"; sourceTree = "<group>"; fileEncoding = undefined; lastKnownFileType = wrapper.framework; explicitFileType = undefined; includeInIndex = 0; };
		EADF4674DA084E499A8ACD0A /* FirebaseInstanceID.framework */ = {isa = PBXFileReference; name = "FirebaseInstanceID.framework"; path = "Fit Kannadiga/Plugins/cordova-plugin-firebase/FirebaseInstanceID.framework"; sourceTree = "<group>"; fileEncoding = undefined; lastKnownFileType = wrapper.framework; explicitFileType = undefined; includeInIndex = 0; };
		40A979F7CEE049CBB6D7EE1D /* FirebaseCoreDiagnostics.framework */ = {isa = PBXFileReference; name = "FirebaseCoreDiagnostics.framework"; path = "Fit Kannadiga/Plugins/cordova-plugin-firebase/FirebaseCoreDiagnostics.framework"; sourceTree = "<group>"; fileEncoding = undefined; lastKnownFileType = wrapper.framework; explicitFileType = undefined; includeInIndex = 0; };
		BEC9FB40F69349F2A7284A1E /* GTMSessionFetcher.framework */ = {isa = PBXFileReference; name = "GTMSessionFetcher.framework"; path = "Fit Kannadiga/Plugins/cordova-plugin-firebase/GTMSessionFetcher.framework"; sourceTree = "<group>"; fileEncoding = undefined; lastKnownFileType = wrapper.framework; explicitFileType = undefined; includeInIndex = 0; };
		FB01006031164577B459934D /* FirebaseAuth.framework */ = {isa = PBXFileReference; name = "FirebaseAuth.framework"; path = "Fit Kannadiga/Plugins/cordova-plugin-firebase/FirebaseAuth.framework"; sourceTree = "<group>"; fileEncoding = undefined; lastKnownFileType = wrapper.framework; explicitFileType = undefined; includeInIndex = 0; };
		EC8D50DD31A64CC59BF0BD05 /* FirebaseMessaging.framework */ = {isa = PBXFileReference; name = "FirebaseMessaging.framework"; path = "Fit Kannadiga/Plugins/cordova-plugin-firebase/FirebaseMessaging.framework"; sourceTree = "<group>"; fileEncoding = undefined; lastKnownFileType = wrapper.framework; explicitFileType = undefined; includeInIndex = 0; };
		DC95A968625E408BBC2298D3 /* GoogleToolboxForMac.framework */ = {isa = PBXFileReference; name = "GoogleToolboxForMac.framework"; path = "Fit Kannadiga/Plugins/cordova-plugin-firebase/GoogleToolboxForMac.framework"; sourceTree = "<group>"; fileEncoding = undefined; lastKnownFileType = wrapper.framework; explicitFileType = undefined; includeInIndex = 0; };
		F6E6ABD0C84E4E6E9487F6D2 /* FirebasePerformance.framework */ = {isa = PBXFileReference; name = "FirebasePerformance.framework"; path = "Fit Kannadiga/Plugins/cordova-plugin-firebase/FirebasePerformance.framework"; sourceTree = "<group>"; fileEncoding = undefined; lastKnownFileType = wrapper.framework; explicitFileType = undefined; includeInIndex = 0; };
		55CE9DB9480E4B4E91A5EDE2 /* Protobuf.framework */ = {isa = PBXFileReference; name = "Protobuf.framework"; path = "Fit Kannadiga/Plugins/cordova-plugin-firebase/Protobuf.framework"; sourceTree = "<group>"; fileEncoding = undefined; lastKnownFileType = wrapper.framework; explicitFileType = undefined; includeInIndex = 0; };
		0F8BECD903314E1FAF962A21 /* FirebaseRemoteConfig.framework */ = {isa = PBXFileReference; name = "FirebaseRemoteConfig.framework"; path = "Fit Kannadiga/Plugins/cordova-plugin-firebase/FirebaseRemoteConfig.framework"; sourceTree = "<group>"; fileEncoding = undefined; lastKnownFileType = wrapper.framework; explicitFileType = undefined; includeInIndex = 0; };
		C9A622E383F24A05A57C203A /* FirebaseABTesting.framework */ = {isa = PBXFileReference; name = "FirebaseABTesting.framework"; path = "Fit Kannadiga/Plugins/cordova-plugin-firebase/FirebaseABTesting.framework"; sourceTree = "<group>"; fileEncoding = undefined; lastKnownFileType = wrapper.framework; explicitFileType = undefined; includeInIndex = 0; };
		393AA4F5F17445FDA1DB3077 /* CDVInAppBrowser.m */ = {isa = PBXFileReference; name = "CDVInAppBrowser.m"; path = "cordova-plugin-inappbrowser/CDVInAppBrowser.m"; sourceTree = "<group>"; fileEncoding = 4; lastKnownFileType = sourcecode.c.objc; explicitFileType = undefined; includeInIndex = 0; };
		57313303CC0B433AA8298EA3 /* CDVInAppBrowser.h */ = {isa = PBXFileReference; name = "CDVInAppBrowser.h"; path = "cordova-plugin-inappbrowser/CDVInAppBrowser.h"; sourceTree = "<group>"; fileEncoding = 4; lastKnownFileType = sourcecode.c.h; explicitFileType = undefined; includeInIndex = 0; };
		D6D685557A8B409F86B27F4C /* Insomnia.m */ = {isa = PBXFileReference; name = "Insomnia.m"; path = "cordova-plugin-insomnia/Insomnia.m"; sourceTree = "<group>"; fileEncoding = 4; lastKnownFileType = sourcecode.c.objc; explicitFileType = undefined; includeInIndex = 0; };
		775C2C371D614EA8B2BDDE2C /* Insomnia.h */ = {isa = PBXFileReference; name = "Insomnia.h"; path = "cordova-plugin-insomnia/Insomnia.h"; sourceTree = "<group>"; fileEncoding = 4; lastKnownFileType = sourcecode.c.h; explicitFileType = undefined; includeInIndex = 0; };
		6C244DB85D61423A88F70980 /* CDVIonicKeyboard.m */ = {isa = PBXFileReference; name = "CDVIonicKeyboard.m"; path = "cordova-plugin-ionic-keyboard/CDVIonicKeyboard.m"; sourceTree = "<group>"; fileEncoding = 4; lastKnownFileType = sourcecode.c.objc; explicitFileType = undefined; includeInIndex = 0; };
		7BF5311A1D8A44C6BA53FC69 /* CDVIonicKeyboard.h */ = {isa = PBXFileReference; name = "CDVIonicKeyboard.h"; path = "cordova-plugin-ionic-keyboard/CDVIonicKeyboard.h"; sourceTree = "<group>"; fileEncoding = 4; lastKnownFileType = sourcecode.c.h; explicitFileType = undefined; includeInIndex = 0; };
		C4F17302508945AA9D8BF3C5 /* CDVWKWebViewEngine.m */ = {isa = PBXFileReference; name = "CDVWKWebViewEngine.m"; path = "cordova-plugin-ionic-webview/CDVWKWebViewEngine.m"; sourceTree = "<group>"; fileEncoding = 4; lastKnownFileType = sourcecode.c.objc; explicitFileType = undefined; includeInIndex = 0; };
		3D74015CAA944642B443CB42 /* CDVWKWebViewUIDelegate.m */ = {isa = PBXFileReference; name = "CDVWKWebViewUIDelegate.m"; path = "cordova-plugin-ionic-webview/CDVWKWebViewUIDelegate.m"; sourceTree = "<group>"; fileEncoding = 4; lastKnownFileType = sourcecode.c.objc; explicitFileType = undefined; includeInIndex = 0; };
		8DE7ECF17A4547C9A818FF5E /* CDVWKProcessPoolFactory.m */ = {isa = PBXFileReference; name = "CDVWKProcessPoolFactory.m"; path = "cordova-plugin-ionic-webview/CDVWKProcessPoolFactory.m"; sourceTree = "<group>"; fileEncoding = 4; lastKnownFileType = sourcecode.c.objc; explicitFileType = undefined; includeInIndex = 0; };
		DD094C40C1254B53846FB6A5 /* IONAssetHandler.m */ = {isa = PBXFileReference; name = "IONAssetHandler.m"; path = "cordova-plugin-ionic-webview/IONAssetHandler.m"; sourceTree = "<group>"; fileEncoding = 4; lastKnownFileType = sourcecode.c.objc; explicitFileType = undefined; includeInIndex = 0; };
		0CAC127CEC0042A19097B1E1 /* CDVWKWebViewEngine.h */ = {isa = PBXFileReference; name = "CDVWKWebViewEngine.h"; path = "cordova-plugin-ionic-webview/CDVWKWebViewEngine.h"; sourceTree = "<group>"; fileEncoding = 4; lastKnownFileType = sourcecode.c.h; explicitFileType = undefined; includeInIndex = 0; };
		19C1E8683E2543FB80A00C8B /* CDVWKWebViewUIDelegate.h */ = {isa = PBXFileReference; name = "CDVWKWebViewUIDelegate.h"; path = "cordova-plugin-ionic-webview/CDVWKWebViewUIDelegate.h"; sourceTree = "<group>"; fileEncoding = 4; lastKnownFileType = sourcecode.c.h; explicitFileType = undefined; includeInIndex = 0; };
		33BCAB6957284D8AB3EA739E /* CDVWKProcessPoolFactory.h */ = {isa = PBXFileReference; name = "CDVWKProcessPoolFactory.h"; path = "cordova-plugin-ionic-webview/CDVWKProcessPoolFactory.h"; sourceTree = "<group>"; fileEncoding = 4; lastKnownFileType = sourcecode.c.h; explicitFileType = undefined; includeInIndex = 0; };
		7B3DC8EA451640C4A7AFC45B /* IONAssetHandler.h */ = {isa = PBXFileReference; name = "IONAssetHandler.h"; path = "cordova-plugin-ionic-webview/IONAssetHandler.h"; sourceTree = "<group>"; fileEncoding = 4; lastKnownFileType = sourcecode.c.h; explicitFileType = undefined; includeInIndex = 0; };
		9484696AADF44BC9BA85A49E /* WebKit.framework */ = {isa = PBXFileReference; name = "WebKit.framework"; path = "System/Library/Frameworks/WebKit.framework"; sourceTree = SDKROOT; fileEncoding = undefined; lastKnownFileType = wrapper.framework; explicitFileType = undefined; includeInIndex = 0; };
		74CE258CD9024455B871B0C3 /* CDVConnection.m */ = {isa = PBXFileReference; name = "CDVConnection.m"; path = "cordova-plugin-network-information/CDVConnection.m"; sourceTree = "<group>"; fileEncoding = 4; lastKnownFileType = sourcecode.c.objc; explicitFileType = undefined; includeInIndex = 0; };
		FFD019D1E72E4DB389D4FAFF /* CDVReachability.m */ = {isa = PBXFileReference; name = "CDVReachability.m"; path = "cordova-plugin-network-information/CDVReachability.m"; sourceTree = "<group>"; fileEncoding = 4; lastKnownFileType = sourcecode.c.objc; explicitFileType = undefined; includeInIndex = 0; };
		F6F33041FC7C480CA94773D5 /* CDVConnection.h */ = {isa = PBXFileReference; name = "CDVConnection.h"; path = "cordova-plugin-network-information/CDVConnection.h"; sourceTree = "<group>"; fileEncoding = 4; lastKnownFileType = sourcecode.c.h; explicitFileType = undefined; includeInIndex = 0; };
		5D7D8B7AD8E04AD3B9C07145 /* CDVReachability.h */ = {isa = PBXFileReference; name = "CDVReachability.h"; path = "cordova-plugin-network-information/CDVReachability.h"; sourceTree = "<group>"; fileEncoding = 4; lastKnownFileType = sourcecode.c.h; explicitFileType = undefined; includeInIndex = 0; };
		C5B1AA55B05B4D988278433B /* SystemConfiguration.framework */ = {isa = PBXFileReference; name = "SystemConfiguration.framework"; path = "System/Library/Frameworks/SystemConfiguration.framework"; sourceTree = SDKROOT; fileEncoding = undefined; lastKnownFileType = wrapper.framework; explicitFileType = undefined; includeInIndex = 0; };
		0CB4E6C7D0354BABBB93ECFB /* CoreTelephony.framework */ = {isa = PBXFileReference; name = "CoreTelephony.framework"; path = "System/Library/Frameworks/CoreTelephony.framework"; sourceTree = SDKROOT; fileEncoding = undefined; lastKnownFileType = wrapper.framework; explicitFileType = undefined; includeInIndex = 0; };
		BC902AE975F44314918DD24F /* CDVOrientation.m */ = {isa = PBXFileReference; name = "CDVOrientation.m"; path = "cordova-plugin-screen-orientation/CDVOrientation.m"; sourceTree = "<group>"; fileEncoding = 4; lastKnownFileType = sourcecode.c.objc; explicitFileType = undefined; includeInIndex = 0; };
		B9DA3C32E1244B50B4030CC6 /* CDVOrientation.h */ = {isa = PBXFileReference; name = "CDVOrientation.h"; path = "cordova-plugin-screen-orientation/CDVOrientation.h"; sourceTree = "<group>"; fileEncoding = 4; lastKnownFileType = sourcecode.c.h; explicitFileType = undefined; includeInIndex = 0; };
		8FDFEAEE7DAA43F4879E48E9 /* CDVSplashScreen.m */ = {isa = PBXFileReference; name = "CDVSplashScreen.m"; path = "cordova-plugin-splashscreen/CDVSplashScreen.m"; sourceTree = "<group>"; fileEncoding = 4; lastKnownFileType = sourcecode.c.objc; explicitFileType = undefined; includeInIndex = 0; };
		92E0847AB5A44DB8A46EDAC7 /* CDVViewController+SplashScreen.m */ = {isa = PBXFileReference; name = "CDVViewController+SplashScreen.m"; path = "cordova-plugin-splashscreen/CDVViewController+SplashScreen.m"; sourceTree = "<group>"; fileEncoding = 4; lastKnownFileType = sourcecode.c.objc; explicitFileType = undefined; includeInIndex = 0; };
		90A007013D6C41CD88FAB323 /* CDVSplashScreen.h */ = {isa = PBXFileReference; name = "CDVSplashScreen.h"; path = "cordova-plugin-splashscreen/CDVSplashScreen.h"; sourceTree = "<group>"; fileEncoding = 4; lastKnownFileType = sourcecode.c.h; explicitFileType = undefined; includeInIndex = 0; };
		C91CC1859C924811B4BAAD72 /* CDVViewController+SplashScreen.h */ = {isa = PBXFileReference; name = "CDVViewController+SplashScreen.h"; path = "cordova-plugin-splashscreen/CDVViewController+SplashScreen.h"; sourceTree = "<group>"; fileEncoding = 4; lastKnownFileType = sourcecode.c.h; explicitFileType = undefined; includeInIndex = 0; };
		63D507218A24418F9079DED1 /* CDVStatusBar.m */ = {isa = PBXFileReference; name = "CDVStatusBar.m"; path = "cordova-plugin-statusbar/CDVStatusBar.m"; sourceTree = "<group>"; fileEncoding = 4; lastKnownFileType = sourcecode.c.objc; explicitFileType = undefined; includeInIndex = 0; };
		C4336EF5BA3041828948F231 /* CDVStatusBar.h */ = {isa = PBXFileReference; name = "CDVStatusBar.h"; path = "cordova-plugin-statusbar/CDVStatusBar.h"; sourceTree = "<group>"; fileEncoding = 4; lastKnownFileType = sourcecode.c.h; explicitFileType = undefined; includeInIndex = 0; };
		C3E0EFE2898E470BA14772EC /* SOSPicker.m */ = {isa = PBXFileReference; name = "SOSPicker.m"; path = "cordova-plugin-telerik-imagepicker/SOSPicker.m"; sourceTree = "<group>"; fileEncoding = 4; lastKnownFileType = sourcecode.c.objc; explicitFileType = undefined; includeInIndex = 0; };
		FBA5C6383AF24CB4861BF94E /* UIImage+fixOrientation.m */ = {isa = PBXFileReference; name = "UIImage+fixOrientation.m"; path = "cordova-plugin-telerik-imagepicker/UIImage+fixOrientation.m"; sourceTree = "<group>"; fileEncoding = 4; lastKnownFileType = sourcecode.c.objc; explicitFileType = undefined; includeInIndex = 0; };
		EFBEEBC915EF49ACB0E03D22 /* GMAlbumsViewCell.m */ = {isa = PBXFileReference; name = "GMAlbumsViewCell.m"; path = "cordova-plugin-telerik-imagepicker/GMAlbumsViewCell.m"; sourceTree = "<group>"; fileEncoding = 4; lastKnownFileType = sourcecode.c.objc; explicitFileType = undefined; includeInIndex = 0; };
		2C5E178937F84B8BB60727F7 /* GMAlbumsViewController.m */ = {isa = PBXFileReference; name = "GMAlbumsViewController.m"; path = "cordova-plugin-telerik-imagepicker/GMAlbumsViewController.m"; sourceTree = "<group>"; fileEncoding = 4; lastKnownFileType = sourcecode.c.objc; explicitFileType = undefined; includeInIndex = 0; };
		66C94827AD48430893BEDF46 /* GMFetchItem.m */ = {isa = PBXFileReference; name = "GMFetchItem.m"; path = "cordova-plugin-telerik-imagepicker/GMFetchItem.m"; sourceTree = "<group>"; fileEncoding = 4; lastKnownFileType = sourcecode.c.objc; explicitFileType = undefined; includeInIndex = 0; };
		43DB4BFBE80E4408921903AF /* GMGridViewCell.m */ = {isa = PBXFileReference; name = "GMGridViewCell.m"; path = "cordova-plugin-telerik-imagepicker/GMGridViewCell.m"; sourceTree = "<group>"; fileEncoding = 4; lastKnownFileType = sourcecode.c.objc; explicitFileType = undefined; includeInIndex = 0; };
		93E405BE9C7C447AAAF14AF4 /* GMGridViewController.m */ = {isa = PBXFileReference; name = "GMGridViewController.m"; path = "cordova-plugin-telerik-imagepicker/GMGridViewController.m"; sourceTree = "<group>"; fileEncoding = 4; lastKnownFileType = sourcecode.c.objc; explicitFileType = undefined; includeInIndex = 0; };
		B11859F22AEF46DDB86498F9 /* GMImagePickerController.m */ = {isa = PBXFileReference; name = "GMImagePickerController.m"; path = "cordova-plugin-telerik-imagepicker/GMImagePickerController.m"; sourceTree = "<group>"; fileEncoding = 4; lastKnownFileType = sourcecode.c.objc; explicitFileType = undefined; includeInIndex = 0; };
		849CF10746A04361B10CB409 /* PSYBlockTimer.m */ = {isa = PBXFileReference; name = "PSYBlockTimer.m"; path = "cordova-plugin-telerik-imagepicker/PSYBlockTimer.m"; sourceTree = "<group>"; fileEncoding = 4; lastKnownFileType = sourcecode.c.objc; explicitFileType = undefined; includeInIndex = 0; };
		D33171CD90644434BAA3B1CB /* GMPHAsset.m */ = {isa = PBXFileReference; name = "GMPHAsset.m"; path = "cordova-plugin-telerik-imagepicker/GMPHAsset.m"; sourceTree = "<group>"; fileEncoding = 4; lastKnownFileType = sourcecode.c.objc; explicitFileType = undefined; includeInIndex = 0; };
		D76CBE0F829349B7A0F74460 /* SOSPicker.h */ = {isa = PBXFileReference; name = "SOSPicker.h"; path = "cordova-plugin-telerik-imagepicker/SOSPicker.h"; sourceTree = "<group>"; fileEncoding = 4; lastKnownFileType = sourcecode.c.h; explicitFileType = undefined; includeInIndex = 0; };
		615D4A83ACC7475088276EF8 /* UIImage+fixOrientation.h */ = {isa = PBXFileReference; name = "UIImage+fixOrientation.h"; path = "cordova-plugin-telerik-imagepicker/UIImage+fixOrientation.h"; sourceTree = "<group>"; fileEncoding = 4; lastKnownFileType = sourcecode.c.h; explicitFileType = undefined; includeInIndex = 0; };
		356D508AA3994BF5B55A0C72 /* GMAlbumsViewCell.h */ = {isa = PBXFileReference; name = "GMAlbumsViewCell.h"; path = "cordova-plugin-telerik-imagepicker/GMAlbumsViewCell.h"; sourceTree = "<group>"; fileEncoding = 4; lastKnownFileType = sourcecode.c.h; explicitFileType = undefined; includeInIndex = 0; };
		074C273A48014A1A97C93C2D /* GMAlbumsViewController.h */ = {isa = PBXFileReference; name = "GMAlbumsViewController.h"; path = "cordova-plugin-telerik-imagepicker/GMAlbumsViewController.h"; sourceTree = "<group>"; fileEncoding = 4; lastKnownFileType = sourcecode.c.h; explicitFileType = undefined; includeInIndex = 0; };
		3A5548AFFE4F44F583E5D02E /* GMFetchItem.h */ = {isa = PBXFileReference; name = "GMFetchItem.h"; path = "cordova-plugin-telerik-imagepicker/GMFetchItem.h"; sourceTree = "<group>"; fileEncoding = 4; lastKnownFileType = sourcecode.c.h; explicitFileType = undefined; includeInIndex = 0; };
		C9B3208857D144DFB669113D /* GMGridViewCell.h */ = {isa = PBXFileReference; name = "GMGridViewCell.h"; path = "cordova-plugin-telerik-imagepicker/GMGridViewCell.h"; sourceTree = "<group>"; fileEncoding = 4; lastKnownFileType = sourcecode.c.h; explicitFileType = undefined; includeInIndex = 0; };
		3AF3EB93A04D425C99792FBF /* GMGridViewController.h */ = {isa = PBXFileReference; name = "GMGridViewController.h"; path = "cordova-plugin-telerik-imagepicker/GMGridViewController.h"; sourceTree = "<group>"; fileEncoding = 4; lastKnownFileType = sourcecode.c.h; explicitFileType = undefined; includeInIndex = 0; };
		222EB5617E1845DB9F273EBD /* GMImagePickerController.h */ = {isa = PBXFileReference; name = "GMImagePickerController.h"; path = "cordova-plugin-telerik-imagepicker/GMImagePickerController.h"; sourceTree = "<group>"; fileEncoding = 4; lastKnownFileType = sourcecode.c.h; explicitFileType = undefined; includeInIndex = 0; };
		E27A910AA484419BA13CA196 /* PSYBlockTimer.h */ = {isa = PBXFileReference; name = "PSYBlockTimer.h"; path = "cordova-plugin-telerik-imagepicker/PSYBlockTimer.h"; sourceTree = "<group>"; fileEncoding = 4; lastKnownFileType = sourcecode.c.h; explicitFileType = undefined; includeInIndex = 0; };
		C10F894386D44C578A2088F2 /* GMPHAsset.h */ = {isa = PBXFileReference; name = "GMPHAsset.h"; path = "cordova-plugin-telerik-imagepicker/GMPHAsset.h"; sourceTree = "<group>"; fileEncoding = 4; lastKnownFileType = sourcecode.c.h; explicitFileType = undefined; includeInIndex = 0; };
		F59443086DCE40339C83C542 /* GMEmptyFolder@1x.png */ = {isa = PBXFileReference; name = "GMEmptyFolder@1x.png"; path = "GMEmptyFolder@1x.png"; sourceTree = "<group>"; fileEncoding = undefined; lastKnownFileType = unknown; explicitFileType = undefined; includeInIndex = 0; };
		1DC232982FC94FAFB7CC91AD /* GMEmptyFolder@2x.png */ = {isa = PBXFileReference; name = "GMEmptyFolder@2x.png"; path = "GMEmptyFolder@2x.png"; sourceTree = "<group>"; fileEncoding = undefined; lastKnownFileType = unknown; explicitFileType = undefined; includeInIndex = 0; };
		76D56F142B5D43A2A7DC07D6 /* GMSelected.png */ = {isa = PBXFileReference; name = "GMSelected.png"; path = "GMSelected.png"; sourceTree = "<group>"; fileEncoding = undefined; lastKnownFileType = unknown; explicitFileType = undefined; includeInIndex = 0; };
		8462939122ED4A26922CF33F /* GMSelected@2x.png */ = {isa = PBXFileReference; name = "GMSelected@2x.png"; path = "GMSelected@2x.png"; sourceTree = "<group>"; fileEncoding = undefined; lastKnownFileType = unknown; explicitFileType = undefined; includeInIndex = 0; };
		DCBDBB74E7BD4E55A19C8EF2 /* GMVideoIcon.png */ = {isa = PBXFileReference; name = "GMVideoIcon.png"; path = "GMVideoIcon.png"; sourceTree = "<group>"; fileEncoding = undefined; lastKnownFileType = unknown; explicitFileType = undefined; includeInIndex = 0; };
		E2091DFBC66848D0A0387AD4 /* GMVideoIcon@2x.png */ = {isa = PBXFileReference; name = "GMVideoIcon@2x.png"; path = "GMVideoIcon@2x.png"; sourceTree = "<group>"; fileEncoding = undefined; lastKnownFileType = unknown; explicitFileType = undefined; includeInIndex = 0; };
		28BEC80A1A4F48B0B3C6C7A2 /* ca.lproj */ = {isa = PBXFileReference; name = "ca.lproj"; path = "ca.lproj"; sourceTree = "<group>"; fileEncoding = undefined; lastKnownFileType = unknown; explicitFileType = undefined; includeInIndex = 0; };
		E87C470743F947A7A91401C9 /* de.lproj */ = {isa = PBXFileReference; name = "de.lproj"; path = "de.lproj"; sourceTree = "<group>"; fileEncoding = undefined; lastKnownFileType = unknown; explicitFileType = undefined; includeInIndex = 0; };
		57ADA91CFE5D49B9933253DD /* en.lproj */ = {isa = PBXFileReference; name = "en.lproj"; path = "en.lproj"; sourceTree = "<group>"; fileEncoding = undefined; lastKnownFileType = unknown; explicitFileType = undefined; includeInIndex = 0; };
		EC5310D0F8E645F79B4A1A5C /* es.lproj */ = {isa = PBXFileReference; name = "es.lproj"; path = "es.lproj"; sourceTree = "<group>"; fileEncoding = undefined; lastKnownFileType = unknown; explicitFileType = undefined; includeInIndex = 0; };
		B5B1E2744F1C4F07A34E78B4 /* fr.lproj */ = {isa = PBXFileReference; name = "fr.lproj"; path = "fr.lproj"; sourceTree = "<group>"; fileEncoding = undefined; lastKnownFileType = unknown; explicitFileType = undefined; includeInIndex = 0; };
		640770718C3544FD91310662 /* it.lproj */ = {isa = PBXFileReference; name = "it.lproj"; path = "it.lproj"; sourceTree = "<group>"; fileEncoding = undefined; lastKnownFileType = unknown; explicitFileType = undefined; includeInIndex = 0; };
		40612457593D42FFA3467D49 /* pt.lproj */ = {isa = PBXFileReference; name = "pt.lproj"; path = "pt.lproj"; sourceTree = "<group>"; fileEncoding = undefined; lastKnownFileType = unknown; explicitFileType = undefined; includeInIndex = 0; };
		9CED79A6AA1D4C06B9A4381B /* pl.lproj */ = {isa = PBXFileReference; name = "pl.lproj"; path = "pl.lproj"; sourceTree = "<group>"; fileEncoding = undefined; lastKnownFileType = unknown; explicitFileType = undefined; includeInIndex = 0; };
		FD5FE16A1CA24787BDEC8A4B /* zh-Hans.lproj */ = {isa = PBXFileReference; name = "zh-Hans.lproj"; path = "zh-Hans.lproj"; sourceTree = "<group>"; fileEncoding = undefined; lastKnownFileType = unknown; explicitFileType = undefined; includeInIndex = 0; };
		8FCF9BB3431C4FD3AF002FA6 /* Accelerate.framework */ = {isa = PBXFileReference; name = "Accelerate.framework"; path = "System/Library/Frameworks/Accelerate.framework"; sourceTree = SDKROOT; fileEncoding = undefined; lastKnownFileType = wrapper.framework; explicitFileType = undefined; includeInIndex = 0; };
		48BA2077F33841D894B29257 /* Security.framework */ = {isa = PBXFileReference; name = "Security.framework"; path = "System/Library/Frameworks/Security.framework"; sourceTree = SDKROOT; fileEncoding = undefined; lastKnownFileType = wrapper.framework; explicitFileType = undefined; includeInIndex = 0; };
		02B620617E9D41588B2B2AEE /* Photos.framework */ = {isa = PBXFileReference; name = "Photos.framework"; path = "System/Library/Frameworks/Photos.framework"; sourceTree = SDKROOT; fileEncoding = undefined; lastKnownFileType = wrapper.framework; explicitFileType = undefined; includeInIndex = 0; };
		E4D5BC0B22594D4881987388 /* CDVTTS.m */ = {isa = PBXFileReference; name = "CDVTTS.m"; path = "cordova-plugin-tts/CDVTTS.m"; sourceTree = "<group>"; fileEncoding = 4; lastKnownFileType = sourcecode.c.objc; explicitFileType = undefined; includeInIndex = 0; };
		9B0BAFD03913440FB5EC8D1E /* CDVTTS.h */ = {isa = PBXFileReference; name = "CDVTTS.h"; path = "cordova-plugin-tts/CDVTTS.h"; sourceTree = "<group>"; fileEncoding = 4; lastKnownFileType = sourcecode.c.h; explicitFileType = undefined; includeInIndex = 0; };
		C8516BE66BBD4C73A855E1D6 /* NSString+SSURLEncoding.m */ = {isa = PBXFileReference; name = "NSString+SSURLEncoding.m"; path = "cordova-plugin-x-socialsharing/NSString+SSURLEncoding.m"; sourceTree = "<group>"; fileEncoding = 4; lastKnownFileType = sourcecode.c.objc; explicitFileType = undefined; includeInIndex = 0; };
		58DF36D9FD5A4D2BBAA66F3A /* SocialSharing.m */ = {isa = PBXFileReference; name = "SocialSharing.m"; path = "cordova-plugin-x-socialsharing/SocialSharing.m"; sourceTree = "<group>"; fileEncoding = 4; lastKnownFileType = sourcecode.c.objc; explicitFileType = undefined; includeInIndex = 0; };
		B44C56D1D0084F9EAB291B10 /* NSString+SSURLEncoding.h */ = {isa = PBXFileReference; name = "NSString+SSURLEncoding.h"; path = "cordova-plugin-x-socialsharing/NSString+SSURLEncoding.h"; sourceTree = "<group>"; fileEncoding = 4; lastKnownFileType = sourcecode.c.h; explicitFileType = undefined; includeInIndex = 0; };
		A37E98B970AA420B8BAF8497 /* SocialSharing.h */ = {isa = PBXFileReference; name = "SocialSharing.h"; path = "cordova-plugin-x-socialsharing/SocialSharing.h"; sourceTree = "<group>"; fileEncoding = 4; lastKnownFileType = sourcecode.c.h; explicitFileType = undefined; includeInIndex = 0; };
		DF4FB3B38C7A46068CBF7BE8 /* Social.framework */ = {isa = PBXFileReference; name = "Social.framework"; path = "System/Library/Frameworks/Social.framework"; sourceTree = SDKROOT; fileEncoding = undefined; lastKnownFileType = wrapper.framework; explicitFileType = undefined; includeInIndex = 0; };
		9DA56D085D6F4C018F32DB0B /* MessageUI.framework */ = {isa = PBXFileReference; name = "MessageUI.framework"; path = "System/Library/Frameworks/MessageUI.framework"; sourceTree = SDKROOT; fileEncoding = undefined; lastKnownFileType = wrapper.framework; explicitFileType = undefined; includeInIndex = 0; };
/* End PBXFileReference section */

/* Begin PBXFrameworksBuildPhase section */
		1D60588F0D05DD3D006BFB54 /* Frameworks */ = {
			isa = PBXFrameworksBuildPhase;
			buildActionMask = 2147483647;
			files = (
				301BF552109A68D80062928A /* libCordova.a in Frameworks */,
				5E71DAB84D8844009E3E05AC /* ImageIO.framework in Frameworks */,
				0603CE1FE1A54187AEF22365 /* CoreLocation.framework in Frameworks */,
				875163293D2B4A47B94C03DE /* AVFoundation.framework in Frameworks */,
				C4411F034DA94EDFAA9CD76D /* QuartzCore.framework in Frameworks */,
				8CFDE4018208451381A2DD66 /* Crashlytics.framework in Frameworks */,
				7FCED85E62D44F53AC024494 /* Fabric.framework in Frameworks */,
				D1DFC43F4F4A43F1BD6E5418 /* GoogleAppMeasurement.framework in Frameworks */,
				232C278C0698473FB1C66EAC /* MeasurementNanoPB.framework in Frameworks */,
				05DFD5370628444893F8D777 /* FirebaseCore.framework in Frameworks */,
				D5B6A8112AF14B458DEDF559 /* FirebaseAnalytics.framework in Frameworks */,
				0399E160796644AC93381694 /* GoogleUtilities.framework in Frameworks */,
				2A31C3430C994475AFC304C3 /* nanopb.framework in Frameworks */,
				CE9050F3B91847A4A1EB1474 /* FirebaseInstanceID.framework in Frameworks */,
				A7653E95AFFA425394FC5AE4 /* FirebaseCoreDiagnostics.framework in Frameworks */,
				9382CDD05AB3487C960F0EA4 /* GTMSessionFetcher.framework in Frameworks */,
				D4E8ACF3DEC14EFDA2002AF9 /* FirebaseAuth.framework in Frameworks */,
				D93930099CC347D583660373 /* FirebaseMessaging.framework in Frameworks */,
				0C7C42B3624F4E53BE5A3C17 /* GoogleToolboxForMac.framework in Frameworks */,
				3319E3AC8F2840B8AF2459E0 /* FirebasePerformance.framework in Frameworks */,
				FD4F082C3B0D4B23B0A781A8 /* Protobuf.framework in Frameworks */,
				104F424B95F649A5AEDD24CF /* FirebaseRemoteConfig.framework in Frameworks */,
				E13A622BB7454B4AB126B1E9 /* FirebaseABTesting.framework in Frameworks */,
				35226126F07E4C2CA7BF43B2 /* WebKit.framework in Frameworks */,
				EFB569E282C1426994199B60 /* SystemConfiguration.framework in Frameworks */,
				C9BC54B2C98B421B87A80644 /* CoreTelephony.framework in Frameworks */,
				83ABBD3B135C4AFF8BB8B4E2 /* Accelerate.framework in Frameworks */,
				7D9B5338FD1E4462AF72823B /* Security.framework in Frameworks */,
				06277A7939D94FF29202AC10 /* Photos.framework in Frameworks */,
				4576691A541D415C97B08091 /* Social.framework in Frameworks */,
				A55C9CBA602445A7B6C4960B /* MessageUI.framework in Frameworks */,
			);
			runOnlyForDeploymentPostprocessing = 0;
		};
/* End PBXFrameworksBuildPhase section */

/* Begin PBXGroup section */
		080E96DDFE201D6D7F000001 /* Classes */ = {
			isa = PBXGroup;
			children = (
				302D95EE14D2391D003F00A1 /* MainViewController.h */,
				302D95EF14D2391D003F00A1 /* MainViewController.m */,
				302D95F014D2391D003F00A1 /* MainViewController.xib */,
				1D3623240D0F684500981E51 /* AppDelegate.h */,
				1D3623250D0F684500981E51 /* AppDelegate.m */,
			);
			name = Classes;
			path = "Fit Kannadiga/Classes";
			sourceTree = SOURCE_ROOT;
		};
		19C28FACFE9D520D11CA2CBB /* Products */ = {
			isa = PBXGroup;
			children = (
				1D6058910D05DD3D006BFB54 /* Fit Kannadiga.app */,
			);
			name = Products;
			sourceTree = "<group>";
		};
		29B97314FDCFA39411CA2CEA /* CustomTemplate */ = {
			isa = PBXGroup;
			children = (
				EB87FDF41871DAF40020F90C /* config.xml */,
				EB87FDF31871DA8E0020F90C /* www */,
				EB87FDF11871DA420020F90C /* Staging */,
				301BF52D109A57CC0062928A /* CordovaLib.xcodeproj */,
				080E96DDFE201D6D7F000001 /* Classes */,
				307C750510C5A3420062BCA9 /* Plugins */,
				29B97315FDCFA39411CA2CEA /* Other Sources */,
				29B97317FDCFA39411CA2CEA /* Resources */,
				29B97323FDCFA39411CA2CEA /* Frameworks */,
				19C28FACFE9D520D11CA2CBB /* Products */,
			);
			name = CustomTemplate;
			sourceTree = "<group>";
		};
		29B97315FDCFA39411CA2CEA /* Other Sources */ = {
			isa = PBXGroup;
			children = (
				32CA4F630368D1EE00C91783 /* Fit Kannadiga-Prefix.pch */,
				29B97316FDCFA39411CA2CEA /* main.m */,
				ED33DF2A687741AEAF9F8254 /* Bridging-Header.h */,
			);
			name = "Other Sources";
			path = "Fit Kannadiga";
			sourceTree = "<group>";
		};
		29B97317FDCFA39411CA2CEA /* Resources */ = {
			isa = PBXGroup;
			children = (
				0207DA571B56EA530066E2B4 /* Images.xcassets */,
				3047A50E1AB8057F00498E2A /* config */,
				8D1107310486CEB800E47090 /* Fit Kannadiga-Info.plist */,
				6AFF5BF81D6E424B00AB3073 /* CDVLaunchScreen.storyboard */,
				CC57D0D0DD8141A681775782 /* appbeep.wav */,
				D69011B9BE0B4DA9946BD25E /* PEPhotoCropEditor.bundle */,
				3505EBE8C8C14B96BD4C52E5 /* GoogleService-Info.plist */,
				F59443086DCE40339C83C542 /* GMEmptyFolder@1x.png */,
				1DC232982FC94FAFB7CC91AD /* GMEmptyFolder@2x.png */,
				76D56F142B5D43A2A7DC07D6 /* GMSelected.png */,
				8462939122ED4A26922CF33F /* GMSelected@2x.png */,
				DCBDBB74E7BD4E55A19C8EF2 /* GMVideoIcon.png */,
				E2091DFBC66848D0A0387AD4 /* GMVideoIcon@2x.png */,
				28BEC80A1A4F48B0B3C6C7A2 /* ca.lproj */,
				E87C470743F947A7A91401C9 /* de.lproj */,
				57ADA91CFE5D49B9933253DD /* en.lproj */,
				EC5310D0F8E645F79B4A1A5C /* es.lproj */,
				B5B1E2744F1C4F07A34E78B4 /* fr.lproj */,
				640770718C3544FD91310662 /* it.lproj */,
				40612457593D42FFA3467D49 /* pt.lproj */,
				9CED79A6AA1D4C06B9A4381B /* pl.lproj */,
				FD5FE16A1CA24787BDEC8A4B /* zh-Hans.lproj */,
			);
			name = Resources;
			path = "Fit Kannadiga/Resources";
			sourceTree = "<group>";
		};
		29B97323FDCFA39411CA2CEA /* Frameworks */ = {
			isa = PBXGroup;
			children = (
				FBE7F3AD5A7340D7AACBA89B /* ImageIO.framework */,
				B7BE6BF1CAF443DBB6D9E3AB /* CoreLocation.framework */,
				4194E885997A4B8780458ED7 /* AVFoundation.framework */,
				D8A08F7F30A24D059FF52680 /* QuartzCore.framework */,
				273964F2388541A69BC5424F /* Crashlytics.framework */,
				C933600ACF6E481FA000892A /* Fabric.framework */,
				E2DA0EDBEEEB4D79BD1B6130 /* GoogleAppMeasurement.framework */,
				BBC1FC169FE94C3DAF66C1C5 /* MeasurementNanoPB.framework */,
				82F46A6FCDB54587AD031024 /* FirebaseCore.framework */,
				3743A182B95C404F91FFC6FD /* FirebaseAnalytics.framework */,
				52DF2620282A48EB96AEC6E4 /* GoogleUtilities.framework */,
				625F781AE4FF422FAEBE9DE6 /* nanopb.framework */,
				EADF4674DA084E499A8ACD0A /* FirebaseInstanceID.framework */,
				40A979F7CEE049CBB6D7EE1D /* FirebaseCoreDiagnostics.framework */,
				BEC9FB40F69349F2A7284A1E /* GTMSessionFetcher.framework */,
				FB01006031164577B459934D /* FirebaseAuth.framework */,
				EC8D50DD31A64CC59BF0BD05 /* FirebaseMessaging.framework */,
				DC95A968625E408BBC2298D3 /* GoogleToolboxForMac.framework */,
				F6E6ABD0C84E4E6E9487F6D2 /* FirebasePerformance.framework */,
				55CE9DB9480E4B4E91A5EDE2 /* Protobuf.framework */,
				0F8BECD903314E1FAF962A21 /* FirebaseRemoteConfig.framework */,
				C9A622E383F24A05A57C203A /* FirebaseABTesting.framework */,
				9484696AADF44BC9BA85A49E /* WebKit.framework */,
				C5B1AA55B05B4D988278433B /* SystemConfiguration.framework */,
				0CB4E6C7D0354BABBB93ECFB /* CoreTelephony.framework */,
				8FCF9BB3431C4FD3AF002FA6 /* Accelerate.framework */,
				48BA2077F33841D894B29257 /* Security.framework */,
				02B620617E9D41588B2B2AEE /* Photos.framework */,
				DF4FB3B38C7A46068CBF7BE8 /* Social.framework */,
				9DA56D085D6F4C018F32DB0B /* MessageUI.framework */,
			);
			name = Frameworks;
			sourceTree = "<group>";
		};
		301BF52E109A57CC0062928A /* Products */ = {
			isa = PBXGroup;
			children = (
				301BF535109A57CC0062928A /* libCordova.a */,
			);
			name = Products;
			sourceTree = "<group>";
		};
		3047A50E1AB8057F00498E2A /* config */ = {
			isa = PBXGroup;
			children = (
				3047A50F1AB8059700498E2A /* build-debug.xcconfig */,
				3047A5101AB8059700498E2A /* build-release.xcconfig */,
				3047A5111AB8059700498E2A /* build.xcconfig */,
			);
			name = config;
			sourceTree = "<group>";
		};
		307C750510C5A3420062BCA9 /* Plugins */ = {
			isa = PBXGroup;
			children = (
				B61FB5BFE09E487AAA1FB2B3 /* CDVDevice.m */,
				40D3CCED093542399C2E5C3F /* CDVDevice.h */,
				36BC9F5B23A048A1BB40C4A3 /* APPBackgroundMode.m */,
				3ABE8DD7AEE4467CB77492B3 /* APPMethodMagic.m */,
				33FC5D8D139346308DB2F37E /* APPBackgroundMode.h */,
				63130BF590334989931F7742 /* APPMethodMagic.h */,
				0A9FC395DB324430AA51F347 /* UIImage+CropScaleOrientation.m */,
				DD65D46745F742A7BA19526F /* CDVCamera.m */,
				C9F368CD109F4CB09E3CBF06 /* CDVJpegHeaderWriter.m */,
				F6515BEB41F64CD7B1673D02 /* UIImage+CropScaleOrientation.h */,
				7B82C2C7456D442DB331BC21 /* CDVCamera.h */,
				AAAFD61F8D18497399A3B8EC /* CDVJpegHeaderWriter.h */,
				3541292C16E64940B17A6643 /* CDVExif.h */,
				61D6EA7DF5CB40F69426CA18 /* CTCrop.m */,
				337356B4D81C4F81B0D15762 /* PECropRectView.m */,
				C1AB632D1266414DA6850948 /* PECropView.m */,
				C33B70F61E4C4CDEB6D39D39 /* PECropViewController.m */,
				90A58D4A35214ACABEAF04D3 /* PEResizeControl.m */,
				EA00B261EC784FC7A350F62F /* UIImage+PECrop.m */,
				A7A9F8E11F9A4DFA92DE6536 /* CTCrop.h */,
				BEE1FB72762644E49392723A /* PECropRectView.h */,
				A2A76B8FDC0749E1B2C68D11 /* PECropView.h */,
				64EA311DEACD4545936ADA75 /* PECropViewController.h */,
				C254538DEE4F4FF3BABCDB2D /* PEResizeControl.h */,
				160362CD74C745BF85F623D3 /* UIImage+PECrop.h */,
				0430A3511AE44F738E15D41F /* CDVFile.m */,
				4CB506FCC3464EC183E815BF /* CDVLocalFilesystem.m */,
				47A0BDF1530F4A86BDBE89E5 /* CDVAssetLibraryFilesystem.m */,
				1DB8BAA5FD444E979E5F45EF /* CDVFile.h */,
				8CF0D9F8BB7D474590CA1186 /* CDVLocalFilesystem.h */,
				80AEA402DDB447EDA48503EF /* CDVAssetLibraryFilesystem.h */,
				6965C139AF3045ADBD5D665F /* CDVFileTransfer.m */,
				BCECF0F3A76748D99DF6700A /* CDVFileTransfer.h */,
				A6A9B349FADE4BDC9A0BEBF4 /* AppDelegate+FirebasePlugin.m */,
				1179D4FAC599423A9BC0B909 /* FirebasePlugin.m */,
				5622D9B61E1B45D6B304E92C /* AppDelegate+FirebasePlugin.h */,
				8458541FAFE14F20881DAC8C /* FirebasePlugin.h */,
				FFB1AB26A4A447BCA0ACB1A3 /* Firebase.h */,
				393AA4F5F17445FDA1DB3077 /* CDVInAppBrowser.m */,
				57313303CC0B433AA8298EA3 /* CDVInAppBrowser.h */,
				D6D685557A8B409F86B27F4C /* Insomnia.m */,
				775C2C371D614EA8B2BDDE2C /* Insomnia.h */,
				6C244DB85D61423A88F70980 /* CDVIonicKeyboard.m */,
				7BF5311A1D8A44C6BA53FC69 /* CDVIonicKeyboard.h */,
				C4F17302508945AA9D8BF3C5 /* CDVWKWebViewEngine.m */,
				3D74015CAA944642B443CB42 /* CDVWKWebViewUIDelegate.m */,
				8DE7ECF17A4547C9A818FF5E /* CDVWKProcessPoolFactory.m */,
				DD094C40C1254B53846FB6A5 /* IONAssetHandler.m */,
				0CAC127CEC0042A19097B1E1 /* CDVWKWebViewEngine.h */,
				19C1E8683E2543FB80A00C8B /* CDVWKWebViewUIDelegate.h */,
				33BCAB6957284D8AB3EA739E /* CDVWKProcessPoolFactory.h */,
				7B3DC8EA451640C4A7AFC45B /* IONAssetHandler.h */,
				74CE258CD9024455B871B0C3 /* CDVConnection.m */,
				FFD019D1E72E4DB389D4FAFF /* CDVReachability.m */,
				F6F33041FC7C480CA94773D5 /* CDVConnection.h */,
				5D7D8B7AD8E04AD3B9C07145 /* CDVReachability.h */,
				BC902AE975F44314918DD24F /* CDVOrientation.m */,
				B9DA3C32E1244B50B4030CC6 /* CDVOrientation.h */,
				8FDFEAEE7DAA43F4879E48E9 /* CDVSplashScreen.m */,
				92E0847AB5A44DB8A46EDAC7 /* CDVViewController+SplashScreen.m */,
				90A007013D6C41CD88FAB323 /* CDVSplashScreen.h */,
				C91CC1859C924811B4BAAD72 /* CDVViewController+SplashScreen.h */,
				63D507218A24418F9079DED1 /* CDVStatusBar.m */,
				C4336EF5BA3041828948F231 /* CDVStatusBar.h */,
				C3E0EFE2898E470BA14772EC /* SOSPicker.m */,
				FBA5C6383AF24CB4861BF94E /* UIImage+fixOrientation.m */,
				EFBEEBC915EF49ACB0E03D22 /* GMAlbumsViewCell.m */,
				2C5E178937F84B8BB60727F7 /* GMAlbumsViewController.m */,
				66C94827AD48430893BEDF46 /* GMFetchItem.m */,
				43DB4BFBE80E4408921903AF /* GMGridViewCell.m */,
				93E405BE9C7C447AAAF14AF4 /* GMGridViewController.m */,
				B11859F22AEF46DDB86498F9 /* GMImagePickerController.m */,
				849CF10746A04361B10CB409 /* PSYBlockTimer.m */,
				D33171CD90644434BAA3B1CB /* GMPHAsset.m */,
				D76CBE0F829349B7A0F74460 /* SOSPicker.h */,
				615D4A83ACC7475088276EF8 /* UIImage+fixOrientation.h */,
				356D508AA3994BF5B55A0C72 /* GMAlbumsViewCell.h */,
				074C273A48014A1A97C93C2D /* GMAlbumsViewController.h */,
				3A5548AFFE4F44F583E5D02E /* GMFetchItem.h */,
				C9B3208857D144DFB669113D /* GMGridViewCell.h */,
				3AF3EB93A04D425C99792FBF /* GMGridViewController.h */,
				222EB5617E1845DB9F273EBD /* GMImagePickerController.h */,
				E27A910AA484419BA13CA196 /* PSYBlockTimer.h */,
				C10F894386D44C578A2088F2 /* GMPHAsset.h */,
				E4D5BC0B22594D4881987388 /* CDVTTS.m */,
				9B0BAFD03913440FB5EC8D1E /* CDVTTS.h */,
				C8516BE66BBD4C73A855E1D6 /* NSString+SSURLEncoding.m */,
				58DF36D9FD5A4D2BBAA66F3A /* SocialSharing.m */,
				B44C56D1D0084F9EAB291B10 /* NSString+SSURLEncoding.h */,
				A37E98B970AA420B8BAF8497 /* SocialSharing.h */,
			);
			name = Plugins;
			path = "Fit Kannadiga/Plugins";
			sourceTree = SOURCE_ROOT;
		};
		EB87FDF11871DA420020F90C /* Staging */ = {
			isa = PBXGroup;
			children = (
				F840E1F0165FE0F500CFE078 /* config.xml */,
				301BF56E109A69640062928A /* www */,
			);
			name = Staging;
			sourceTree = "<group>";
		};
/* End PBXGroup section */

/* Begin PBXNativeTarget section */
		1D6058900D05DD3D006BFB54 /* Fit Kannadiga */ = {
			isa = PBXNativeTarget;
			buildConfigurationList = 1D6058960D05DD3E006BFB54 /* Build configuration list for PBXNativeTarget "Fit Kannadiga" */;
			buildPhases = (
				304B58A110DAC018002A0835 /* Copy www directory */,
				1D60588D0D05DD3D006BFB54 /* Resources */,
				1D60588E0D05DD3D006BFB54 /* Sources */,
				1D60588F0D05DD3D006BFB54 /* Frameworks */,
			);
			buildRules = (
			);
			dependencies = (
				301BF551109A68C00062928A /* PBXTargetDependency */,
			);
			name = "Fit Kannadiga";
			productName = "Fit Kannadiga";
			productReference = 1D6058910D05DD3D006BFB54 /* Fit Kannadiga.app */;
			productType = "com.apple.product-type.application";
		};
/* End PBXNativeTarget section */

/* Begin PBXProject section */
		29B97313FDCFA39411CA2CEA /* Project object */ = {
			isa = PBXProject;
			attributes = {
				LastUpgradeCheck = 510;
			};
			buildConfigurationList = C01FCF4E08A954540054247B /* Build configuration list for PBXProject "__NON-CLI__" */;
			compatibilityVersion = "Xcode 3.2";
			developmentRegion = English;
			hasScannedForEncodings = 1;
			mainGroup = 29B97314FDCFA39411CA2CEA /* CustomTemplate */;
			projectDirPath = "";
			projectReferences = (
				{
					ProductGroup = 301BF52E109A57CC0062928A /* Products */;
					ProjectRef = 301BF52D109A57CC0062928A /* CordovaLib.xcodeproj */;
				},
			);
			projectRoot = "";
			targets = (
				1D6058900D05DD3D006BFB54 /* Fit Kannadiga */,
			);
		};
/* End PBXProject section */

/* Begin PBXReferenceProxy section */
		301BF535109A57CC0062928A /* libCordova.a */ = {
			isa = PBXReferenceProxy;
			fileType = archive.ar;
			path = libCordova.a;
			remoteRef = 301BF534109A57CC0062928A /* PBXContainerItemProxy */;
			sourceTree = BUILT_PRODUCTS_DIR;
		};
/* End PBXReferenceProxy section */

/* Begin PBXResourcesBuildPhase section */
		1D60588D0D05DD3D006BFB54 /* Resources */ = {
			isa = PBXResourcesBuildPhase;
			buildActionMask = 2147483647;
			files = (
				302D95F214D2391D003F00A1 /* MainViewController.xib in Resources */,
				0207DA581B56EA530066E2B4 /* Images.xcassets in Resources */,
				6AFF5BF91D6E424B00AB3073 /* CDVLaunchScreen.storyboard in Resources */,
				95D14BA8484B46C7BFB55351 /* appbeep.wav in Resources */,
				13933A7E071146C9A78A3046 /* PEPhotoCropEditor.bundle in Resources */,
				1266194A27BB44A5A0B19684 /* GoogleService-Info.plist in Resources */,
				23F037F192784FCC87013FEE /* GMEmptyFolder@1x.png in Resources */,
				350903E51A8A4EB59E094833 /* GMEmptyFolder@2x.png in Resources */,
				6C451C8CC9044A698D67F0A3 /* GMSelected.png in Resources */,
				932B3BA28F7A45FE803AE147 /* GMSelected@2x.png in Resources */,
				4606C48C870640A0AB6EB9A3 /* GMVideoIcon.png in Resources */,
				7C947C42C3D347659863E1D5 /* GMVideoIcon@2x.png in Resources */,
				CC4CE3628131446AB7112EEC /* ca.lproj in Resources */,
				4A4D658688B041A99FCDA9B5 /* de.lproj in Resources */,
				EAC18A1CB058413B95710B7C /* en.lproj in Resources */,
				1171DB6BCA68457BAA9BF687 /* es.lproj in Resources */,
				45A3BD49A6C84449BDBD0A7E /* fr.lproj in Resources */,
				765A7A6601E04D7CA5B9A0F2 /* it.lproj in Resources */,
				A8F3574314364D65AF0ED489 /* pt.lproj in Resources */,
				CE1E248C3FD94517ABB2CBA9 /* pl.lproj in Resources */,
				7CA0D94E3F3C4C5EAECC63FD /* zh-Hans.lproj in Resources */,
			);
			runOnlyForDeploymentPostprocessing = 0;
		};
/* End PBXResourcesBuildPhase section */

/* Begin PBXShellScriptBuildPhase section */
		304B58A110DAC018002A0835 /* Copy www directory */ = {
			isa = PBXShellScriptBuildPhase;
			buildActionMask = 2147483647;
			files = (
			);
			inputPaths = (
			);
			name = "Copy www directory";
			outputPaths = (
			);
			runOnlyForDeploymentPostprocessing = 0;
			shellPath = /bin/sh;
			shellScript = "NODEJS_PATH=/usr/local/bin; NVM_NODE_PATH=~/.nvm/versions/node/`nvm version 2>/dev/null`/bin; N_NODE_PATH=`find /usr/local/n/versions/node/* -maxdepth 0 -type d 2>/dev/null | tail -1`/bin; XCODE_NODE_PATH=`xcode-select --print-path`/usr/share/xcs/Node/bin; PATH=$NODEJS_PATH:$NVM_NODE_PATH:$N_NODE_PATH:$XCODE_NODE_PATH:$PATH && node cordova/lib/copy-www-build-step.js";
			showEnvVarsInLog = 0;
		};
/* End PBXShellScriptBuildPhase section */

/* Begin PBXSourcesBuildPhase section */
		1D60588E0D05DD3D006BFB54 /* Sources */ = {
			isa = PBXSourcesBuildPhase;
			buildActionMask = 2147483647;
			files = (
				1D60589B0D05DD56006BFB54 /* main.m in Sources */,
				1D3623260D0F684500981E51 /* AppDelegate.m in Sources */,
				302D95F114D2391D003F00A1 /* MainViewController.m in Sources */,
				0C6CF31BC4E2457DBBCA6415 /* CDVDevice.m in Sources */,
				859BD307993F4177B51F1E7A /* APPBackgroundMode.m in Sources */,
				C0ADA5FAF4904C9CAB910E85 /* APPMethodMagic.m in Sources */,
				5AC8C788FE9C4AAF92F73E60 /* UIImage+CropScaleOrientation.m in Sources */,
				C18C12B277DC4C0887D2CFCA /* CDVCamera.m in Sources */,
				1A83CB768EC8457E99296E3F /* CDVJpegHeaderWriter.m in Sources */,
				1FB28D1BEE684C6FB3D01022 /* CTCrop.m in Sources */,
				898F08C5520947549DA98169 /* PECropRectView.m in Sources */,
				F951754DEE724793B4165511 /* PECropView.m in Sources */,
				F261673C50334707B0AD4F99 /* PECropViewController.m in Sources */,
				768824A293744EAAA916190F /* PEResizeControl.m in Sources */,
				8A7DF45F818D4619A223CE44 /* UIImage+PECrop.m in Sources */,
				6B8D50C4004D4CC6AFF59D37 /* CDVFile.m in Sources */,
				2A33CB9BF7144C2586074735 /* CDVLocalFilesystem.m in Sources */,
				21710CB6058B43A1B2FBE2F4 /* CDVAssetLibraryFilesystem.m in Sources */,
				79E28A3F56F540B1B2F65541 /* CDVFileTransfer.m in Sources */,
				D95D13A03A7A4AA59EC74DC1 /* AppDelegate+FirebasePlugin.m in Sources */,
				05A66BACF5264A5EA6CF15E8 /* FirebasePlugin.m in Sources */,
				AE715F8E6DF34921BD309191 /* CDVInAppBrowser.m in Sources */,
				F235B2EA035A4BF29C952445 /* Insomnia.m in Sources */,
				76F17AD8B46048378E342298 /* CDVIonicKeyboard.m in Sources */,
				F91B6F984D094ED08DBA80EF /* CDVWKWebViewEngine.m in Sources */,
				D763D758B38B4DD7A44E05AC /* CDVWKWebViewUIDelegate.m in Sources */,
				4D334D07960B493789486B8A /* CDVWKProcessPoolFactory.m in Sources */,
				C70ADAE738864F8B8191E12B /* IONAssetHandler.m in Sources */,
				79E1A1C76E4F4416A22003A0 /* CDVConnection.m in Sources */,
				C5BC231D886E469582E779BF /* CDVReachability.m in Sources */,
				083B7D61EF2F4FB0AB84BCF5 /* CDVOrientation.m in Sources */,
				5D58349FD75F413CB4CDC66D /* CDVSplashScreen.m in Sources */,
				F9B7DC0976884DA790E835B4 /* CDVViewController+SplashScreen.m in Sources */,
				819A322F4C7C420B968868F3 /* CDVStatusBar.m in Sources */,
				BD4133A0F03D4B829AECBF15 /* SOSPicker.m in Sources */,
				6365BB578F674277B3BFE8BB /* UIImage+fixOrientation.m in Sources */,
				575B59F6EC4345F888C4CADD /* GMAlbumsViewCell.m in Sources */,
				0179D06F20F141CBB1F090F0 /* GMAlbumsViewController.m in Sources */,
				0510601886EC417D87036E5E /* GMFetchItem.m in Sources */,
				5321FAF726034E8E853B1C71 /* GMGridViewCell.m in Sources */,
				F38A58F286E847E7823A3977 /* GMGridViewController.m in Sources */,
				DA26CE6EFCB94EA0AD99AE63 /* GMImagePickerController.m in Sources */,
				4FB5A1B066CD475EA11E778A /* PSYBlockTimer.m in Sources */,
				0D2E768FB73A4227B3322B15 /* GMPHAsset.m in Sources */,
				144A217C359643E6AE61816E /* CDVTTS.m in Sources */,
				4C44B56640ED47AC949EBF20 /* NSString+SSURLEncoding.m in Sources */,
				EFB506A2BA5348E9907D0A51 /* SocialSharing.m in Sources */,
			);
			runOnlyForDeploymentPostprocessing = 0;
		};
/* End PBXSourcesBuildPhase section */

/* Begin PBXTargetDependency section */
		301BF551109A68C00062928A /* PBXTargetDependency */ = {
			isa = PBXTargetDependency;
			name = CordovaLib;
			targetProxy = 301BF550109A68C00062928A /* PBXContainerItemProxy */;
		};
/* End PBXTargetDependency section */

/* Begin XCBuildConfiguration section */
		1D6058940D05DD3E006BFB54 /* Debug */ = {
			isa = XCBuildConfiguration;
			baseConfigurationReference = 3047A50F1AB8059700498E2A /* build-debug.xcconfig */;
			buildSettings = {
				ALWAYS_SEARCH_USER_PATHS = NO;
				ASSETCATALOG_COMPILER_APPICON_NAME = AppIcon;
				ASSETCATALOG_COMPILER_LAUNCHIMAGE_NAME = LaunchImage;
				CLANG_ENABLE_MODULES = YES;
				CLANG_ENABLE_OBJC_ARC = YES;
				COPY_PHASE_STRIP = NO;
				GCC_DYNAMIC_NO_PIC = NO;
				GCC_OPTIMIZATION_LEVEL = 0;
				GCC_PRECOMPILE_PREFIX_HEADER = YES;
				GCC_PREFIX_HEADER = "Fit Kannadiga/Fit Kannadiga-Prefix.pch";
				GCC_THUMB_SUPPORT = NO;
				GCC_VERSION = "";
				INFOPLIST_FILE = "Fit Kannadiga/Fit Kannadiga-Info.plist";
				IPHONEOS_DEPLOYMENT_TARGET = 11.0;
				LD_RUNPATH_SEARCH_PATHS = "@executable_path/Frameworks";
				TARGETED_DEVICE_FAMILY = "1,2";
				PRODUCT_NAME = "Fit Kannadiga";
				FRAMEWORK_SEARCH_PATHS = (
					"$(inherited)",
					"\"Fit Kannadiga/Plugins/cordova-plugin-firebase\"",
					"\"Fit Kannadiga/Plugins/cordova-plugin-firebase\"",
					"\"Fit Kannadiga/Plugins/cordova-plugin-firebase\"",
					"\"Fit Kannadiga/Plugins/cordova-plugin-firebase\"",
					"\"Fit Kannadiga/Plugins/cordova-plugin-firebase\"",
					"\"Fit Kannadiga/Plugins/cordova-plugin-firebase\"",
					"\"Fit Kannadiga/Plugins/cordova-plugin-firebase\"",
					"\"Fit Kannadiga/Plugins/cordova-plugin-firebase\"",
					"\"Fit Kannadiga/Plugins/cordova-plugin-firebase\"",
					"\"Fit Kannadiga/Plugins/cordova-plugin-firebase\"",
					"\"Fit Kannadiga/Plugins/cordova-plugin-firebase\"",
					"\"Fit Kannadiga/Plugins/cordova-plugin-firebase\"",
					"\"Fit Kannadiga/Plugins/cordova-plugin-firebase\"",
					"\"Fit Kannadiga/Plugins/cordova-plugin-firebase\"",
					"\"Fit Kannadiga/Plugins/cordova-plugin-firebase\"",
					"\"Fit Kannadiga/Plugins/cordova-plugin-firebase\"",
					"\"Fit Kannadiga/Plugins/cordova-plugin-firebase\"",
					"\"Fit Kannadiga/Plugins/cordova-plugin-firebase\"",
				);
			};
			name = Debug;
		};
		1D6058950D05DD3E006BFB54 /* Release */ = {
			isa = XCBuildConfiguration;
			baseConfigurationReference = 3047A5101AB8059700498E2A /* build-release.xcconfig */;
			buildSettings = {
				ALWAYS_SEARCH_USER_PATHS = NO;
				ASSETCATALOG_COMPILER_APPICON_NAME = AppIcon;
				ASSETCATALOG_COMPILER_LAUNCHIMAGE_NAME = LaunchImage;
				CLANG_ENABLE_MODULES = YES;
				CLANG_ENABLE_OBJC_ARC = YES;
				COPY_PHASE_STRIP = YES;
				GCC_PRECOMPILE_PREFIX_HEADER = YES;
				GCC_PREFIX_HEADER = "Fit Kannadiga/Fit Kannadiga-Prefix.pch";
				GCC_THUMB_SUPPORT = NO;
				GCC_VERSION = "";
				INFOPLIST_FILE = "Fit Kannadiga/Fit Kannadiga-Info.plist";
				IPHONEOS_DEPLOYMENT_TARGET = 11.0;
				LD_RUNPATH_SEARCH_PATHS = "@executable_path/Frameworks";
				TARGETED_DEVICE_FAMILY = "1,2";
				PRODUCT_NAME = "Fit Kannadiga";
				FRAMEWORK_SEARCH_PATHS = (
					"$(inherited)",
					"\"Fit Kannadiga/Plugins/cordova-plugin-firebase\"",
					"\"Fit Kannadiga/Plugins/cordova-plugin-firebase\"",
					"\"Fit Kannadiga/Plugins/cordova-plugin-firebase\"",
					"\"Fit Kannadiga/Plugins/cordova-plugin-firebase\"",
					"\"Fit Kannadiga/Plugins/cordova-plugin-firebase\"",
					"\"Fit Kannadiga/Plugins/cordova-plugin-firebase\"",
					"\"Fit Kannadiga/Plugins/cordova-plugin-firebase\"",
					"\"Fit Kannadiga/Plugins/cordova-plugin-firebase\"",
					"\"Fit Kannadiga/Plugins/cordova-plugin-firebase\"",
					"\"Fit Kannadiga/Plugins/cordova-plugin-firebase\"",
					"\"Fit Kannadiga/Plugins/cordova-plugin-firebase\"",
					"\"Fit Kannadiga/Plugins/cordova-plugin-firebase\"",
					"\"Fit Kannadiga/Plugins/cordova-plugin-firebase\"",
					"\"Fit Kannadiga/Plugins/cordova-plugin-firebase\"",
					"\"Fit Kannadiga/Plugins/cordova-plugin-firebase\"",
					"\"Fit Kannadiga/Plugins/cordova-plugin-firebase\"",
					"\"Fit Kannadiga/Plugins/cordova-plugin-firebase\"",
					"\"Fit Kannadiga/Plugins/cordova-plugin-firebase\"",
				);
			};
			name = Release;
		};
		C01FCF4F08A954540054247B /* Debug */ = {
			isa = XCBuildConfiguration;
			baseConfigurationReference = 3047A5111AB8059700498E2A /* build.xcconfig */;
			buildSettings = {
				CLANG_ENABLE_MODULES = YES;
				CLANG_ENABLE_OBJC_ARC = YES;
				CLANG_WARN_BOOL_CONVERSION = YES;
				CLANG_WARN_CONSTANT_CONVERSION = YES;
				CLANG_WARN_EMPTY_BODY = YES;
				CLANG_WARN_ENUM_CONVERSION = YES;
				CLANG_WARN_INT_CONVERSION = YES;
				CLANG_WARN__DUPLICATE_METHOD_MATCH = YES;
				GCC_C_LANGUAGE_STANDARD = c99;
				GCC_THUMB_SUPPORT = NO;
				GCC_VERSION = "";
				GCC_WARN_ABOUT_RETURN_TYPE = YES;
				GCC_WARN_UNDECLARED_SELECTOR = YES;
				GCC_WARN_UNINITIALIZED_AUTOS = YES;
				GCC_WARN_UNUSED_FUNCTION = YES;
				GCC_WARN_UNUSED_VARIABLE = YES;
				ONLY_ACTIVE_ARCH = YES;
				SDKROOT = iphoneos;
				SKIP_INSTALL = NO;
				IPHONEOS_DEPLOYMENT_TARGET = 11.0;
			};
			name = Debug;
		};
		C01FCF5008A954540054247B /* Release */ = {
			isa = XCBuildConfiguration;
			baseConfigurationReference = 3047A5111AB8059700498E2A /* build.xcconfig */;
			buildSettings = {
				CLANG_ENABLE_MODULES = YES;
				CLANG_ENABLE_OBJC_ARC = YES;
				CLANG_WARN_BOOL_CONVERSION = YES;
				CLANG_WARN_CONSTANT_CONVERSION = YES;
				CLANG_WARN_EMPTY_BODY = YES;
				CLANG_WARN_ENUM_CONVERSION = YES;
				CLANG_WARN_INT_CONVERSION = YES;
				CLANG_WARN__DUPLICATE_METHOD_MATCH = YES;
				GCC_C_LANGUAGE_STANDARD = c99;
				GCC_THUMB_SUPPORT = NO;
				GCC_VERSION = "";
				GCC_WARN_ABOUT_RETURN_TYPE = YES;
				GCC_WARN_UNDECLARED_SELECTOR = YES;
				GCC_WARN_UNINITIALIZED_AUTOS = YES;
				GCC_WARN_UNUSED_FUNCTION = YES;
				GCC_WARN_UNUSED_VARIABLE = YES;
				SDKROOT = iphoneos;
				SKIP_INSTALL = NO;
				IPHONEOS_DEPLOYMENT_TARGET = 11.0;
			};
			name = Release;
		};
/* End XCBuildConfiguration section */

/* Begin XCConfigurationList section */
		1D6058960D05DD3E006BFB54 /* Build configuration list for PBXNativeTarget "Fit Kannadiga" */ = {
			isa = XCConfigurationList;
			buildConfigurations = (
				1D6058940D05DD3E006BFB54 /* Debug */,
				1D6058950D05DD3E006BFB54 /* Release */,
			);
			defaultConfigurationIsVisible = 0;
			defaultConfigurationName = Release;
		};
		C01FCF4E08A954540054247B /* Build configuration list for PBXProject "__NON-CLI__" */ = {
			isa = XCConfigurationList;
			buildConfigurations = (
				C01FCF4F08A954540054247B /* Debug */,
				C01FCF5008A954540054247B /* Release */,
			);
			defaultConfigurationIsVisible = 0;
			defaultConfigurationName = Release;
		};
/* End XCConfigurationList section */
	};
	rootObject = 29B97313FDCFA39411CA2CEA /* Project object */;
}
